{
  "version": 4,
  "terraform_version": "1.15.2",
  "serial": 640,
  "lineage": "2a98549d-2369-e4c9-327f-f760011c1412",
  "outputs": {},
  "resources": [
    {
      "mode": "managed",
      "type": "github_branch_protection",
      "name": "branch_protection",
      "provider": "provider[\"registry.terraform.io/integrations/github\"]",
      "instances": [
        {
          "index_key": "advent-of-code-2020",
          "schema_version": 2,
          "attributes": {
            "allows_deletions": false,
            "allows_force_pushes": false,
            "enforce_admins": true,
            "force_push_bypassers": [],
            "id": "MDIwOkJyYW5jaFByb3RlY3Rpb25SdWxlMTg1MDY3MzQ=",
            "lock_branch": false,
            "pattern": "master",
            "repository_id": "MDEwOlJlcG9zaXRvcnkzMTgzMjk2MDk=",
            "require_conversation_resolution": false,
            "require_signed_commits": false,
            "required_linear_history": false,
            "required_pull_request_reviews": [
              {
                "dismiss_stale_reviews": false,
                "dismissal_restrictions": [],
                "pull_request_bypassers": [],
                "require_code_owner_reviews": false,
                "require_last_push_approval": false,
                "required_approving_review_count": 0,
                "restrict_dismissals": false
              }
            ],
            "required_status_checks": [
              {
                "contexts": [
                  "codecov/project",
                  "test"
                ],
                "strict": true
              }
            ],
            "restrict_pushes": []
          },
          "sensitive_attributes": [],
          "identity_schema_version": 0,
          "private": "eyJzY2hlbWFfdmVyc2lvbiI6IjIifQ==",
          "dependencies": [
            "github_repository.repository"
          ]
        },
        {
          "index_key": "advent-of-code-2022",
          "schema_version": 2,
          "attributes": {
            "allows_deletions": false,
            "allows_force_pushes": false,
            "enforce_admins": true,
            "force_push_bypassers": [],
            "id": "BPR_kwDOIdeKhs4B4eLQ",
            "lock_branch": false,
            "pattern": "master",
            "repository_id": "R_kgDOIdeKhg",
            "require_conversation_resolution": false,
            "require_signed_commits": false,
            "required_linear_history": false,
            "required_pull_request_reviews": [
              {
                "dismiss_stale_reviews": false,
                "dismissal_restrictions": [],
                "pull_request_bypassers": [],
                "require_code_owner_reviews": false,
                "require_last_push_approval": false,
                "required_approving_review_count": 0,
                "restrict_dismissals": false
              }
            ],
            "required_status_checks": [
              {
                "contexts": [
                  "codecov/project",
                  "test"
                ],
                "strict": true
              }
            ],
            "restrict_pushes": []
          },
          "sensitive_attributes": [],
          "identity_schema_version": 0,
          "private": "eyJzY2hlbWFfdmVyc2lvbiI6IjIifQ==",
          "dependencies": [
            "github_repository.repository"
          ]
        },
        {
          "index_key": "apache-age-experiment",
          "schema_version": 2,
          "attributes": {
            "allows_deletions": false,
            "allows_force_pushes": false,
            "enforce_admins": true,
            "force_push_bypassers": [],
            "id": "BPR_kwDORyaoNs4EevAr",
            "lock_branch": false,
            "pattern": "master",
            "repository_id": "R_kgDORyaoNg",
            "require_conversation_resolution": false,
            "require_signed_commits": false,
            "required_linear_history": false,
            "required_pull_request_reviews": [
              {
                "dismiss_stale_reviews": false,
                "dismissal_restrictions": [],
                "pull_request_bypassers": [],
                "require_code_owner_reviews": false,
                "require_last_push_approval": false,
                "required_approving_review_count": 0,
                "restrict_dismissals": false
              }
            ],
            "required_status_checks": [
              {
                "contexts": [],
                "strict": true
              }
            ],
            "restrict_pushes": []
          },
          "sensitive_attributes": [],
          "identity_schema_version": 0,
          "private": "eyJzY2hlbWFfdmVyc2lvbiI6IjIifQ==",
          "dependencies": [
            "github_repository.repository"
          ]
        },
        {
          "index_key": "brk-api-experiment",
          "schema_version": 2,
          "attributes": {
            "allows_deletions": false,
            "allows_force_pushes": false,
            "enforce_admins": true,
            "force_push_bypassers": [],
            "id": "BPR_kwDOR4n9Xs4Ee2Oi",
            "lock_branch": false,
            "pattern": "master",
            "repository_id": "R_kgDOR4n9Xg",
            "require_conversation_resolution": false,
            "require_signed_commits": false,
            "required_linear_history": false,
            "required_pull_request_reviews": [
              {
                "dismiss_stale_reviews": false,
                "dismissal_restrictions": [],
                "pull_request_bypassers": [],
                "require_code_owner_reviews": false,
                "require_last_push_approval": false,
                "required_approving_review_count": 0,
                "restrict_dismissals": false
              }
            ],
            "required_status_checks": [
              {
                "contexts": [],
                "strict": true
              }
            ],
            "restrict_pushes": []
          },
          "sensitive_attributes": [],
          "identity_schema_version": 0,
          "private": "eyJzY2hlbWFfdmVyc2lvbiI6IjIifQ==",
          "dependencies": [
            "github_repository.repository"
          ]
        },
        {
          "index_key": "cahuella-lightdm-theme",
          "schema_version": 2,
          "attributes": {
            "allows_deletions": false,
            "allows_force_pushes": false,
            "enforce_admins": true,
            "force_push_bypassers": [],
            "id": "MDIwOkJyYW5jaFByb3RlY3Rpb25SdWxlMTg4NDk5NTg=",
            "lock_branch": false,
            "pattern": "master",
            "repository_id": "MDEwOlJlcG9zaXRvcnkzMjY3MTEwMzc=",
            "require_conversation_resolution": false,
            "require_signed_commits": false,
            "required_linear_history": false,
            "required_pull_request_reviews": [
              {
                "dismiss_stale_reviews": false,
                "dismissal_restrictions": [],
                "pull_request_bypassers": [],
                "require_code_owner_reviews": false,
                "require_last_push_approval": false,
                "required_approving_review_count": 0,
                "restrict_dismissals": false
              }
            ],
            "required_status_checks": [
              {
                "contexts": [],
                "strict": true
              }
            ],
            "restrict_pushes": []
          },
          "sensitive_attributes": [],
          "identity_schema_version": 0,
          "private": "eyJzY2hlbWFfdmVyc2lvbiI6IjIifQ==",
          "dependencies": [
            "github_repository.repository"
          ]
        },
        {
          "index_key": "clojure-basics",
          "schema_version": 2,
          "attributes": {
            "allows_deletions": false,
            "allows_force_pushes": false,
            "enforce_admins": true,
            "force_push_bypassers": [],
            "id": "MDIwOkJyYW5jaFByb3RlY3Rpb25SdWxlMTUxMzQ2NTg=",
            "lock_branch": false,
            "pattern": "master",
            "repository_id": "MDEwOlJlcG9zaXRvcnkyNDkyOTIxODA=",
            "require_conversation_resolution": false,
            "require_signed_commits": false,
            "required_linear_history": false,
            "required_pull_request_reviews": [
              {
                "dismiss_stale_reviews": false,
                "dismissal_restrictions": [],
                "pull_request_bypassers": [],
                "require_code_owner_reviews": false,
                "require_last_push_approval": false,
                "required_approving_review_count": 0,
                "restrict_dismissals": false
              }
            ],
            "required_status_checks": [
              {
                "contexts": [
                  "test"
                ],
                "strict": true
              }
            ],
            "restrict_pushes": []
          },
          "sensitive_attributes": [],
          "identity_schema_version": 0,
          "private": "eyJzY2hlbWFfdmVyc2lvbiI6IjIifQ==",
          "dependencies": [
            "github_repository.repository"
          ]
        },
        {
          "index_key": "cloudflare-ddns-worker",
          "schema_version": 2,
          "attributes": {
            "allows_deletions": false,
            "allows_force_pushes": false,
            "enforce_admins": true,
            "force_push_bypassers": [],
            "id": "BPR_kwDOMgK-Ps4DKYoh",
            "lock_branch": false,
            "pattern": "master",
            "repository_id": "R_kgDOMgK-Pg",
            "require_conversation_resolution": false,
            "require_signed_commits": false,
            "required_linear_history": false,
            "required_pull_request_reviews": [
              {
                "dismiss_stale_reviews": false,
                "dismissal_restrictions": [],
                "pull_request_bypassers": [],
                "require_code_owner_reviews": false,
                "require_last_push_approval": false,
                "required_approving_review_count": 0,
                "restrict_dismissals": false
              }
            ],
            "required_status_checks": [
              {
                "contexts": [],
                "strict": true
              }
            ],
            "restrict_pushes": []
          },
          "sensitive_attributes": [],
          "identity_schema_version": 0,
          "private": "eyJzY2hlbWFfdmVyc2lvbiI6IjIifQ==",
          "dependencies": [
            "github_repository.repository"
          ]
        },
        {
          "index_key": "config",
          "schema_version": 2,
          "attributes": {
            "allows_deletions": false,
            "allows_force_pushes": false,
            "enforce_admins": true,
            "force_push_bypassers": [],
            "id": "MDIwOkJyYW5jaFByb3RlY3Rpb25SdWxlMTUxMzQzNDI=",
            "lock_branch": false,
            "pattern": "master",
            "repository_id": "MDEwOlJlcG9zaXRvcnkyNDkyODMyNjU=",
            "require_conversation_resolution": false,
            "require_signed_commits": false,
            "required_linear_history": false,
            "required_pull_request_reviews": [
              {
                "dismiss_stale_reviews": false,
                "dismissal_restrictions": [],
                "pull_request_bypassers": [],
                "require_code_owner_reviews": false,
                "require_last_push_approval": false,
                "required_approving_review_count": 0,
                "restrict_dismissals": false
              }
            ],
            "required_status_checks": [
              {
                "contexts": [],
                "strict": true
              }
            ],
            "restrict_pushes": []
          },
          "sensitive_attributes": [],
          "identity_schema_version": 0,
          "private": "eyJzY2hlbWFfdmVyc2lvbiI6IjIifQ==",
          "dependencies": [
            "github_repository.repository"
          ]
        },
        {
          "index_key": "corinapatings.nl",
          "schema_version": 2,
          "attributes": {
            "allows_deletions": false,
            "allows_force_pushes": false,
            "enforce_admins": true,
            "force_push_bypassers": [],
            "id": "MDIwOkJyYW5jaFByb3RlY3Rpb25SdWxlNjIwOTI3Nw==",
            "lock_branch": false,
            "pattern": "master",
            "repository_id": "MDEwOlJlcG9zaXRvcnkyMDM1NzU1MTA=",
            "require_conversation_resolution": false,
            "require_signed_commits": false,
            "required_linear_history": false,
            "required_pull_request_reviews": [
              {
                "dismiss_stale_reviews": false,
                "dismissal_restrictions": [],
                "pull_request_bypassers": [],
                "require_code_owner_reviews": false,
                "require_last_push_approval": false,
                "required_approving_review_count": 0,
                "restrict_dismissals": false
              }
            ],
            "required_status_checks": [
              {
                "contexts": [],
                "strict": true
              }
            ],
            "restrict_pushes": []
          },
          "sensitive_attributes": [],
          "identity_schema_version": 0,
          "private": "eyJzY2hlbWFfdmVyc2lvbiI6IjIifQ==",
          "dependencies": [
            "github_repository.repository"
          ]
        },
        {
          "index_key": "covid-19-data-visualizer",
          "schema_version": 2,
          "attributes": {
            "allows_deletions": false,
            "allows_force_pushes": false,
            "enforce_admins": true,
            "force_push_bypassers": [],
            "id": "MDIwOkJyYW5jaFByb3RlY3Rpb25SdWxlMTc4OTYyODk=",
            "lock_branch": false,
            "pattern": "master",
            "repository_id": "MDEwOlJlcG9zaXRvcnkzMDM1MjY1Mjc=",
            "require_conversation_resolution": false,
            "require_signed_commits": false,
            "required_linear_history": false,
            "required_pull_request_reviews": [
              {
                "dismiss_stale_reviews": false,
                "dismissal_restrictions": [],
                "pull_request_bypassers": [],
                "require_code_owner_reviews": false,
                "require_last_push_approval": false,
                "required_approving_review_count": 0,
                "restrict_dismissals": false
              }
            ],
            "required_status_checks": [
              {
                "contexts": [
                  "codecov/project",
                  "test"
                ],
                "strict": true
              }
            ],
            "restrict_pushes": []
          },
          "sensitive_attributes": [],
          "identity_schema_version": 0,
          "private": "eyJzY2hlbWFfdmVyc2lvbiI6IjIifQ==",
          "dependencies": [
            "github_repository.repository"
          ]
        },
        {
          "index_key": "email-signature",
          "schema_version": 2,
          "attributes": {
            "allows_deletions": false,
            "allows_force_pushes": false,
            "enforce_admins": true,
            "force_push_bypassers": [],
            "id": "BPR_kwDOHh1APs4BlNub",
            "lock_branch": false,
            "pattern": "master",
            "repository_id": "R_kgDOHh1APg",
            "require_conversation_resolution": false,
            "require_signed_commits": false,
            "required_linear_history": false,
            "required_pull_request_reviews": [
              {
                "dismiss_stale_reviews": false,
                "dismissal_restrictions": [],
                "pull_request_bypassers": [],
                "require_code_owner_reviews": false,
                "require_last_push_approval": false,
                "required_approving_review_count": 0,
                "restrict_dismissals": false
              }
            ],
            "required_status_checks": [
              {
                "contexts": [],
                "strict": true
              }
            ],
            "restrict_pushes": []
          },
          "sensitive_attributes": [],
          "identity_schema_version": 0,
          "private": "eyJzY2hlbWFfdmVyc2lvbiI6IjIifQ==",
          "dependencies": [
            "github_repository.repository"
          ]
        },
        {
          "index_key": "gatsby-site-template",
          "schema_version": 2,
          "attributes": {
            "allows_deletions": false,
            "allows_force_pushes": false,
            "enforce_admins": true,
            "force_push_bypassers": [],
            "id": "MDIwOkJyYW5jaFByb3RlY3Rpb25SdWxlMTgwMzc3MTA=",
            "lock_branch": false,
            "pattern": "master",
            "repository_id": "MDEwOlJlcG9zaXRvcnkzMDY2Mzk0Mzc=",
            "require_conversation_resolution": false,
            "require_signed_commits": false,
            "required_linear_history": false,
            "required_pull_request_reviews": [
              {
                "dismiss_stale_reviews": false,
                "dismissal_restrictions": [],
                "pull_request_bypassers": [],
                "require_code_owner_reviews": false,
                "require_last_push_approval": false,
                "required_approving_review_count": 0,
                "restrict_dismissals": false
              }
            ],
            "required_status_checks": [
              {
                "contexts": [
                  "codecov/project",
                  "test"
                ],
                "strict": true
              }
            ],
            "restrict_pushes": []
          },
          "sensitive_attributes": [],
          "identity_schema_version": 0,
          "private": "eyJzY2hlbWFfdmVyc2lvbiI6IjIifQ==",
          "dependencies": [
            "github_repository.repository"
          ]
        },
        {
          "index_key": "github-actions-experiment",
          "schema_version": 2,
          "attributes": {
            "allows_deletions": false,
            "allows_force_pushes": false,
            "enforce_admins": true,
            "force_push_bypassers": [],
            "id": "BPR_kwDOQtcPgc4EkOni",
            "lock_branch": false,
            "pattern": "master",
            "repository_id": "R_kgDOQtcPgQ",
            "require_conversation_resolution": false,
            "require_signed_commits": false,
            "required_linear_history": false,
            "required_pull_request_reviews": [
              {
                "dismiss_stale_reviews": false,
                "dismissal_restrictions": [],
                "pull_request_bypassers": [],
                "require_code_owner_reviews": false,
                "require_last_push_approval": false,
                "required_approving_review_count": 0,
                "restrict_dismissals": false
              }
            ],
            "required_status_checks": [
              {
                "contexts": [],
                "strict": true
              }
            ],
            "restrict_pushes": []
          },
          "sensitive_attributes": [],
          "identity_schema_version": 0,
          "private": "eyJzY2hlbWFfdmVyc2lvbiI6IjIifQ==",
          "dependencies": [
            "github_repository.repository"
          ]
        },
        {
          "index_key": "github-settings-as-code",
          "schema_version": 2,
          "attributes": {
            "allows_deletions": false,
            "allows_force_pushes": false,
            "enforce_admins": true,
            "force_push_bypassers": [],
            "id": "BPR_kwDOSWk9lc4EkRi3",
            "lock_branch": false,
            "pattern": "master",
            "repository_id": "R_kgDOSWk9lQ",
            "require_conversation_resolution": false,
            "require_signed_commits": false,
            "required_linear_history": false,
            "required_pull_request_reviews": [
              {
                "dismiss_stale_reviews": false,
                "dismissal_restrictions": [],
                "pull_request_bypassers": [],
                "require_code_owner_reviews": false,
                "require_last_push_approval": false,
                "required_approving_review_count": 0,
                "restrict_dismissals": false
              }
            ],
            "required_status_checks": [
              {
                "contexts": [],
                "strict": true
              }
            ],
            "restrict_pushes": []
          },
          "sensitive_attributes": [],
          "identity_schema_version": 0,
          "private": "eyJzY2hlbWFfdmVyc2lvbiI6IjIifQ==",
          "dependencies": [
            "github_repository.repository"
          ]
        },
        {
          "index_key": "gnome-gtklock-theme",
          "schema_version": 2,
          "attributes": {
            "allows_deletions": false,
            "allows_force_pushes": false,
            "enforce_admins": true,
            "force_push_bypassers": [],
            "id": "BPR_kwDOQW-wIs4EKUX-",
            "lock_branch": false,
            "pattern": "master",
            "repository_id": "R_kgDOQW-wIg",
            "require_conversation_resolution": false,
            "require_signed_commits": false,
            "required_linear_history": false,
            "required_pull_request_reviews": [
              {
                "dismiss_stale_reviews": false,
                "dismissal_restrictions": [],
                "pull_request_bypassers": [],
                "require_code_owner_reviews": false,
                "require_last_push_approval": false,
                "required_approving_review_count": 0,
                "restrict_dismissals": false
              }
            ],
            "required_status_checks": [
              {
                "contexts": [],
                "strict": true
              }
            ],
            "restrict_pushes": []
          },
          "sensitive_attributes": [],
          "identity_schema_version": 0,
          "private": "eyJzY2hlbWFfdmVyc2lvbiI6IjIifQ==",
          "dependencies": [
            "github_repository.repository"
          ]
        },
        {
          "index_key": "google-foobar",
          "schema_version": 2,
          "attributes": {
            "allows_deletions": false,
            "allows_force_pushes": false,
            "enforce_admins": true,
            "force_push_bypassers": [],
            "id": "BPR_kwDOIzG6lM4B_MMf",
            "lock_branch": false,
            "pattern": "master",
            "repository_id": "R_kgDOIzG6lA",
            "require_conversation_resolution": false,
            "require_signed_commits": false,
            "required_linear_history": false,
            "required_pull_request_reviews": [
              {
                "dismiss_stale_reviews": false,
                "dismissal_restrictions": [],
                "pull_request_bypassers": [],
                "require_code_owner_reviews": false,
                "require_last_push_approval": false,
                "required_approving_review_count": 0,
                "restrict_dismissals": false
              }
            ],
            "required_status_checks": [
              {
                "contexts": [],
                "strict": true
              }
            ],
            "restrict_pushes": []
          },
          "sensitive_attributes": [],
          "identity_schema_version": 0,
          "private": "eyJzY2hlbWFfdmVyc2lvbiI6IjIifQ==",
          "dependencies": [
            "github_repository.repository"
          ]
        },
        {
          "index_key": "homelab",
          "schema_version": 2,
          "attributes": {
            "allows_deletions": false,
            "allows_force_pushes": false,
            "enforce_admins": true,
            "force_push_bypassers": [],
            "id": "MDIwOkJyYW5jaFByb3RlY3Rpb25SdWxlMTUxMjQyNDU=",
            "lock_branch": false,
            "pattern": "master",
            "repository_id": "MDEwOlJlcG9zaXRvcnkyNDg5ODUyMjA=",
            "require_conversation_resolution": false,
            "require_signed_commits": false,
            "required_linear_history": false,
            "required_pull_request_reviews": [
              {
                "dismiss_stale_reviews": false,
                "dismissal_restrictions": [],
                "pull_request_bypassers": [],
                "require_code_owner_reviews": false,
                "require_last_push_approval": false,
                "required_approving_review_count": 0,
                "restrict_dismissals": false
              }
            ],
            "required_status_checks": [
              {
                "contexts": [
                  "test"
                ],
                "strict": true
              }
            ],
            "restrict_pushes": []
          },
          "sensitive_attributes": [],
          "identity_schema_version": 0,
          "private": "eyJzY2hlbWFfdmVyc2lvbiI6IjIifQ==",
          "dependencies": [
            "github_repository.repository"
          ]
        },
        {
          "index_key": "kvk-data-service-experiment",
          "schema_version": 2,
          "attributes": {
            "allows_deletions": false,
            "allows_force_pushes": false,
            "enforce_admins": true,
            "force_push_bypassers": [],
            "id": "BPR_kwDOR3GTHM4Ee2b3",
            "lock_branch": false,
            "pattern": "master",
            "repository_id": "R_kgDOR3GTHA",
            "require_conversation_resolution": false,
            "require_signed_commits": false,
            "required_linear_history": false,
            "required_pull_request_reviews": [
              {
                "dismiss_stale_reviews": false,
                "dismissal_restrictions": [],
                "pull_request_bypassers": [],
                "require_code_owner_reviews": false,
                "require_last_push_approval": false,
                "required_approving_review_count": 0,
                "restrict_dismissals": false
              }
            ],
            "required_status_checks": [
              {
                "contexts": [],
                "strict": true
              }
            ],
            "restrict_pushes": []
          },
          "sensitive_attributes": [],
          "identity_schema_version": 0,
          "private": "eyJzY2hlbWFfdmVyc2lvbiI6IjIifQ==",
          "dependencies": [
            "github_repository.repository"
          ]
        },
        {
          "index_key": "latex-journal-template",
          "schema_version": 2,
          "attributes": {
            "allows_deletions": false,
            "allows_force_pushes": false,
            "enforce_admins": true,
            "force_push_bypassers": [],
            "id": "BPR_kwDOG1aDqM4BcixJ",
            "lock_branch": false,
            "pattern": "master",
            "repository_id": "R_kgDOG1aDqA",
            "require_conversation_resolution": false,
            "require_signed_commits": false,
            "required_linear_history": false,
            "required_pull_request_reviews": [
              {
                "dismiss_stale_reviews": false,
                "dismissal_restrictions": [],
                "pull_request_bypassers": [],
                "require_code_owner_reviews": false,
                "require_last_push_approval": false,
                "required_approving_review_count": 0,
                "restrict_dismissals": false
              }
            ],
            "required_status_checks": [
              {
                "contexts": [
                  "test"
                ],
                "strict": true
              }
            ],
            "restrict_pushes": []
          },
          "sensitive_attributes": [],
          "identity_schema_version": 0,
          "private": "eyJzY2hlbWFfdmVyc2lvbiI6IjIifQ==",
          "dependencies": [
            "github_repository.repository"
          ]
        },
        {
          "index_key": "latex-report-template",
          "schema_version": 2,
          "attributes": {
            "allows_deletions": false,
            "allows_force_pushes": false,
            "enforce_admins": true,
            "force_push_bypassers": [],
            "id": "BPR_kwDOG1aQms4BcizV",
            "lock_branch": false,
            "pattern": "master",
            "repository_id": "R_kgDOG1aQmg",
            "require_conversation_resolution": false,
            "require_signed_commits": false,
            "required_linear_history": false,
            "required_pull_request_reviews": [
              {
                "dismiss_stale_reviews": false,
                "dismissal_restrictions": [],
                "pull_request_bypassers": [],
                "require_code_owner_reviews": false,
                "require_last_push_approval": false,
                "required_approving_review_count": 0,
                "restrict_dismissals": false
              }
            ],
            "required_status_checks": [
              {
                "contexts": [
                  "test"
                ],
                "strict": true
              }
            ],
            "restrict_pushes": []
          },
          "sensitive_attributes": [],
          "identity_schema_version": 0,
          "private": "eyJzY2hlbWFfdmVyc2lvbiI6IjIifQ==",
          "dependencies": [
            "github_repository.repository"
          ]
        },
        {
          "index_key": "latex-thesis-template",
          "schema_version": 2,
          "attributes": {
            "allows_deletions": false,
            "allows_force_pushes": false,
            "enforce_admins": true,
            "force_push_bypassers": [],
            "id": "BPR_kwDOJuVZ284CSX47",
            "lock_branch": false,
            "pattern": "master",
            "repository_id": "R_kgDOJuVZ2w",
            "require_conversation_resolution": false,
            "require_signed_commits": false,
            "required_linear_history": false,
            "required_pull_request_reviews": [
              {
                "dismiss_stale_reviews": false,
                "dismissal_restrictions": [],
                "pull_request_bypassers": [],
                "require_code_owner_reviews": false,
                "require_last_push_approval": false,
                "required_approving_review_count": 0,
                "restrict_dismissals": false
              }
            ],
            "required_status_checks": [
              {
                "contexts": [
                  "test"
                ],
                "strict": true
              }
            ],
            "restrict_pushes": []
          },
          "sensitive_attributes": [],
          "identity_schema_version": 0,
          "private": "eyJzY2hlbWFfdmVyc2lvbiI6IjIifQ==",
          "dependencies": [
            "github_repository.repository"
          ]
        },
        {
          "index_key": "minimal-grub-theme",
          "schema_version": 2,
          "attributes": {
            "allows_deletions": false,
            "allows_force_pushes": false,
            "enforce_admins": true,
            "force_push_bypassers": [],
            "id": "MDIwOkJyYW5jaFByb3RlY3Rpb25SdWxlMTg3OTA1MTQ=",
            "lock_branch": false,
            "pattern": "master",
            "repository_id": "MDEwOlJlcG9zaXRvcnkzMjUyNzg3MzU=",
            "require_conversation_resolution": false,
            "require_signed_commits": false,
            "required_linear_history": false,
            "required_pull_request_reviews": [
              {
                "dismiss_stale_reviews": false,
                "dismissal_restrictions": [],
                "pull_request_bypassers": [],
                "require_code_owner_reviews": false,
                "require_last_push_approval": false,
                "required_approving_review_count": 0,
                "restrict_dismissals": false
              }
            ],
            "required_status_checks": [
              {
                "contexts": [],
                "strict": true
              }
            ],
            "restrict_pushes": []
          },
          "sensitive_attributes": [],
          "identity_schema_version": 0,
          "private": "eyJzY2hlbWFfdmVyc2lvbiI6IjIifQ==",
          "dependencies": [
            "github_repository.repository"
          ]
        },
        {
          "index_key": "minimal-plymouth-theme",
          "schema_version": 2,
          "attributes": {
            "allows_deletions": false,
            "allows_force_pushes": false,
            "enforce_admins": true,
            "force_push_bypassers": [],
            "id": "BPR_kwDOQW-vq84EKUQn",
            "lock_branch": false,
            "pattern": "master",
            "repository_id": "R_kgDOQW-vqw",
            "require_conversation_resolution": false,
            "require_signed_commits": false,
            "required_linear_history": false,
            "required_pull_request_reviews": [
              {
                "dismiss_stale_reviews": false,
                "dismissal_restrictions": [],
                "pull_request_bypassers": [],
                "require_code_owner_reviews": false,
                "require_last_push_approval": false,
                "required_approving_review_count": 0,
                "restrict_dismissals": false
              }
            ],
            "required_status_checks": [
              {
                "contexts": [],
                "strict": true
              }
            ],
            "restrict_pushes": []
          },
          "sensitive_attributes": [],
          "identity_schema_version": 0,
          "private": "eyJzY2hlbWFfdmVyc2lvbiI6IjIifQ==",
          "dependencies": [
            "github_repository.repository"
          ]
        },
        {
          "index_key": "parcel-site-template",
          "schema_version": 2,
          "attributes": {
            "allows_deletions": false,
            "allows_force_pushes": false,
            "enforce_admins": true,
            "force_push_bypassers": [],
            "id": "BPR_kwDOGsc8Gc4Ba8t1",
            "lock_branch": false,
            "pattern": "master",
            "repository_id": "R_kgDOGsc8GQ",
            "require_conversation_resolution": false,
            "require_signed_commits": false,
            "required_linear_history": false,
            "required_pull_request_reviews": [
              {
                "dismiss_stale_reviews": false,
                "dismissal_restrictions": [],
                "pull_request_bypassers": [],
                "require_code_owner_reviews": false,
                "require_last_push_approval": false,
                "required_approving_review_count": 0,
                "restrict_dismissals": false
              }
            ],
            "required_status_checks": [
              {
                "contexts": [
                  "test"
                ],
                "strict": true
              }
            ],
            "restrict_pushes": []
          },
          "sensitive_attributes": [],
          "identity_schema_version": 0,
          "private": "eyJzY2hlbWFfdmVyc2lvbiI6IjIifQ==",
          "dependencies": [
            "github_repository.repository"
          ]
        },
        {
          "index_key": "playlist-exporter",
          "schema_version": 2,
          "attributes": {
            "allows_deletions": false,
            "allows_force_pushes": false,
            "enforce_admins": true,
            "force_push_bypassers": [],
            "id": "BPR_kwDOMNNz3s4DKY5V",
            "lock_branch": false,
            "pattern": "master",
            "repository_id": "R_kgDOMNNz3g",
            "require_conversation_resolution": false,
            "require_signed_commits": false,
            "required_linear_history": false,
            "required_pull_request_reviews": [
              {
                "dismiss_stale_reviews": false,
                "dismissal_restrictions": [],
                "pull_request_bypassers": [],
                "require_code_owner_reviews": false,
                "require_last_push_approval": false,
                "required_approving_review_count": 0,
                "restrict_dismissals": false
              }
            ],
            "required_status_checks": [
              {
                "contexts": [],
                "strict": true
              }
            ],
            "restrict_pushes": []
          },
          "sensitive_attributes": [],
          "identity_schema_version": 0,
          "private": "eyJzY2hlbWFfdmVyc2lvbiI6IjIifQ==",
          "dependencies": [
            "github_repository.repository"
          ]
        },
        {
          "index_key": "raspberry-pi-images",
          "schema_version": 2,
          "attributes": {
            "allows_deletions": false,
            "allows_force_pushes": false,
            "enforce_admins": true,
            "force_push_bypassers": [],
            "id": "BPR_kwDOIu8iZ84B9trd",
            "lock_branch": false,
            "pattern": "master",
            "repository_id": "R_kgDOIu8iZw",
            "require_conversation_resolution": false,
            "require_signed_commits": false,
            "required_linear_history": false,
            "required_pull_request_reviews": [
              {
                "dismiss_stale_reviews": false,
                "dismissal_restrictions": [],
                "pull_request_bypassers": [],
                "require_code_owner_reviews": false,
                "require_last_push_approval": false,
                "required_approving_review_count": 0,
                "restrict_dismissals": false
              }
            ],
            "required_status_checks": [
              {
                "contexts": [
                  "list",
                  "test (templates/debian-raspi-base.pkr.hcl)",
                  "test (templates/debian-raspi-docker.pkr.hcl)",
                  "test (templates/debian-raspi-livecam.pkr.hcl)"
                ],
                "strict": true
              }
            ],
            "restrict_pushes": []
          },
          "sensitive_attributes": [],
          "identity_schema_version": 0,
          "private": "eyJzY2hlbWFfdmVyc2lvbiI6IjIifQ==",
          "dependencies": [
            "github_repository.repository"
          ]
        },
        {
          "index_key": "react-app-template",
          "schema_version": 2,
          "attributes": {
            "allows_deletions": false,
            "allows_force_pushes": false,
            "enforce_admins": true,
            "force_push_bypassers": [],
            "id": "MDIwOkJyYW5jaFByb3RlY3Rpb25SdWxlMTc4OTU5NDA=",
            "lock_branch": false,
            "pattern": "master",
            "repository_id": "MDEwOlJlcG9zaXRvcnkzMDM1MjA2NDI=",
            "require_conversation_resolution": false,
            "require_signed_commits": false,
            "required_linear_history": false,
            "required_pull_request_reviews": [
              {
                "dismiss_stale_reviews": false,
                "dismissal_restrictions": [],
                "pull_request_bypassers": [],
                "require_code_owner_reviews": false,
                "require_last_push_approval": false,
                "required_approving_review_count": 0,
                "restrict_dismissals": false
              }
            ],
            "required_status_checks": [
              {
                "contexts": [
                  "codecov/project",
                  "test"
                ],
                "strict": true
              }
            ],
            "restrict_pushes": []
          },
          "sensitive_attributes": [],
          "identity_schema_version": 0,
          "private": "eyJzY2hlbWFfdmVyc2lvbiI6IjIifQ==",
          "dependencies": [
            "github_repository.repository"
          ]
        },
        {
          "index_key": "receipt-scanner",
          "schema_version": 2,
          "attributes": {
            "allows_deletions": false,
            "allows_force_pushes": false,
            "enforce_admins": true,
            "force_push_bypassers": [],
            "id": "BPR_kwDOHi8bAM4BlNU2",
            "lock_branch": false,
            "pattern": "master",
            "repository_id": "R_kgDOHi8bAA",
            "require_conversation_resolution": false,
            "require_signed_commits": false,
            "required_linear_history": false,
            "required_pull_request_reviews": [
              {
                "dismiss_stale_reviews": false,
                "dismissal_restrictions": [],
                "pull_request_bypassers": [],
                "require_code_owner_reviews": false,
                "require_last_push_approval": false,
                "required_approving_review_count": 0,
                "restrict_dismissals": false
              }
            ],
            "required_status_checks": [
              {
                "contexts": [
                  "test"
                ],
                "strict": true
              }
            ],
            "restrict_pushes": []
          },
          "sensitive_attributes": [],
          "identity_schema_version": 0,
          "private": "eyJzY2hlbWFfdmVyc2lvbiI6IjIifQ==",
          "dependencies": [
            "github_repository.repository"
          ]
        },
        {
          "index_key": "request-info",
          "schema_version": 2,
          "attributes": {
            "allows_deletions": false,
            "allows_force_pushes": false,
            "enforce_admins": true,
            "force_push_bypassers": null,
            "id": "BPR_kwDOScL-rc4ElS1Q",
            "lock_branch": false,
            "pattern": "master",
            "repository_id": "R_kgDOScL-rQ",
            "require_conversation_resolution": false,
            "require_signed_commits": false,
            "required_linear_history": false,
            "required_pull_request_reviews": [
              {
                "dismiss_stale_reviews": false,
                "dismissal_restrictions": null,
                "pull_request_bypassers": null,
                "require_code_owner_reviews": false,
                "require_last_push_approval": false,
                "required_approving_review_count": 0,
                "restrict_dismissals": false
              }
            ],
            "required_status_checks": [
              {
                "contexts": null,
                "strict": true
              }
            ],
            "restrict_pushes": []
          },
          "sensitive_attributes": [],
          "identity_schema_version": 0,
          "private": "eyJzY2hlbWFfdmVyc2lvbiI6IjIifQ==",
          "dependencies": [
            "github_repository.repository"
          ]
        },
        {
          "index_key": "rust-basics",
          "schema_version": 2,
          "attributes": {
            "allows_deletions": false,
            "allows_force_pushes": false,
            "enforce_admins": true,
            "force_push_bypassers": [],
            "id": "MDIwOkJyYW5jaFByb3RlY3Rpb25SdWxlMTUxMTk3MDA=",
            "lock_branch": false,
            "pattern": "master",
            "repository_id": "MDEwOlJlcG9zaXRvcnkyNDg4NzY5NjA=",
            "require_conversation_resolution": false,
            "require_signed_commits": false,
            "required_linear_history": false,
            "required_pull_request_reviews": [
              {
                "dismiss_stale_reviews": false,
                "dismissal_restrictions": [],
                "pull_request_bypassers": [],
                "require_code_owner_reviews": false,
                "require_last_push_approval": false,
                "required_approving_review_count": 0,
                "restrict_dismissals": false
              }
            ],
            "required_status_checks": [
              {
                "contexts": [
                  "test"
                ],
                "strict": true
              }
            ],
            "restrict_pushes": []
          },
          "sensitive_attributes": [],
          "identity_schema_version": 0,
          "private": "eyJzY2hlbWFfdmVyc2lvbiI6IjIifQ==",
          "dependencies": [
            "github_repository.repository"
          ]
        },
        {
          "index_key": "ssh-provision",
          "schema_version": 2,
          "attributes": {
            "allows_deletions": false,
            "allows_force_pushes": false,
            "enforce_admins": true,
            "force_push_bypassers": [],
            "id": "MDIwOkJyYW5jaFByb3RlY3Rpb25SdWxlMTUzMTYyNDM=",
            "lock_branch": false,
            "pattern": "master",
            "repository_id": "MDEwOlJlcG9zaXRvcnkyNTM2MzIxOTU=",
            "require_conversation_resolution": false,
            "require_signed_commits": false,
            "required_linear_history": false,
            "required_pull_request_reviews": [
              {
                "dismiss_stale_reviews": false,
                "dismissal_restrictions": [],
                "pull_request_bypassers": [],
                "require_code_owner_reviews": false,
                "require_last_push_approval": false,
                "required_approving_review_count": 0,
                "restrict_dismissals": false
              }
            ],
            "required_status_checks": [
              {
                "contexts": [
                  "codecov/project",
                  "test"
                ],
                "strict": true
              }
            ],
            "restrict_pushes": []
          },
          "sensitive_attributes": [],
          "identity_schema_version": 0,
          "private": "eyJzY2hlbWFfdmVyc2lvbiI6IjIifQ==",
          "dependencies": [
            "github_repository.repository"
          ]
        },
        {
          "index_key": "stable-diffusion-experiment",
          "schema_version": 2,
          "attributes": {
            "allows_deletions": false,
            "allows_force_pushes": false,
            "enforce_admins": true,
            "force_push_bypassers": [],
            "id": "BPR_kwDOIDcuhM4BvrvK",
            "lock_branch": false,
            "pattern": "master",
            "repository_id": "R_kgDOIDcuhA",
            "require_conversation_resolution": false,
            "require_signed_commits": false,
            "required_linear_history": false,
            "required_pull_request_reviews": [
              {
                "dismiss_stale_reviews": false,
                "dismissal_restrictions": [],
                "pull_request_bypassers": [],
                "require_code_owner_reviews": false,
                "require_last_push_approval": false,
                "required_approving_review_count": 0,
                "restrict_dismissals": false
              }
            ],
            "required_status_checks": [
              {
                "contexts": [],
                "strict": true
              }
            ],
            "restrict_pushes": []
          },
          "sensitive_attributes": [],
          "identity_schema_version": 0,
          "private": "eyJzY2hlbWFfdmVyc2lvbiI6IjIifQ==",
          "dependencies": [
            "github_repository.repository"
          ]
        },
        {
          "index_key": "tomdewildt",
          "schema_version": 2,
          "attributes": {
            "allows_deletions": false,
            "allows_force_pushes": false,
            "enforce_admins": true,
            "force_push_bypassers": [],
            "id": "BPR_kwDOHjnbm84BlaIh",
            "lock_branch": false,
            "pattern": "master",
            "repository_id": "R_kgDOHjnbmw",
            "require_conversation_resolution": false,
            "require_signed_commits": false,
            "required_linear_history": false,
            "required_pull_request_reviews": [
              {
                "dismiss_stale_reviews": false,
                "dismissal_restrictions": [],
                "pull_request_bypassers": [],
                "require_code_owner_reviews": false,
                "require_last_push_approval": false,
                "required_approving_review_count": 0,
                "restrict_dismissals": false
              }
            ],
            "required_status_checks": [
              {
                "contexts": [],
                "strict": true
              }
            ],
            "restrict_pushes": []
          },
          "sensitive_attributes": [],
          "identity_schema_version": 0,
          "private": "eyJzY2hlbWFfdmVyc2lvbiI6IjIifQ==",
          "dependencies": [
            "github_repository.repository"
          ]
        },
        {
          "index_key": "vlm-ocr-experiment",
          "schema_version": 2,
          "attributes": {
            "allows_deletions": false,
            "allows_force_pushes": false,
            "enforce_admins": true,
            "force_push_bypassers": [],
            "id": "BPR_kwDORyamhs4Ee2c4",
            "lock_branch": false,
            "pattern": "master",
            "repository_id": "R_kgDORyamhg",
            "require_conversation_resolution": false,
            "require_signed_commits": false,
            "required_linear_history": false,
            "required_pull_request_reviews": [
              {
                "dismiss_stale_reviews": false,
                "dismissal_restrictions": [],
                "pull_request_bypassers": [],
                "require_code_owner_reviews": false,
                "require_last_push_approval": false,
                "required_approving_review_count": 0,
                "restrict_dismissals": false
              }
            ],
            "required_status_checks": [
              {
                "contexts": [],
                "strict": true
              }
            ],
            "restrict_pushes": []
          },
          "sensitive_attributes": [],
          "identity_schema_version": 0,
          "private": "eyJzY2hlbWFfdmVyc2lvbiI6IjIifQ==",
          "dependencies": [
            "github_repository.repository"
          ]
        },
        {
          "index_key": "web-diff",
          "schema_version": 2,
          "attributes": {
            "allows_deletions": false,
            "allows_force_pushes": false,
            "enforce_admins": true,
            "force_push_bypassers": [],
            "id": "BPR_kwDOMD3CSc4DE5kt",
            "lock_branch": false,
            "pattern": "master",
            "repository_id": "R_kgDOMD3CSQ",
            "require_conversation_resolution": false,
            "require_signed_commits": false,
            "required_linear_history": false,
            "required_pull_request_reviews": [
              {
                "dismiss_stale_reviews": false,
                "dismissal_restrictions": [],
                "pull_request_bypassers": [],
                "require_code_owner_reviews": false,
                "require_last_push_approval": false,
                "required_approving_review_count": 0,
                "restrict_dismissals": false
              }
            ],
            "required_status_checks": [
              {
                "contexts": [],
                "strict": true
              }
            ],
            "restrict_pushes": []
          },
          "sensitive_attributes": [],
          "identity_schema_version": 0,
          "private": "eyJzY2hlbWFfdmVyc2lvbiI6IjIifQ==",
          "dependencies": [
            "github_repository.repository"
          ]
        },
        {
          "index_key": "whisper-experiment",
          "schema_version": 2,
          "attributes": {
            "allows_deletions": false,
            "allows_force_pushes": false,
            "enforce_admins": true,
            "force_push_bypassers": [],
            "id": "BPR_kwDOIKdbVM4B8d4n",
            "lock_branch": false,
            "pattern": "master",
            "repository_id": "R_kgDOIKdbVA",
            "require_conversation_resolution": false,
            "require_signed_commits": false,
            "required_linear_history": false,
            "required_pull_request_reviews": [
              {
                "dismiss_stale_reviews": false,
                "dismissal_restrictions": [],
                "pull_request_bypassers": [],
                "require_code_owner_reviews": false,
                "require_last_push_approval": false,
                "required_approving_review_count": 0,
                "restrict_dismissals": false
              }
            ],
            "required_status_checks": [
              {
                "contexts": [],
                "strict": true
              }
            ],
            "restrict_pushes": []
          },
          "sensitive_attributes": [],
          "identity_schema_version": 0,
          "private": "eyJzY2hlbWFfdmVyc2lvbiI6IjIifQ==",
          "dependencies": [
            "github_repository.repository"
          ]
        },
        {
          "index_key": "workstation",
          "schema_version": 2,
          "attributes": {
            "allows_deletions": false,
            "allows_force_pushes": false,
            "enforce_admins": true,
            "force_push_bypassers": [],
            "id": "MDIwOkJyYW5jaFByb3RlY3Rpb25SdWxlMTUxMzE2NjM=",
            "lock_branch": false,
            "pattern": "master",
            "repository_id": "MDEwOlJlcG9zaXRvcnkyNDkxOTkxOTA=",
            "require_conversation_resolution": false,
            "require_signed_commits": false,
            "required_linear_history": false,
            "required_pull_request_reviews": [
              {
                "dismiss_stale_reviews": false,
                "dismissal_restrictions": [],
                "pull_request_bypassers": [],
                "require_code_owner_reviews": false,
                "require_last_push_approval": false,
                "required_approving_review_count": 0,
                "restrict_dismissals": false
              }
            ],
            "required_status_checks": [
              {
                "contexts": [
                  "test"
                ],
                "strict": true
              }
            ],
            "restrict_pushes": []
          },
          "sensitive_attributes": [],
          "identity_schema_version": 0,
          "private": "eyJzY2hlbWFfdmVyc2lvbiI6IjIifQ==",
          "dependencies": [
            "github_repository.repository"
          ]
        }
      ]
    },
    {
      "mode": "managed",
      "type": "github_issue_labels",
      "name": "issue_labels",
      "provider": "provider[\"registry.terraform.io/integrations/github\"]",
      "instances": [
        {
          "index_key": "advent-of-code-2020",
          "schema_version": 0,
          "attributes": {
            "id": "advent-of-code-2020",
            "label": [
              {
                "color": "0075ca",
                "description": "Improvements or additions to documentation",
                "name": "documentation",
                "url": "https://api.github.com/repos/tomdewildt/advent-of-code-2020/labels/documentation"
              },
              {
                "color": "008672",
                "description": "Extra attention is needed",
                "name": "help-wanted",
                "url": "https://api.github.com/repos/tomdewildt/advent-of-code-2020/labels/help-wanted"
              },
              {
                "color": "a2eeef",
                "description": "New feature or request",
                "name": "enhancement",
                "url": "https://api.github.com/repos/tomdewildt/advent-of-code-2020/labels/enhancement"
              },
              {
                "color": "cfd3d7",
                "description": "Hasn't had activity in 60 days",
                "name": "inactive",
                "url": "https://api.github.com/repos/tomdewildt/advent-of-code-2020/labels/inactive"
              },
              {
                "color": "cfd3d7",
                "description": "This issue or pull request already exists",
                "name": "duplicate",
                "url": "https://api.github.com/repos/tomdewildt/advent-of-code-2020/labels/duplicate"
              },
              {
                "color": "d4c5f9",
                "description": "A question or general inquiry",
                "name": "question",
                "url": "https://api.github.com/repos/tomdewildt/advent-of-code-2020/labels/question"
              },
              {
                "color": "d73a4a",
                "description": "Something isn't working",
                "name": "bug",
                "url": "https://api.github.com/repos/tomdewildt/advent-of-code-2020/labels/bug"
              },
              {
                "color": "d876e3",
                "description": "Further information is requested",
                "name": "need-more-info",
                "url": "https://api.github.com/repos/tomdewildt/advent-of-code-2020/labels/need-more-info"
              },
              {
                "color": "e4e669",
                "description": "This doesn't seem right",
                "name": "invalid",
                "url": "https://api.github.com/repos/tomdewildt/advent-of-code-2020/labels/invalid"
              },
              {
                "color": "f9348a",
                "description": "Will not be marked with the inactive label",
                "name": "pinned",
                "url": "https://api.github.com/repos/tomdewildt/advent-of-code-2020/labels/pinned"
              },
              {
                "color": "ffffff",
                "description": "This will not be worked on",
                "name": "wontfix",
                "url": "https://api.github.com/repos/tomdewildt/advent-of-code-2020/labels/wontfix"
              }
            ],
            "repository": "advent-of-code-2020"
          },
          "sensitive_attributes": [],
          "identity_schema_version": 0,
          "private": "bnVsbA=="
        },
        {
          "index_key": "advent-of-code-2022",
          "schema_version": 0,
          "attributes": {
            "id": "advent-of-code-2022",
            "label": [
              {
                "color": "0075ca",
                "description": "Improvements or additions to documentation",
                "name": "documentation",
                "url": "https://api.github.com/repos/tomdewildt/advent-of-code-2022/labels/documentation"
              },
              {
                "color": "008672",
                "description": "Extra attention is needed",
                "name": "help-wanted",
                "url": "https://api.github.com/repos/tomdewildt/advent-of-code-2022/labels/help-wanted"
              },
              {
                "color": "a2eeef",
                "description": "New feature or request",
                "name": "enhancement",
                "url": "https://api.github.com/repos/tomdewildt/advent-of-code-2022/labels/enhancement"
              },
              {
                "color": "cfd3d7",
                "description": "Hasn't had activity in 60 days",
                "name": "inactive",
                "url": "https://api.github.com/repos/tomdewildt/advent-of-code-2022/labels/inactive"
              },
              {
                "color": "cfd3d7",
                "description": "This issue or pull request already exists",
                "name": "duplicate",
                "url": "https://api.github.com/repos/tomdewildt/advent-of-code-2022/labels/duplicate"
              },
              {
                "color": "d4c5f9",
                "description": "A question or general inquiry",
                "name": "question",
                "url": "https://api.github.com/repos/tomdewildt/advent-of-code-2022/labels/question"
              },
              {
                "color": "d73a4a",
                "description": "Something isn't working",
                "name": "bug",
                "url": "https://api.github.com/repos/tomdewildt/advent-of-code-2022/labels/bug"
              },
              {
                "color": "d876e3",
                "description": "Further information is requested",
                "name": "need-more-info",
                "url": "https://api.github.com/repos/tomdewildt/advent-of-code-2022/labels/need-more-info"
              },
              {
                "color": "e4e669",
                "description": "This doesn't seem right",
                "name": "invalid",
                "url": "https://api.github.com/repos/tomdewildt/advent-of-code-2022/labels/invalid"
              },
              {
                "color": "f9348a",
                "description": "Will not be marked with the inactive label",
                "name": "pinned",
                "url": "https://api.github.com/repos/tomdewildt/advent-of-code-2022/labels/pinned"
              },
              {
                "color": "ffffff",
                "description": "This will not be worked on",
                "name": "wontfix",
                "url": "https://api.github.com/repos/tomdewildt/advent-of-code-2022/labels/wontfix"
              }
            ],
            "repository": "advent-of-code-2022"
          },
          "sensitive_attributes": [],
          "identity_schema_version": 0,
          "private": "bnVsbA=="
        },
        {
          "index_key": "apache-age-experiment",
          "schema_version": 0,
          "attributes": {
            "id": "apache-age-experiment",
            "label": [
              {
                "color": "0075ca",
                "description": "Improvements or additions to documentation",
                "name": "documentation",
                "url": "https://api.github.com/repos/tomdewildt/apache-age-experiment/labels/documentation"
              },
              {
                "color": "008672",
                "description": "Extra attention is needed",
                "name": "help-wanted",
                "url": "https://api.github.com/repos/tomdewildt/apache-age-experiment/labels/help-wanted"
              },
              {
                "color": "a2eeef",
                "description": "New feature or request",
                "name": "enhancement",
                "url": "https://api.github.com/repos/tomdewildt/apache-age-experiment/labels/enhancement"
              },
              {
                "color": "cfd3d7",
                "description": "Hasn't had activity in 60 days",
                "name": "inactive",
                "url": "https://api.github.com/repos/tomdewildt/apache-age-experiment/labels/inactive"
              },
              {
                "color": "cfd3d7",
                "description": "This issue or pull request already exists",
                "name": "duplicate",
                "url": "https://api.github.com/repos/tomdewildt/apache-age-experiment/labels/duplicate"
              },
              {
                "color": "d4c5f9",
                "description": "A question or general inquiry",
                "name": "question",
                "url": "https://api.github.com/repos/tomdewildt/apache-age-experiment/labels/question"
              },
              {
                "color": "d73a4a",
                "description": "Something isn't working",
                "name": "bug",
                "url": "https://api.github.com/repos/tomdewildt/apache-age-experiment/labels/bug"
              },
              {
                "color": "d876e3",
                "description": "Further information is requested",
                "name": "need-more-info",
                "url": "https://api.github.com/repos/tomdewildt/apache-age-experiment/labels/need-more-info"
              },
              {
                "color": "e4e669",
                "description": "This doesn't seem right",
                "name": "invalid",
                "url": "https://api.github.com/repos/tomdewildt/apache-age-experiment/labels/invalid"
              },
              {
                "color": "f9348a",
                "description": "Will not be marked with the inactive label",
                "name": "pinned",
                "url": "https://api.github.com/repos/tomdewildt/apache-age-experiment/labels/pinned"
              },
              {
                "color": "ffffff",
                "description": "This will not be worked on",
                "name": "wontfix",
                "url": "https://api.github.com/repos/tomdewildt/apache-age-experiment/labels/wontfix"
              }
            ],
            "repository": "apache-age-experiment"
          },
          "sensitive_attributes": [],
          "identity_schema_version": 0,
          "private": "bnVsbA=="
        },
        {
          "index_key": "brk-api-experiment",
          "schema_version": 0,
          "attributes": {
            "id": "brk-api-experiment",
            "label": [
              {
                "color": "0075ca",
                "description": "Improvements or additions to documentation",
                "name": "documentation",
                "url": "https://api.github.com/repos/tomdewildt/brk-api-experiment/labels/documentation"
              },
              {
                "color": "008672",
                "description": "Extra attention is needed",
                "name": "help-wanted",
                "url": "https://api.github.com/repos/tomdewildt/brk-api-experiment/labels/help-wanted"
              },
              {
                "color": "a2eeef",
                "description": "New feature or request",
                "name": "enhancement",
                "url": "https://api.github.com/repos/tomdewildt/brk-api-experiment/labels/enhancement"
              },
              {
                "color": "cfd3d7",
                "description": "Hasn't had activity in 60 days",
                "name": "inactive",
                "url": "https://api.github.com/repos/tomdewildt/brk-api-experiment/labels/inactive"
              },
              {
                "color": "cfd3d7",
                "description": "This issue or pull request already exists",
                "name": "duplicate",
                "url": "https://api.github.com/repos/tomdewildt/brk-api-experiment/labels/duplicate"
              },
              {
                "color": "d4c5f9",
                "description": "A question or general inquiry",
                "name": "question",
                "url": "https://api.github.com/repos/tomdewildt/brk-api-experiment/labels/question"
              },
              {
                "color": "d73a4a",
                "description": "Something isn't working",
                "name": "bug",
                "url": "https://api.github.com/repos/tomdewildt/brk-api-experiment/labels/bug"
              },
              {
                "color": "d876e3",
                "description": "Further information is requested",
                "name": "need-more-info",
                "url": "https://api.github.com/repos/tomdewildt/brk-api-experiment/labels/need-more-info"
              },
              {
                "color": "e4e669",
                "description": "This doesn't seem right",
                "name": "invalid",
                "url": "https://api.github.com/repos/tomdewildt/brk-api-experiment/labels/invalid"
              },
              {
                "color": "f9348a",
                "description": "Will not be marked with the inactive label",
                "name": "pinned",
                "url": "https://api.github.com/repos/tomdewildt/brk-api-experiment/labels/pinned"
              },
              {
                "color": "ffffff",
                "description": "This will not be worked on",
                "name": "wontfix",
                "url": "https://api.github.com/repos/tomdewildt/brk-api-experiment/labels/wontfix"
              }
            ],
            "repository": "brk-api-experiment"
          },
          "sensitive_attributes": [],
          "identity_schema_version": 0,
          "private": "bnVsbA=="
        },
        {
          "index_key": "cahuella-lightdm-theme",
          "schema_version": 0,
          "attributes": {
            "id": "cahuella-lightdm-theme",
            "label": [
              {
                "color": "0075ca",
                "description": "Improvements or additions to documentation",
                "name": "documentation",
                "url": "https://api.github.com/repos/tomdewildt/cahuella-lightdm-theme/labels/documentation"
              },
              {
                "color": "008672",
                "description": "Extra attention is needed",
                "name": "help-wanted",
                "url": "https://api.github.com/repos/tomdewildt/cahuella-lightdm-theme/labels/help-wanted"
              },
              {
                "color": "a2eeef",
                "description": "New feature or request",
                "name": "enhancement",
                "url": "https://api.github.com/repos/tomdewildt/cahuella-lightdm-theme/labels/enhancement"
              },
              {
                "color": "cfd3d7",
                "description": "Hasn't had activity in 60 days",
                "name": "inactive",
                "url": "https://api.github.com/repos/tomdewildt/cahuella-lightdm-theme/labels/inactive"
              },
              {
                "color": "cfd3d7",
                "description": "This issue or pull request already exists",
                "name": "duplicate",
                "url": "https://api.github.com/repos/tomdewildt/cahuella-lightdm-theme/labels/duplicate"
              },
              {
                "color": "d4c5f9",
                "description": "A question or general inquiry",
                "name": "question",
                "url": "https://api.github.com/repos/tomdewildt/cahuella-lightdm-theme/labels/question"
              },
              {
                "color": "d73a4a",
                "description": "Something isn't working",
                "name": "bug",
                "url": "https://api.github.com/repos/tomdewildt/cahuella-lightdm-theme/labels/bug"
              },
              {
                "color": "d876e3",
                "description": "Further information is requested",
                "name": "need-more-info",
                "url": "https://api.github.com/repos/tomdewildt/cahuella-lightdm-theme/labels/need-more-info"
              },
              {
                "color": "e4e669",
                "description": "This doesn't seem right",
                "name": "invalid",
                "url": "https://api.github.com/repos/tomdewildt/cahuella-lightdm-theme/labels/invalid"
              },
              {
                "color": "f9348a",
                "description": "Will not be marked with the inactive label",
                "name": "pinned",
                "url": "https://api.github.com/repos/tomdewildt/cahuella-lightdm-theme/labels/pinned"
              },
              {
                "color": "ffffff",
                "description": "This will not be worked on",
                "name": "wontfix",
                "url": "https://api.github.com/repos/tomdewildt/cahuella-lightdm-theme/labels/wontfix"
              }
            ],
            "repository": "cahuella-lightdm-theme"
          },
          "sensitive_attributes": [],
          "identity_schema_version": 0,
          "private": "bnVsbA=="
        },
        {
          "index_key": "clojure-basics",
          "schema_version": 0,
          "attributes": {
            "id": "clojure-basics",
            "label": [
              {
                "color": "0075ca",
                "description": "Improvements or additions to documentation",
                "name": "documentation",
                "url": "https://api.github.com/repos/tomdewildt/clojure-basics/labels/documentation"
              },
              {
                "color": "008672",
                "description": "Extra attention is needed",
                "name": "help-wanted",
                "url": "https://api.github.com/repos/tomdewildt/clojure-basics/labels/help-wanted"
              },
              {
                "color": "a2eeef",
                "description": "New feature or request",
                "name": "enhancement",
                "url": "https://api.github.com/repos/tomdewildt/clojure-basics/labels/enhancement"
              },
              {
                "color": "cfd3d7",
                "description": "Hasn't had activity in 60 days",
                "name": "inactive",
                "url": "https://api.github.com/repos/tomdewildt/clojure-basics/labels/inactive"
              },
              {
                "color": "cfd3d7",
                "description": "This issue or pull request already exists",
                "name": "duplicate",
                "url": "https://api.github.com/repos/tomdewildt/clojure-basics/labels/duplicate"
              },
              {
                "color": "d4c5f9",
                "description": "A question or general inquiry",
                "name": "question",
                "url": "https://api.github.com/repos/tomdewildt/clojure-basics/labels/question"
              },
              {
                "color": "d73a4a",
                "description": "Something isn't working",
                "name": "bug",
                "url": "https://api.github.com/repos/tomdewildt/clojure-basics/labels/bug"
              },
              {
                "color": "d876e3",
                "description": "Further information is requested",
                "name": "need-more-info",
                "url": "https://api.github.com/repos/tomdewildt/clojure-basics/labels/need-more-info"
              },
              {
                "color": "e4e669",
                "description": "This doesn't seem right",
                "name": "invalid",
                "url": "https://api.github.com/repos/tomdewildt/clojure-basics/labels/invalid"
              },
              {
                "color": "f9348a",
                "description": "Will not be marked with the inactive label",
                "name": "pinned",
                "url": "https://api.github.com/repos/tomdewildt/clojure-basics/labels/pinned"
              },
              {
                "color": "ffffff",
                "description": "This will not be worked on",
                "name": "wontfix",
                "url": "https://api.github.com/repos/tomdewildt/clojure-basics/labels/wontfix"
              }
            ],
            "repository": "clojure-basics"
          },
          "sensitive_attributes": [],
          "identity_schema_version": 0,
          "private": "bnVsbA=="
        },
        {
          "index_key": "cloudflare-ddns-worker",
          "schema_version": 0,
          "attributes": {
            "id": "cloudflare-ddns-worker",
            "label": [
              {
                "color": "0075ca",
                "description": "Improvements or additions to documentation",
                "name": "documentation",
                "url": "https://api.github.com/repos/tomdewildt/cloudflare-ddns-worker/labels/documentation"
              },
              {
                "color": "008672",
                "description": "Extra attention is needed",
                "name": "help-wanted",
                "url": "https://api.github.com/repos/tomdewildt/cloudflare-ddns-worker/labels/help-wanted"
              },
              {
                "color": "a2eeef",
                "description": "New feature or request",
                "name": "enhancement",
                "url": "https://api.github.com/repos/tomdewildt/cloudflare-ddns-worker/labels/enhancement"
              },
              {
                "color": "cfd3d7",
                "description": "Hasn't had activity in 60 days",
                "name": "inactive",
                "url": "https://api.github.com/repos/tomdewildt/cloudflare-ddns-worker/labels/inactive"
              },
              {
                "color": "cfd3d7",
                "description": "This issue or pull request already exists",
                "name": "duplicate",
                "url": "https://api.github.com/repos/tomdewildt/cloudflare-ddns-worker/labels/duplicate"
              },
              {
                "color": "d4c5f9",
                "description": "A question or general inquiry",
                "name": "question",
                "url": "https://api.github.com/repos/tomdewildt/cloudflare-ddns-worker/labels/question"
              },
              {
                "color": "d73a4a",
                "description": "Something isn't working",
                "name": "bug",
                "url": "https://api.github.com/repos/tomdewildt/cloudflare-ddns-worker/labels/bug"
              },
              {
                "color": "d876e3",
                "description": "Further information is requested",
                "name": "need-more-info",
                "url": "https://api.github.com/repos/tomdewildt/cloudflare-ddns-worker/labels/need-more-info"
              },
              {
                "color": "e4e669",
                "description": "This doesn't seem right",
                "name": "invalid",
                "url": "https://api.github.com/repos/tomdewildt/cloudflare-ddns-worker/labels/invalid"
              },
              {
                "color": "f9348a",
                "description": "Will not be marked with the inactive label",
                "name": "pinned",
                "url": "https://api.github.com/repos/tomdewildt/cloudflare-ddns-worker/labels/pinned"
              },
              {
                "color": "ffffff",
                "description": "This will not be worked on",
                "name": "wontfix",
                "url": "https://api.github.com/repos/tomdewildt/cloudflare-ddns-worker/labels/wontfix"
              }
            ],
            "repository": "cloudflare-ddns-worker"
          },
          "sensitive_attributes": [],
          "identity_schema_version": 0,
          "private": "bnVsbA=="
        },
        {
          "index_key": "config",
          "schema_version": 0,
          "attributes": {
            "id": "config",
            "label": [
              {
                "color": "0075ca",
                "description": "Improvements or additions to documentation",
                "name": "documentation",
                "url": "https://api.github.com/repos/tomdewildt/config/labels/documentation"
              },
              {
                "color": "008672",
                "description": "Extra attention is needed",
                "name": "help-wanted",
                "url": "https://api.github.com/repos/tomdewildt/config/labels/help-wanted"
              },
              {
                "color": "a2eeef",
                "description": "New feature or request",
                "name": "enhancement",
                "url": "https://api.github.com/repos/tomdewildt/config/labels/enhancement"
              },
              {
                "color": "cfd3d7",
                "description": "Hasn't had activity in 60 days",
                "name": "inactive",
                "url": "https://api.github.com/repos/tomdewildt/config/labels/inactive"
              },
              {
                "color": "cfd3d7",
                "description": "This issue or pull request already exists",
                "name": "duplicate",
                "url": "https://api.github.com/repos/tomdewildt/config/labels/duplicate"
              },
              {
                "color": "d4c5f9",
                "description": "A question or general inquiry",
                "name": "question",
                "url": "https://api.github.com/repos/tomdewildt/config/labels/question"
              },
              {
                "color": "d73a4a",
                "description": "Something isn't working",
                "name": "bug",
                "url": "https://api.github.com/repos/tomdewildt/config/labels/bug"
              },
              {
                "color": "d876e3",
                "description": "Further information is requested",
                "name": "need-more-info",
                "url": "https://api.github.com/repos/tomdewildt/config/labels/need-more-info"
              },
              {
                "color": "e4e669",
                "description": "This doesn't seem right",
                "name": "invalid",
                "url": "https://api.github.com/repos/tomdewildt/config/labels/invalid"
              },
              {
                "color": "f9348a",
                "description": "Will not be marked with the inactive label",
                "name": "pinned",
                "url": "https://api.github.com/repos/tomdewildt/config/labels/pinned"
              },
              {
                "color": "ffffff",
                "description": "This will not be worked on",
                "name": "wontfix",
                "url": "https://api.github.com/repos/tomdewildt/config/labels/wontfix"
              }
            ],
            "repository": "config"
          },
          "sensitive_attributes": [],
          "identity_schema_version": 0,
          "private": "bnVsbA=="
        },
        {
          "index_key": "corinapatings.nl",
          "schema_version": 0,
          "attributes": {
            "id": "corinapatings.nl",
            "label": [
              {
                "color": "0075ca",
                "description": "Improvements or additions to documentation",
                "name": "documentation",
                "url": "https://api.github.com/repos/tomdewildt/corinapatings.nl/labels/documentation"
              },
              {
                "color": "008672",
                "description": "Extra attention is needed",
                "name": "help-wanted",
                "url": "https://api.github.com/repos/tomdewildt/corinapatings.nl/labels/help-wanted"
              },
              {
                "color": "a2eeef",
                "description": "New feature or request",
                "name": "enhancement",
                "url": "https://api.github.com/repos/tomdewildt/corinapatings.nl/labels/enhancement"
              },
              {
                "color": "cfd3d7",
                "description": "Hasn't had activity in 60 days",
                "name": "inactive",
                "url": "https://api.github.com/repos/tomdewildt/corinapatings.nl/labels/inactive"
              },
              {
                "color": "cfd3d7",
                "description": "This issue or pull request already exists",
                "name": "duplicate",
                "url": "https://api.github.com/repos/tomdewildt/corinapatings.nl/labels/duplicate"
              },
              {
                "color": "d4c5f9",
                "description": "A question or general inquiry",
                "name": "question",
                "url": "https://api.github.com/repos/tomdewildt/corinapatings.nl/labels/question"
              },
              {
                "color": "d73a4a",
                "description": "Something isn't working",
                "name": "bug",
                "url": "https://api.github.com/repos/tomdewildt/corinapatings.nl/labels/bug"
              },
              {
                "color": "d876e3",
                "description": "Further information is requested",
                "name": "need-more-info",
                "url": "https://api.github.com/repos/tomdewildt/corinapatings.nl/labels/need-more-info"
              },
              {
                "color": "e4e669",
                "description": "This doesn't seem right",
                "name": "invalid",
                "url": "https://api.github.com/repos/tomdewildt/corinapatings.nl/labels/invalid"
              },
              {
                "color": "f9348a",
                "description": "Will not be marked with the inactive label",
                "name": "pinned",
                "url": "https://api.github.com/repos/tomdewildt/corinapatings.nl/labels/pinned"
              },
              {
                "color": "ffffff",
                "description": "This will not be worked on",
                "name": "wontfix",
                "url": "https://api.github.com/repos/tomdewildt/corinapatings.nl/labels/wontfix"
              }
            ],
            "repository": "corinapatings.nl"
          },
          "sensitive_attributes": [],
          "identity_schema_version": 0,
          "private": "bnVsbA=="
        },
        {
          "index_key": "covid-19-data-visualizer",
          "schema_version": 0,
          "attributes": {
            "id": "covid-19-data-visualizer",
            "label": [
              {
                "color": "0075ca",
                "description": "Improvements or additions to documentation",
                "name": "documentation",
                "url": "https://api.github.com/repos/tomdewildt/covid-19-data-visualizer/labels/documentation"
              },
              {
                "color": "008672",
                "description": "Extra attention is needed",
                "name": "help-wanted",
                "url": "https://api.github.com/repos/tomdewildt/covid-19-data-visualizer/labels/help-wanted"
              },
              {
                "color": "a2eeef",
                "description": "New feature or request",
                "name": "enhancement",
                "url": "https://api.github.com/repos/tomdewildt/covid-19-data-visualizer/labels/enhancement"
              },
              {
                "color": "cfd3d7",
                "description": "Hasn't had activity in 60 days",
                "name": "inactive",
                "url": "https://api.github.com/repos/tomdewildt/covid-19-data-visualizer/labels/inactive"
              },
              {
                "color": "cfd3d7",
                "description": "This issue or pull request already exists",
                "name": "duplicate",
                "url": "https://api.github.com/repos/tomdewildt/covid-19-data-visualizer/labels/duplicate"
              },
              {
                "color": "d4c5f9",
                "description": "A question or general inquiry",
                "name": "question",
                "url": "https://api.github.com/repos/tomdewildt/covid-19-data-visualizer/labels/question"
              },
              {
                "color": "d73a4a",
                "description": "Something isn't working",
                "name": "bug",
                "url": "https://api.github.com/repos/tomdewildt/covid-19-data-visualizer/labels/bug"
              },
              {
                "color": "d876e3",
                "description": "Further information is requested",
                "name": "need-more-info",
                "url": "https://api.github.com/repos/tomdewildt/covid-19-data-visualizer/labels/need-more-info"
              },
              {
                "color": "e4e669",
                "description": "This doesn't seem right",
                "name": "invalid",
                "url": "https://api.github.com/repos/tomdewildt/covid-19-data-visualizer/labels/invalid"
              },
              {
                "color": "f9348a",
                "description": "Will not be marked with the inactive label",
                "name": "pinned",
                "url": "https://api.github.com/repos/tomdewildt/covid-19-data-visualizer/labels/pinned"
              },
              {
                "color": "ffffff",
                "description": "This will not be worked on",
                "name": "wontfix",
                "url": "https://api.github.com/repos/tomdewildt/covid-19-data-visualizer/labels/wontfix"
              }
            ],
            "repository": "covid-19-data-visualizer"
          },
          "sensitive_attributes": [],
          "identity_schema_version": 0,
          "private": "bnVsbA=="
        },
        {
          "index_key": "email-signature",
          "schema_version": 0,
          "attributes": {
            "id": "email-signature",
            "label": [
              {
                "color": "0075ca",
                "description": "Improvements or additions to documentation",
                "name": "documentation",
                "url": "https://api.github.com/repos/tomdewildt/email-signature/labels/documentation"
              },
              {
                "color": "008672",
                "description": "Extra attention is needed",
                "name": "help-wanted",
                "url": "https://api.github.com/repos/tomdewildt/email-signature/labels/help-wanted"
              },
              {
                "color": "a2eeef",
                "description": "New feature or request",
                "name": "enhancement",
                "url": "https://api.github.com/repos/tomdewildt/email-signature/labels/enhancement"
              },
              {
                "color": "cfd3d7",
                "description": "Hasn't had activity in 60 days",
                "name": "inactive",
                "url": "https://api.github.com/repos/tomdewildt/email-signature/labels/inactive"
              },
              {
                "color": "cfd3d7",
                "description": "This issue or pull request already exists",
                "name": "duplicate",
                "url": "https://api.github.com/repos/tomdewildt/email-signature/labels/duplicate"
              },
              {
                "color": "d4c5f9",
                "description": "A question or general inquiry",
                "name": "question",
                "url": "https://api.github.com/repos/tomdewildt/email-signature/labels/question"
              },
              {
                "color": "d73a4a",
                "description": "Something isn't working",
                "name": "bug",
                "url": "https://api.github.com/repos/tomdewildt/email-signature/labels/bug"
              },
              {
                "color": "d876e3",
                "description": "Further information is requested",
                "name": "need-more-info",
                "url": "https://api.github.com/repos/tomdewildt/email-signature/labels/need-more-info"
              },
              {
                "color": "e4e669",
                "description": "This doesn't seem right",
                "name": "invalid",
                "url": "https://api.github.com/repos/tomdewildt/email-signature/labels/invalid"
              },
              {
                "color": "f9348a",
                "description": "Will not be marked with the inactive label",
                "name": "pinned",
                "url": "https://api.github.com/repos/tomdewildt/email-signature/labels/pinned"
              },
              {
                "color": "ffffff",
                "description": "This will not be worked on",
                "name": "wontfix",
                "url": "https://api.github.com/repos/tomdewildt/email-signature/labels/wontfix"
              }
            ],
            "repository": "email-signature"
          },
          "sensitive_attributes": [],
          "identity_schema_version": 0,
          "private": "bnVsbA=="
        },
        {
          "index_key": "gatsby-site-template",
          "schema_version": 0,
          "attributes": {
            "id": "gatsby-site-template",
            "label": [
              {
                "color": "0075ca",
                "description": "Improvements or additions to documentation",
                "name": "documentation",
                "url": "https://api.github.com/repos/tomdewildt/gatsby-site-template/labels/documentation"
              },
              {
                "color": "008672",
                "description": "Extra attention is needed",
                "name": "help-wanted",
                "url": "https://api.github.com/repos/tomdewildt/gatsby-site-template/labels/help-wanted"
              },
              {
                "color": "a2eeef",
                "description": "New feature or request",
                "name": "enhancement",
                "url": "https://api.github.com/repos/tomdewildt/gatsby-site-template/labels/enhancement"
              },
              {
                "color": "cfd3d7",
                "description": "Hasn't had activity in 60 days",
                "name": "inactive",
                "url": "https://api.github.com/repos/tomdewildt/gatsby-site-template/labels/inactive"
              },
              {
                "color": "cfd3d7",
                "description": "This issue or pull request already exists",
                "name": "duplicate",
                "url": "https://api.github.com/repos/tomdewildt/gatsby-site-template/labels/duplicate"
              },
              {
                "color": "d4c5f9",
                "description": "A question or general inquiry",
                "name": "question",
                "url": "https://api.github.com/repos/tomdewildt/gatsby-site-template/labels/question"
              },
              {
                "color": "d73a4a",
                "description": "Something isn't working",
                "name": "bug",
                "url": "https://api.github.com/repos/tomdewildt/gatsby-site-template/labels/bug"
              },
              {
                "color": "d876e3",
                "description": "Further information is requested",
                "name": "need-more-info",
                "url": "https://api.github.com/repos/tomdewildt/gatsby-site-template/labels/need-more-info"
              },
              {
                "color": "e4e669",
                "description": "This doesn't seem right",
                "name": "invalid",
                "url": "https://api.github.com/repos/tomdewildt/gatsby-site-template/labels/invalid"
              },
              {
                "color": "f9348a",
                "description": "Will not be marked with the inactive label",
                "name": "pinned",
                "url": "https://api.github.com/repos/tomdewildt/gatsby-site-template/labels/pinned"
              },
              {
                "color": "ffffff",
                "description": "This will not be worked on",
                "name": "wontfix",
                "url": "https://api.github.com/repos/tomdewildt/gatsby-site-template/labels/wontfix"
              }
            ],
            "repository": "gatsby-site-template"
          },
          "sensitive_attributes": [],
          "identity_schema_version": 0,
          "private": "bnVsbA=="
        },
        {
          "index_key": "github-actions-experiment",
          "schema_version": 0,
          "attributes": {
            "id": "github-actions-experiment",
            "label": [
              {
                "color": "0075ca",
                "description": "Improvements or additions to documentation",
                "name": "documentation",
                "url": "https://api.github.com/repos/tomdewildt/github-actions-experiment/labels/documentation"
              },
              {
                "color": "008672",
                "description": "Extra attention is needed",
                "name": "help-wanted",
                "url": "https://api.github.com/repos/tomdewildt/github-actions-experiment/labels/help-wanted"
              },
              {
                "color": "a2eeef",
                "description": "New feature or request",
                "name": "enhancement",
                "url": "https://api.github.com/repos/tomdewildt/github-actions-experiment/labels/enhancement"
              },
              {
                "color": "cfd3d7",
                "description": "Hasn't had activity in 60 days",
                "name": "inactive",
                "url": "https://api.github.com/repos/tomdewildt/github-actions-experiment/labels/inactive"
              },
              {
                "color": "cfd3d7",
                "description": "This issue or pull request already exists",
                "name": "duplicate",
                "url": "https://api.github.com/repos/tomdewildt/github-actions-experiment/labels/duplicate"
              },
              {
                "color": "d4c5f9",
                "description": "A question or general inquiry",
                "name": "question",
                "url": "https://api.github.com/repos/tomdewildt/github-actions-experiment/labels/question"
              },
              {
                "color": "d73a4a",
                "description": "Something isn't working",
                "name": "bug",
                "url": "https://api.github.com/repos/tomdewildt/github-actions-experiment/labels/bug"
              },
              {
                "color": "d876e3",
                "description": "Further information is requested",
                "name": "need-more-info",
                "url": "https://api.github.com/repos/tomdewildt/github-actions-experiment/labels/need-more-info"
              },
              {
                "color": "e4e669",
                "description": "This doesn't seem right",
                "name": "invalid",
                "url": "https://api.github.com/repos/tomdewildt/github-actions-experiment/labels/invalid"
              },
              {
                "color": "f9348a",
                "description": "Will not be marked with the inactive label",
                "name": "pinned",
                "url": "https://api.github.com/repos/tomdewildt/github-actions-experiment/labels/pinned"
              },
              {
                "color": "ffffff",
                "description": "This will not be worked on",
                "name": "wontfix",
                "url": "https://api.github.com/repos/tomdewildt/github-actions-experiment/labels/wontfix"
              }
            ],
            "repository": "github-actions-experiment"
          },
          "sensitive_attributes": [],
          "identity_schema_version": 0,
          "private": "bnVsbA=="
        },
        {
          "index_key": "github-settings-as-code",
          "schema_version": 0,
          "attributes": {
            "id": "github-settings-as-code",
            "label": [
              {
                "color": "0075ca",
                "description": "Improvements or additions to documentation",
                "name": "documentation",
                "url": "https://api.github.com/repos/tomdewildt/github-settings-as-code/labels/documentation"
              },
              {
                "color": "008672",
                "description": "Extra attention is needed",
                "name": "help-wanted",
                "url": "https://api.github.com/repos/tomdewildt/github-settings-as-code/labels/help-wanted"
              },
              {
                "color": "a2eeef",
                "description": "New feature or request",
                "name": "enhancement",
                "url": "https://api.github.com/repos/tomdewildt/github-settings-as-code/labels/enhancement"
              },
              {
                "color": "cfd3d7",
                "description": "Hasn't had activity in 60 days",
                "name": "inactive",
                "url": "https://api.github.com/repos/tomdewildt/github-settings-as-code/labels/inactive"
              },
              {
                "color": "cfd3d7",
                "description": "This issue or pull request already exists",
                "name": "duplicate",
                "url": "https://api.github.com/repos/tomdewildt/github-settings-as-code/labels/duplicate"
              },
              {
                "color": "d4c5f9",
                "description": "A question or general inquiry",
                "name": "question",
                "url": "https://api.github.com/repos/tomdewildt/github-settings-as-code/labels/question"
              },
              {
                "color": "d73a4a",
                "description": "Something isn't working",
                "name": "bug",
                "url": "https://api.github.com/repos/tomdewildt/github-settings-as-code/labels/bug"
              },
              {
                "color": "d876e3",
                "description": "Further information is requested",
                "name": "need-more-info",
                "url": "https://api.github.com/repos/tomdewildt/github-settings-as-code/labels/need-more-info"
              },
              {
                "color": "e4e669",
                "description": "This doesn't seem right",
                "name": "invalid",
                "url": "https://api.github.com/repos/tomdewildt/github-settings-as-code/labels/invalid"
              },
              {
                "color": "f9348a",
                "description": "Will not be marked with the inactive label",
                "name": "pinned",
                "url": "https://api.github.com/repos/tomdewildt/github-settings-as-code/labels/pinned"
              },
              {
                "color": "ffffff",
                "description": "This will not be worked on",
                "name": "wontfix",
                "url": "https://api.github.com/repos/tomdewildt/github-settings-as-code/labels/wontfix"
              }
            ],
            "repository": "github-settings-as-code"
          },
          "sensitive_attributes": [],
          "identity_schema_version": 0,
          "private": "bnVsbA=="
        },
        {
          "index_key": "gnome-gtklock-theme",
          "schema_version": 0,
          "attributes": {
            "id": "gnome-gtklock-theme",
            "label": [
              {
                "color": "0075ca",
                "description": "Improvements or additions to documentation",
                "name": "documentation",
                "url": "https://api.github.com/repos/tomdewildt/gnome-gtklock-theme/labels/documentation"
              },
              {
                "color": "008672",
                "description": "Extra attention is needed",
                "name": "help-wanted",
                "url": "https://api.github.com/repos/tomdewildt/gnome-gtklock-theme/labels/help-wanted"
              },
              {
                "color": "a2eeef",
                "description": "New feature or request",
                "name": "enhancement",
                "url": "https://api.github.com/repos/tomdewildt/gnome-gtklock-theme/labels/enhancement"
              },
              {
                "color": "cfd3d7",
                "description": "Hasn't had activity in 60 days",
                "name": "inactive",
                "url": "https://api.github.com/repos/tomdewildt/gnome-gtklock-theme/labels/inactive"
              },
              {
                "color": "cfd3d7",
                "description": "This issue or pull request already exists",
                "name": "duplicate",
                "url": "https://api.github.com/repos/tomdewildt/gnome-gtklock-theme/labels/duplicate"
              },
              {
                "color": "d4c5f9",
                "description": "A question or general inquiry",
                "name": "question",
                "url": "https://api.github.com/repos/tomdewildt/gnome-gtklock-theme/labels/question"
              },
              {
                "color": "d73a4a",
                "description": "Something isn't working",
                "name": "bug",
                "url": "https://api.github.com/repos/tomdewildt/gnome-gtklock-theme/labels/bug"
              },
              {
                "color": "d876e3",
                "description": "Further information is requested",
                "name": "need-more-info",
                "url": "https://api.github.com/repos/tomdewildt/gnome-gtklock-theme/labels/need-more-info"
              },
              {
                "color": "e4e669",
                "description": "This doesn't seem right",
                "name": "invalid",
                "url": "https://api.github.com/repos/tomdewildt/gnome-gtklock-theme/labels/invalid"
              },
              {
                "color": "f9348a",
                "description": "Will not be marked with the inactive label",
                "name": "pinned",
                "url": "https://api.github.com/repos/tomdewildt/gnome-gtklock-theme/labels/pinned"
              },
              {
                "color": "ffffff",
                "description": "This will not be worked on",
                "name": "wontfix",
                "url": "https://api.github.com/repos/tomdewildt/gnome-gtklock-theme/labels/wontfix"
              }
            ],
            "repository": "gnome-gtklock-theme"
          },
          "sensitive_attributes": [],
          "identity_schema_version": 0,
          "private": "bnVsbA=="
        },
        {
          "index_key": "google-foobar",
          "schema_version": 0,
          "attributes": {
            "id": "google-foobar",
            "label": [
              {
                "color": "0075ca",
                "description": "Improvements or additions to documentation",
                "name": "documentation",
                "url": "https://api.github.com/repos/tomdewildt/google-foobar/labels/documentation"
              },
              {
                "color": "008672",
                "description": "Extra attention is needed",
                "name": "help-wanted",
                "url": "https://api.github.com/repos/tomdewildt/google-foobar/labels/help-wanted"
              },
              {
                "color": "a2eeef",
                "description": "New feature or request",
                "name": "enhancement",
                "url": "https://api.github.com/repos/tomdewildt/google-foobar/labels/enhancement"
              },
              {
                "color": "cfd3d7",
                "description": "Hasn't had activity in 60 days",
                "name": "inactive",
                "url": "https://api.github.com/repos/tomdewildt/google-foobar/labels/inactive"
              },
              {
                "color": "cfd3d7",
                "description": "This issue or pull request already exists",
                "name": "duplicate",
                "url": "https://api.github.com/repos/tomdewildt/google-foobar/labels/duplicate"
              },
              {
                "color": "d4c5f9",
                "description": "A question or general inquiry",
                "name": "question",
                "url": "https://api.github.com/repos/tomdewildt/google-foobar/labels/question"
              },
              {
                "color": "d73a4a",
                "description": "Something isn't working",
                "name": "bug",
                "url": "https://api.github.com/repos/tomdewildt/google-foobar/labels/bug"
              },
              {
                "color": "d876e3",
                "description": "Further information is requested",
                "name": "need-more-info",
                "url": "https://api.github.com/repos/tomdewildt/google-foobar/labels/need-more-info"
              },
              {
                "color": "e4e669",
                "description": "This doesn't seem right",
                "name": "invalid",
                "url": "https://api.github.com/repos/tomdewildt/google-foobar/labels/invalid"
              },
              {
                "color": "f9348a",
                "description": "Will not be marked with the inactive label",
                "name": "pinned",
                "url": "https://api.github.com/repos/tomdewildt/google-foobar/labels/pinned"
              },
              {
                "color": "ffffff",
                "description": "This will not be worked on",
                "name": "wontfix",
                "url": "https://api.github.com/repos/tomdewildt/google-foobar/labels/wontfix"
              }
            ],
            "repository": "google-foobar"
          },
          "sensitive_attributes": [],
          "identity_schema_version": 0,
          "private": "bnVsbA=="
        },
        {
          "index_key": "homelab",
          "schema_version": 0,
          "attributes": {
            "id": "homelab",
            "label": [
              {
                "color": "0075ca",
                "description": "Improvements or additions to documentation",
                "name": "documentation",
                "url": "https://api.github.com/repos/tomdewildt/homelab/labels/documentation"
              },
              {
                "color": "008672",
                "description": "Extra attention is needed",
                "name": "help-wanted",
                "url": "https://api.github.com/repos/tomdewildt/homelab/labels/help-wanted"
              },
              {
                "color": "a2eeef",
                "description": "New feature or request",
                "name": "enhancement",
                "url": "https://api.github.com/repos/tomdewildt/homelab/labels/enhancement"
              },
              {
                "color": "cfd3d7",
                "description": "Hasn't had activity in 60 days",
                "name": "inactive",
                "url": "https://api.github.com/repos/tomdewildt/homelab/labels/inactive"
              },
              {
                "color": "cfd3d7",
                "description": "This issue or pull request already exists",
                "name": "duplicate",
                "url": "https://api.github.com/repos/tomdewildt/homelab/labels/duplicate"
              },
              {
                "color": "d4c5f9",
                "description": "A question or general inquiry",
                "name": "question",
                "url": "https://api.github.com/repos/tomdewildt/homelab/labels/question"
              },
              {
                "color": "d73a4a",
                "description": "Something isn't working",
                "name": "bug",
                "url": "https://api.github.com/repos/tomdewildt/homelab/labels/bug"
              },
              {
                "color": "d876e3",
                "description": "Further information is requested",
                "name": "need-more-info",
                "url": "https://api.github.com/repos/tomdewildt/homelab/labels/need-more-info"
              },
              {
                "color": "e4e669",
                "description": "This doesn't seem right",
                "name": "invalid",
                "url": "https://api.github.com/repos/tomdewildt/homelab/labels/invalid"
              },
              {
                "color": "f9348a",
                "description": "Will not be marked with the inactive label",
                "name": "pinned",
                "url": "https://api.github.com/repos/tomdewildt/homelab/labels/pinned"
              },
              {
                "color": "ffffff",
                "description": "This will not be worked on",
                "name": "wontfix",
                "url": "https://api.github.com/repos/tomdewildt/homelab/labels/wontfix"
              }
            ],
            "repository": "homelab"
          },
          "sensitive_attributes": [],
          "identity_schema_version": 0,
          "private": "bnVsbA=="
        },
        {
          "index_key": "kvk-data-service-experiment",
          "schema_version": 0,
          "attributes": {
            "id": "kvk-data-service-experiment",
            "label": [
              {
                "color": "0075ca",
                "description": "Improvements or additions to documentation",
                "name": "documentation",
                "url": "https://api.github.com/repos/tomdewildt/kvk-data-service-experiment/labels/documentation"
              },
              {
                "color": "008672",
                "description": "Extra attention is needed",
                "name": "help-wanted",
                "url": "https://api.github.com/repos/tomdewildt/kvk-data-service-experiment/labels/help-wanted"
              },
              {
                "color": "a2eeef",
                "description": "New feature or request",
                "name": "enhancement",
                "url": "https://api.github.com/repos/tomdewildt/kvk-data-service-experiment/labels/enhancement"
              },
              {
                "color": "cfd3d7",
                "description": "Hasn't had activity in 60 days",
                "name": "inactive",
                "url": "https://api.github.com/repos/tomdewildt/kvk-data-service-experiment/labels/inactive"
              },
              {
                "color": "cfd3d7",
                "description": "This issue or pull request already exists",
                "name": "duplicate",
                "url": "https://api.github.com/repos/tomdewildt/kvk-data-service-experiment/labels/duplicate"
              },
              {
                "color": "d4c5f9",
                "description": "A question or general inquiry",
                "name": "question",
                "url": "https://api.github.com/repos/tomdewildt/kvk-data-service-experiment/labels/question"
              },
              {
                "color": "d73a4a",
                "description": "Something isn't working",
                "name": "bug",
                "url": "https://api.github.com/repos/tomdewildt/kvk-data-service-experiment/labels/bug"
              },
              {
                "color": "d876e3",
                "description": "Further information is requested",
                "name": "need-more-info",
                "url": "https://api.github.com/repos/tomdewildt/kvk-data-service-experiment/labels/need-more-info"
              },
              {
                "color": "e4e669",
                "description": "This doesn't seem right",
                "name": "invalid",
                "url": "https://api.github.com/repos/tomdewildt/kvk-data-service-experiment/labels/invalid"
              },
              {
                "color": "f9348a",
                "description": "Will not be marked with the inactive label",
                "name": "pinned",
                "url": "https://api.github.com/repos/tomdewildt/kvk-data-service-experiment/labels/pinned"
              },
              {
                "color": "ffffff",
                "description": "This will not be worked on",
                "name": "wontfix",
                "url": "https://api.github.com/repos/tomdewildt/kvk-data-service-experiment/labels/wontfix"
              }
            ],
            "repository": "kvk-data-service-experiment"
          },
          "sensitive_attributes": [],
          "identity_schema_version": 0,
          "private": "bnVsbA=="
        },
        {
          "index_key": "latex-journal-template",
          "schema_version": 0,
          "attributes": {
            "id": "latex-journal-template",
            "label": [
              {
                "color": "0075ca",
                "description": "Improvements or additions to documentation",
                "name": "documentation",
                "url": "https://api.github.com/repos/tomdewildt/latex-journal-template/labels/documentation"
              },
              {
                "color": "008672",
                "description": "Extra attention is needed",
                "name": "help-wanted",
                "url": "https://api.github.com/repos/tomdewildt/latex-journal-template/labels/help-wanted"
              },
              {
                "color": "a2eeef",
                "description": "New feature or request",
                "name": "enhancement",
                "url": "https://api.github.com/repos/tomdewildt/latex-journal-template/labels/enhancement"
              },
              {
                "color": "cfd3d7",
                "description": "Hasn't had activity in 60 days",
                "name": "inactive",
                "url": "https://api.github.com/repos/tomdewildt/latex-journal-template/labels/inactive"
              },
              {
                "color": "cfd3d7",
                "description": "This issue or pull request already exists",
                "name": "duplicate",
                "url": "https://api.github.com/repos/tomdewildt/latex-journal-template/labels/duplicate"
              },
              {
                "color": "d4c5f9",
                "description": "A question or general inquiry",
                "name": "question",
                "url": "https://api.github.com/repos/tomdewildt/latex-journal-template/labels/question"
              },
              {
                "color": "d73a4a",
                "description": "Something isn't working",
                "name": "bug",
                "url": "https://api.github.com/repos/tomdewildt/latex-journal-template/labels/bug"
              },
              {
                "color": "d876e3",
                "description": "Further information is requested",
                "name": "need-more-info",
                "url": "https://api.github.com/repos/tomdewildt/latex-journal-template/labels/need-more-info"
              },
              {
                "color": "e4e669",
                "description": "This doesn't seem right",
                "name": "invalid",
                "url": "https://api.github.com/repos/tomdewildt/latex-journal-template/labels/invalid"
              },
              {
                "color": "f9348a",
                "description": "Will not be marked with the inactive label",
                "name": "pinned",
                "url": "https://api.github.com/repos/tomdewildt/latex-journal-template/labels/pinned"
              },
              {
                "color": "ffffff",
                "description": "This will not be worked on",
                "name": "wontfix",
                "url": "https://api.github.com/repos/tomdewildt/latex-journal-template/labels/wontfix"
              }
            ],
            "repository": "latex-journal-template"
          },
          "sensitive_attributes": [],
          "identity_schema_version": 0,
          "private": "bnVsbA=="
        },
        {
          "index_key": "latex-report-template",
          "schema_version": 0,
          "attributes": {
            "id": "latex-report-template",
            "label": [
              {
                "color": "0075ca",
                "description": "Improvements or additions to documentation",
                "name": "documentation",
                "url": "https://api.github.com/repos/tomdewildt/latex-report-template/labels/documentation"
              },
              {
                "color": "008672",
                "description": "Extra attention is needed",
                "name": "help-wanted",
                "url": "https://api.github.com/repos/tomdewildt/latex-report-template/labels/help-wanted"
              },
              {
                "color": "a2eeef",
                "description": "New feature or request",
                "name": "enhancement",
                "url": "https://api.github.com/repos/tomdewildt/latex-report-template/labels/enhancement"
              },
              {
                "color": "cfd3d7",
                "description": "Hasn't had activity in 60 days",
                "name": "inactive",
                "url": "https://api.github.com/repos/tomdewildt/latex-report-template/labels/inactive"
              },
              {
                "color": "cfd3d7",
                "description": "This issue or pull request already exists",
                "name": "duplicate",
                "url": "https://api.github.com/repos/tomdewildt/latex-report-template/labels/duplicate"
              },
              {
                "color": "d4c5f9",
                "description": "A question or general inquiry",
                "name": "question",
                "url": "https://api.github.com/repos/tomdewildt/latex-report-template/labels/question"
              },
              {
                "color": "d73a4a",
                "description": "Something isn't working",
                "name": "bug",
                "url": "https://api.github.com/repos/tomdewildt/latex-report-template/labels/bug"
              },
              {
                "color": "d876e3",
                "description": "Further information is requested",
                "name": "need-more-info",
                "url": "https://api.github.com/repos/tomdewildt/latex-report-template/labels/need-more-info"
              },
              {
                "color": "e4e669",
                "description": "This doesn't seem right",
                "name": "invalid",
                "url": "https://api.github.com/repos/tomdewildt/latex-report-template/labels/invalid"
              },
              {
                "color": "f9348a",
                "description": "Will not be marked with the inactive label",
                "name": "pinned",
                "url": "https://api.github.com/repos/tomdewildt/latex-report-template/labels/pinned"
              },
              {
                "color": "ffffff",
                "description": "This will not be worked on",
                "name": "wontfix",
                "url": "https://api.github.com/repos/tomdewildt/latex-report-template/labels/wontfix"
              }
            ],
            "repository": "latex-report-template"
          },
          "sensitive_attributes": [],
          "identity_schema_version": 0,
          "private": "bnVsbA=="
        },
        {
          "index_key": "latex-thesis-template",
          "schema_version": 0,
          "attributes": {
            "id": "latex-thesis-template",
            "label": [
              {
                "color": "0075ca",
                "description": "Improvements or additions to documentation",
                "name": "documentation",
                "url": "https://api.github.com/repos/tomdewildt/latex-thesis-template/labels/documentation"
              },
              {
                "color": "008672",
                "description": "Extra attention is needed",
                "name": "help-wanted",
                "url": "https://api.github.com/repos/tomdewildt/latex-thesis-template/labels/help-wanted"
              },
              {
                "color": "a2eeef",
                "description": "New feature or request",
                "name": "enhancement",
                "url": "https://api.github.com/repos/tomdewildt/latex-thesis-template/labels/enhancement"
              },
              {
                "color": "cfd3d7",
                "description": "Hasn't had activity in 60 days",
                "name": "inactive",
                "url": "https://api.github.com/repos/tomdewildt/latex-thesis-template/labels/inactive"
              },
              {
                "color": "cfd3d7",
                "description": "This issue or pull request already exists",
                "name": "duplicate",
                "url": "https://api.github.com/repos/tomdewildt/latex-thesis-template/labels/duplicate"
              },
              {
                "color": "d4c5f9",
                "description": "A question or general inquiry",
                "name": "question",
                "url": "https://api.github.com/repos/tomdewildt/latex-thesis-template/labels/question"
              },
              {
                "color": "d73a4a",
                "description": "Something isn't working",
                "name": "bug",
                "url": "https://api.github.com/repos/tomdewildt/latex-thesis-template/labels/bug"
              },
              {
                "color": "d876e3",
                "description": "Further information is requested",
                "name": "need-more-info",
                "url": "https://api.github.com/repos/tomdewildt/latex-thesis-template/labels/need-more-info"
              },
              {
                "color": "e4e669",
                "description": "This doesn't seem right",
                "name": "invalid",
                "url": "https://api.github.com/repos/tomdewildt/latex-thesis-template/labels/invalid"
              },
              {
                "color": "f9348a",
                "description": "Will not be marked with the inactive label",
                "name": "pinned",
                "url": "https://api.github.com/repos/tomdewildt/latex-thesis-template/labels/pinned"
              },
              {
                "color": "ffffff",
                "description": "This will not be worked on",
                "name": "wontfix",
                "url": "https://api.github.com/repos/tomdewildt/latex-thesis-template/labels/wontfix"
              }
            ],
            "repository": "latex-thesis-template"
          },
          "sensitive_attributes": [],
          "identity_schema_version": 0,
          "private": "bnVsbA=="
        },
        {
          "index_key": "minimal-grub-theme",
          "schema_version": 0,
          "attributes": {
            "id": "minimal-grub-theme",
            "label": [
              {
                "color": "0075ca",
                "description": "Improvements or additions to documentation",
                "name": "documentation",
                "url": "https://api.github.com/repos/tomdewildt/minimal-grub-theme/labels/documentation"
              },
              {
                "color": "008672",
                "description": "Extra attention is needed",
                "name": "help-wanted",
                "url": "https://api.github.com/repos/tomdewildt/minimal-grub-theme/labels/help-wanted"
              },
              {
                "color": "a2eeef",
                "description": "New feature or request",
                "name": "enhancement",
                "url": "https://api.github.com/repos/tomdewildt/minimal-grub-theme/labels/enhancement"
              },
              {
                "color": "cfd3d7",
                "description": "Hasn't had activity in 60 days",
                "name": "inactive",
                "url": "https://api.github.com/repos/tomdewildt/minimal-grub-theme/labels/inactive"
              },
              {
                "color": "cfd3d7",
                "description": "This issue or pull request already exists",
                "name": "duplicate",
                "url": "https://api.github.com/repos/tomdewildt/minimal-grub-theme/labels/duplicate"
              },
              {
                "color": "d4c5f9",
                "description": "A question or general inquiry",
                "name": "question",
                "url": "https://api.github.com/repos/tomdewildt/minimal-grub-theme/labels/question"
              },
              {
                "color": "d73a4a",
                "description": "Something isn't working",
                "name": "bug",
                "url": "https://api.github.com/repos/tomdewildt/minimal-grub-theme/labels/bug"
              },
              {
                "color": "d876e3",
                "description": "Further information is requested",
                "name": "need-more-info",
                "url": "https://api.github.com/repos/tomdewildt/minimal-grub-theme/labels/need-more-info"
              },
              {
                "color": "e4e669",
                "description": "This doesn't seem right",
                "name": "invalid",
                "url": "https://api.github.com/repos/tomdewildt/minimal-grub-theme/labels/invalid"
              },
              {
                "color": "f9348a",
                "description": "Will not be marked with the inactive label",
                "name": "pinned",
                "url": "https://api.github.com/repos/tomdewildt/minimal-grub-theme/labels/pinned"
              },
              {
                "color": "ffffff",
                "description": "This will not be worked on",
                "name": "wontfix",
                "url": "https://api.github.com/repos/tomdewildt/minimal-grub-theme/labels/wontfix"
              }
            ],
            "repository": "minimal-grub-theme"
          },
          "sensitive_attributes": [],
          "identity_schema_version": 0,
          "private": "bnVsbA=="
        },
        {
          "index_key": "minimal-plymouth-theme",
          "schema_version": 0,
          "attributes": {
            "id": "minimal-plymouth-theme",
            "label": [
              {
                "color": "0075ca",
                "description": "Improvements or additions to documentation",
                "name": "documentation",
                "url": "https://api.github.com/repos/tomdewildt/minimal-plymouth-theme/labels/documentation"
              },
              {
                "color": "008672",
                "description": "Extra attention is needed",
                "name": "help-wanted",
                "url": "https://api.github.com/repos/tomdewildt/minimal-plymouth-theme/labels/help-wanted"
              },
              {
                "color": "a2eeef",
                "description": "New feature or request",
                "name": "enhancement",
                "url": "https://api.github.com/repos/tomdewildt/minimal-plymouth-theme/labels/enhancement"
              },
              {
                "color": "cfd3d7",
                "description": "Hasn't had activity in 60 days",
                "name": "inactive",
                "url": "https://api.github.com/repos/tomdewildt/minimal-plymouth-theme/labels/inactive"
              },
              {
                "color": "cfd3d7",
                "description": "This issue or pull request already exists",
                "name": "duplicate",
                "url": "https://api.github.com/repos/tomdewildt/minimal-plymouth-theme/labels/duplicate"
              },
              {
                "color": "d4c5f9",
                "description": "A question or general inquiry",
                "name": "question",
                "url": "https://api.github.com/repos/tomdewildt/minimal-plymouth-theme/labels/question"
              },
              {
                "color": "d73a4a",
                "description": "Something isn't working",
                "name": "bug",
                "url": "https://api.github.com/repos/tomdewildt/minimal-plymouth-theme/labels/bug"
              },
              {
                "color": "d876e3",
                "description": "Further information is requested",
                "name": "need-more-info",
                "url": "https://api.github.com/repos/tomdewildt/minimal-plymouth-theme/labels/need-more-info"
              },
              {
                "color": "e4e669",
                "description": "This doesn't seem right",
                "name": "invalid",
                "url": "https://api.github.com/repos/tomdewildt/minimal-plymouth-theme/labels/invalid"
              },
              {
                "color": "f9348a",
                "description": "Will not be marked with the inactive label",
                "name": "pinned",
                "url": "https://api.github.com/repos/tomdewildt/minimal-plymouth-theme/labels/pinned"
              },
              {
                "color": "ffffff",
                "description": "This will not be worked on",
                "name": "wontfix",
                "url": "https://api.github.com/repos/tomdewildt/minimal-plymouth-theme/labels/wontfix"
              }
            ],
            "repository": "minimal-plymouth-theme"
          },
          "sensitive_attributes": [],
          "identity_schema_version": 0,
          "private": "bnVsbA=="
        },
        {
          "index_key": "parcel-site-template",
          "schema_version": 0,
          "attributes": {
            "id": "parcel-site-template",
            "label": [
              {
                "color": "0075ca",
                "description": "Improvements or additions to documentation",
                "name": "documentation",
                "url": "https://api.github.com/repos/tomdewildt/parcel-site-template/labels/documentation"
              },
              {
                "color": "008672",
                "description": "Extra attention is needed",
                "name": "help-wanted",
                "url": "https://api.github.com/repos/tomdewildt/parcel-site-template/labels/help-wanted"
              },
              {
                "color": "a2eeef",
                "description": "New feature or request",
                "name": "enhancement",
                "url": "https://api.github.com/repos/tomdewildt/parcel-site-template/labels/enhancement"
              },
              {
                "color": "cfd3d7",
                "description": "Hasn't had activity in 60 days",
                "name": "inactive",
                "url": "https://api.github.com/repos/tomdewildt/parcel-site-template/labels/inactive"
              },
              {
                "color": "cfd3d7",
                "description": "This issue or pull request already exists",
                "name": "duplicate",
                "url": "https://api.github.com/repos/tomdewildt/parcel-site-template/labels/duplicate"
              },
              {
                "color": "d4c5f9",
                "description": "A question or general inquiry",
                "name": "question",
                "url": "https://api.github.com/repos/tomdewildt/parcel-site-template/labels/question"
              },
              {
                "color": "d73a4a",
                "description": "Something isn't working",
                "name": "bug",
                "url": "https://api.github.com/repos/tomdewildt/parcel-site-template/labels/bug"
              },
              {
                "color": "d876e3",
                "description": "Further information is requested",
                "name": "need-more-info",
                "url": "https://api.github.com/repos/tomdewildt/parcel-site-template/labels/need-more-info"
              },
              {
                "color": "e4e669",
                "description": "This doesn't seem right",
                "name": "invalid",
                "url": "https://api.github.com/repos/tomdewildt/parcel-site-template/labels/invalid"
              },
              {
                "color": "f9348a",
                "description": "Will not be marked with the inactive label",
                "name": "pinned",
                "url": "https://api.github.com/repos/tomdewildt/parcel-site-template/labels/pinned"
              },
              {
                "color": "ffffff",
                "description": "This will not be worked on",
                "name": "wontfix",
                "url": "https://api.github.com/repos/tomdewildt/parcel-site-template/labels/wontfix"
              }
            ],
            "repository": "parcel-site-template"
          },
          "sensitive_attributes": [],
          "identity_schema_version": 0,
          "private": "bnVsbA=="
        },
        {
          "index_key": "playlist-exporter",
          "schema_version": 0,
          "attributes": {
            "id": "playlist-exporter",
            "label": [
              {
                "color": "0075ca",
                "description": "Improvements or additions to documentation",
                "name": "documentation",
                "url": "https://api.github.com/repos/tomdewildt/playlist-exporter/labels/documentation"
              },
              {
                "color": "008672",
                "description": "Extra attention is needed",
                "name": "help-wanted",
                "url": "https://api.github.com/repos/tomdewildt/playlist-exporter/labels/help-wanted"
              },
              {
                "color": "a2eeef",
                "description": "New feature or request",
                "name": "enhancement",
                "url": "https://api.github.com/repos/tomdewildt/playlist-exporter/labels/enhancement"
              },
              {
                "color": "cfd3d7",
                "description": "Hasn't had activity in 60 days",
                "name": "inactive",
                "url": "https://api.github.com/repos/tomdewildt/playlist-exporter/labels/inactive"
              },
              {
                "color": "cfd3d7",
                "description": "This issue or pull request already exists",
                "name": "duplicate",
                "url": "https://api.github.com/repos/tomdewildt/playlist-exporter/labels/duplicate"
              },
              {
                "color": "d4c5f9",
                "description": "A question or general inquiry",
                "name": "question",
                "url": "https://api.github.com/repos/tomdewildt/playlist-exporter/labels/question"
              },
              {
                "color": "d73a4a",
                "description": "Something isn't working",
                "name": "bug",
                "url": "https://api.github.com/repos/tomdewildt/playlist-exporter/labels/bug"
              },
              {
                "color": "d876e3",
                "description": "Further information is requested",
                "name": "need-more-info",
                "url": "https://api.github.com/repos/tomdewildt/playlist-exporter/labels/need-more-info"
              },
              {
                "color": "e4e669",
                "description": "This doesn't seem right",
                "name": "invalid",
                "url": "https://api.github.com/repos/tomdewildt/playlist-exporter/labels/invalid"
              },
              {
                "color": "f9348a",
                "description": "Will not be marked with the inactive label",
                "name": "pinned",
                "url": "https://api.github.com/repos/tomdewildt/playlist-exporter/labels/pinned"
              },
              {
                "color": "ffffff",
                "description": "This will not be worked on",
                "name": "wontfix",
                "url": "https://api.github.com/repos/tomdewildt/playlist-exporter/labels/wontfix"
              }
            ],
            "repository": "playlist-exporter"
          },
          "sensitive_attributes": [],
          "identity_schema_version": 0,
          "private": "bnVsbA=="
        },
        {
          "index_key": "raspberry-pi-images",
          "schema_version": 0,
          "attributes": {
            "id": "raspberry-pi-images",
            "label": [
              {
                "color": "0075ca",
                "description": "Improvements or additions to documentation",
                "name": "documentation",
                "url": "https://api.github.com/repos/tomdewildt/raspberry-pi-images/labels/documentation"
              },
              {
                "color": "008672",
                "description": "Extra attention is needed",
                "name": "help-wanted",
                "url": "https://api.github.com/repos/tomdewildt/raspberry-pi-images/labels/help-wanted"
              },
              {
                "color": "a2eeef",
                "description": "New feature or request",
                "name": "enhancement",
                "url": "https://api.github.com/repos/tomdewildt/raspberry-pi-images/labels/enhancement"
              },
              {
                "color": "cfd3d7",
                "description": "Hasn't had activity in 60 days",
                "name": "inactive",
                "url": "https://api.github.com/repos/tomdewildt/raspberry-pi-images/labels/inactive"
              },
              {
                "color": "cfd3d7",
                "description": "This issue or pull request already exists",
                "name": "duplicate",
                "url": "https://api.github.com/repos/tomdewildt/raspberry-pi-images/labels/duplicate"
              },
              {
                "color": "d4c5f9",
                "description": "A question or general inquiry",
                "name": "question",
                "url": "https://api.github.com/repos/tomdewildt/raspberry-pi-images/labels/question"
              },
              {
                "color": "d73a4a",
                "description": "Something isn't working",
                "name": "bug",
                "url": "https://api.github.com/repos/tomdewildt/raspberry-pi-images/labels/bug"
              },
              {
                "color": "d876e3",
                "description": "Further information is requested",
                "name": "need-more-info",
                "url": "https://api.github.com/repos/tomdewildt/raspberry-pi-images/labels/need-more-info"
              },
              {
                "color": "e4e669",
                "description": "This doesn't seem right",
                "name": "invalid",
                "url": "https://api.github.com/repos/tomdewildt/raspberry-pi-images/labels/invalid"
              },
              {
                "color": "f9348a",
                "description": "Will not be marked with the inactive label",
                "name": "pinned",
                "url": "https://api.github.com/repos/tomdewildt/raspberry-pi-images/labels/pinned"
              },
              {
                "color": "ffffff",
                "description": "This will not be worked on",
                "name": "wontfix",
                "url": "https://api.github.com/repos/tomdewildt/raspberry-pi-images/labels/wontfix"
              }
            ],
            "repository": "raspberry-pi-images"
          },
          "sensitive_attributes": [],
          "identity_schema_version": 0,
          "private": "bnVsbA=="
        },
        {
          "index_key": "react-app-template",
          "schema_version": 0,
          "attributes": {
            "id": "react-app-template",
            "label": [
              {
                "color": "0075ca",
                "description": "Improvements or additions to documentation",
                "name": "documentation",
                "url": "https://api.github.com/repos/tomdewildt/react-app-template/labels/documentation"
              },
              {
                "color": "008672",
                "description": "Extra attention is needed",
                "name": "help-wanted",
                "url": "https://api.github.com/repos/tomdewildt/react-app-template/labels/help-wanted"
              },
              {
                "color": "a2eeef",
                "description": "New feature or request",
                "name": "enhancement",
                "url": "https://api.github.com/repos/tomdewildt/react-app-template/labels/enhancement"
              },
              {
                "color": "cfd3d7",
                "description": "Hasn't had activity in 60 days",
                "name": "inactive",
                "url": "https://api.github.com/repos/tomdewildt/react-app-template/labels/inactive"
              },
              {
                "color": "cfd3d7",
                "description": "This issue or pull request already exists",
                "name": "duplicate",
                "url": "https://api.github.com/repos/tomdewildt/react-app-template/labels/duplicate"
              },
              {
                "color": "d4c5f9",
                "description": "A question or general inquiry",
                "name": "question",
                "url": "https://api.github.com/repos/tomdewildt/react-app-template/labels/question"
              },
              {
                "color": "d73a4a",
                "description": "Something isn't working",
                "name": "bug",
                "url": "https://api.github.com/repos/tomdewildt/react-app-template/labels/bug"
              },
              {
                "color": "d876e3",
                "description": "Further information is requested",
                "name": "need-more-info",
                "url": "https://api.github.com/repos/tomdewildt/react-app-template/labels/need-more-info"
              },
              {
                "color": "e4e669",
                "description": "This doesn't seem right",
                "name": "invalid",
                "url": "https://api.github.com/repos/tomdewildt/react-app-template/labels/invalid"
              },
              {
                "color": "f9348a",
                "description": "Will not be marked with the inactive label",
                "name": "pinned",
                "url": "https://api.github.com/repos/tomdewildt/react-app-template/labels/pinned"
              },
              {
                "color": "ffffff",
                "description": "This will not be worked on",
                "name": "wontfix",
                "url": "https://api.github.com/repos/tomdewildt/react-app-template/labels/wontfix"
              }
            ],
            "repository": "react-app-template"
          },
          "sensitive_attributes": [],
          "identity_schema_version": 0,
          "private": "bnVsbA=="
        },
        {
          "index_key": "receipt-scanner",
          "schema_version": 0,
          "attributes": {
            "id": "receipt-scanner",
            "label": [
              {
                "color": "0075ca",
                "description": "Improvements or additions to documentation",
                "name": "documentation",
                "url": "https://api.github.com/repos/tomdewildt/receipt-scanner/labels/documentation"
              },
              {
                "color": "008672",
                "description": "Extra attention is needed",
                "name": "help-wanted",
                "url": "https://api.github.com/repos/tomdewildt/receipt-scanner/labels/help-wanted"
              },
              {
                "color": "a2eeef",
                "description": "New feature or request",
                "name": "enhancement",
                "url": "https://api.github.com/repos/tomdewildt/receipt-scanner/labels/enhancement"
              },
              {
                "color": "cfd3d7",
                "description": "Hasn't had activity in 60 days",
                "name": "inactive",
                "url": "https://api.github.com/repos/tomdewildt/receipt-scanner/labels/inactive"
              },
              {
                "color": "cfd3d7",
                "description": "This issue or pull request already exists",
                "name": "duplicate",
                "url": "https://api.github.com/repos/tomdewildt/receipt-scanner/labels/duplicate"
              },
              {
                "color": "d4c5f9",
                "description": "A question or general inquiry",
                "name": "question",
                "url": "https://api.github.com/repos/tomdewildt/receipt-scanner/labels/question"
              },
              {
                "color": "d73a4a",
                "description": "Something isn't working",
                "name": "bug",
                "url": "https://api.github.com/repos/tomdewildt/receipt-scanner/labels/bug"
              },
              {
                "color": "d876e3",
                "description": "Further information is requested",
                "name": "need-more-info",
                "url": "https://api.github.com/repos/tomdewildt/receipt-scanner/labels/need-more-info"
              },
              {
                "color": "e4e669",
                "description": "This doesn't seem right",
                "name": "invalid",
                "url": "https://api.github.com/repos/tomdewildt/receipt-scanner/labels/invalid"
              },
              {
                "color": "f9348a",
                "description": "Will not be marked with the inactive label",
                "name": "pinned",
                "url": "https://api.github.com/repos/tomdewildt/receipt-scanner/labels/pinned"
              },
              {
                "color": "ffffff",
                "description": "This will not be worked on",
                "name": "wontfix",
                "url": "https://api.github.com/repos/tomdewildt/receipt-scanner/labels/wontfix"
              }
            ],
            "repository": "receipt-scanner"
          },
          "sensitive_attributes": [],
          "identity_schema_version": 0,
          "private": "bnVsbA=="
        },
        {
          "index_key": "rust-basics",
          "schema_version": 0,
          "attributes": {
            "id": "rust-basics",
            "label": [
              {
                "color": "0075ca",
                "description": "Improvements or additions to documentation",
                "name": "documentation",
                "url": "https://api.github.com/repos/tomdewildt/rust-basics/labels/documentation"
              },
              {
                "color": "008672",
                "description": "Extra attention is needed",
                "name": "help-wanted",
                "url": "https://api.github.com/repos/tomdewildt/rust-basics/labels/help-wanted"
              },
              {
                "color": "a2eeef",
                "description": "New feature or request",
                "name": "enhancement",
                "url": "https://api.github.com/repos/tomdewildt/rust-basics/labels/enhancement"
              },
              {
                "color": "cfd3d7",
                "description": "Hasn't had activity in 60 days",
                "name": "inactive",
                "url": "https://api.github.com/repos/tomdewildt/rust-basics/labels/inactive"
              },
              {
                "color": "cfd3d7",
                "description": "This issue or pull request already exists",
                "name": "duplicate",
                "url": "https://api.github.com/repos/tomdewildt/rust-basics/labels/duplicate"
              },
              {
                "color": "d4c5f9",
                "description": "A question or general inquiry",
                "name": "question",
                "url": "https://api.github.com/repos/tomdewildt/rust-basics/labels/question"
              },
              {
                "color": "d73a4a",
                "description": "Something isn't working",
                "name": "bug",
                "url": "https://api.github.com/repos/tomdewildt/rust-basics/labels/bug"
              },
              {
                "color": "d876e3",
                "description": "Further information is requested",
                "name": "need-more-info",
                "url": "https://api.github.com/repos/tomdewildt/rust-basics/labels/need-more-info"
              },
              {
                "color": "e4e669",
                "description": "This doesn't seem right",
                "name": "invalid",
                "url": "https://api.github.com/repos/tomdewildt/rust-basics/labels/invalid"
              },
              {
                "color": "f9348a",
                "description": "Will not be marked with the inactive label",
                "name": "pinned",
                "url": "https://api.github.com/repos/tomdewildt/rust-basics/labels/pinned"
              },
              {
                "color": "ffffff",
                "description": "This will not be worked on",
                "name": "wontfix",
                "url": "https://api.github.com/repos/tomdewildt/rust-basics/labels/wontfix"
              }
            ],
            "repository": "rust-basics"
          },
          "sensitive_attributes": [],
          "identity_schema_version": 0,
          "private": "bnVsbA=="
        },
        {
          "index_key": "ssh-provision",
          "schema_version": 0,
          "attributes": {
            "id": "ssh-provision",
            "label": [
              {
                "color": "0075ca",
                "description": "Improvements or additions to documentation",
                "name": "documentation",
                "url": "https://api.github.com/repos/tomdewildt/ssh-provision/labels/documentation"
              },
              {
                "color": "008672",
                "description": "Extra attention is needed",
                "name": "help-wanted",
                "url": "https://api.github.com/repos/tomdewildt/ssh-provision/labels/help-wanted"
              },
              {
                "color": "a2eeef",
                "description": "New feature or request",
                "name": "enhancement",
                "url": "https://api.github.com/repos/tomdewildt/ssh-provision/labels/enhancement"
              },
              {
                "color": "cfd3d7",
                "description": "Hasn't had activity in 60 days",
                "name": "inactive",
                "url": "https://api.github.com/repos/tomdewildt/ssh-provision/labels/inactive"
              },
              {
                "color": "cfd3d7",
                "description": "This issue or pull request already exists",
                "name": "duplicate",
                "url": "https://api.github.com/repos/tomdewildt/ssh-provision/labels/duplicate"
              },
              {
                "color": "d4c5f9",
                "description": "A question or general inquiry",
                "name": "question",
                "url": "https://api.github.com/repos/tomdewildt/ssh-provision/labels/question"
              },
              {
                "color": "d73a4a",
                "description": "Something isn't working",
                "name": "bug",
                "url": "https://api.github.com/repos/tomdewildt/ssh-provision/labels/bug"
              },
              {
                "color": "d876e3",
                "description": "Further information is requested",
                "name": "need-more-info",
                "url": "https://api.github.com/repos/tomdewildt/ssh-provision/labels/need-more-info"
              },
              {
                "color": "e4e669",
                "description": "This doesn't seem right",
                "name": "invalid",
                "url": "https://api.github.com/repos/tomdewildt/ssh-provision/labels/invalid"
              },
              {
                "color": "f9348a",
                "description": "Will not be marked with the inactive label",
                "name": "pinned",
                "url": "https://api.github.com/repos/tomdewildt/ssh-provision/labels/pinned"
              },
              {
                "color": "ffffff",
                "description": "This will not be worked on",
                "name": "wontfix",
                "url": "https://api.github.com/repos/tomdewildt/ssh-provision/labels/wontfix"
              }
            ],
            "repository": "ssh-provision"
          },
          "sensitive_attributes": [],
          "identity_schema_version": 0,
          "private": "bnVsbA=="
        },
        {
          "index_key": "stable-diffusion-experiment",
          "schema_version": 0,
          "attributes": {
            "id": "stable-diffusion-experiment",
            "label": [
              {
                "color": "0075ca",
                "description": "Improvements or additions to documentation",
                "name": "documentation",
                "url": "https://api.github.com/repos/tomdewildt/stable-diffusion-experiment/labels/documentation"
              },
              {
                "color": "008672",
                "description": "Extra attention is needed",
                "name": "help-wanted",
                "url": "https://api.github.com/repos/tomdewildt/stable-diffusion-experiment/labels/help-wanted"
              },
              {
                "color": "a2eeef",
                "description": "New feature or request",
                "name": "enhancement",
                "url": "https://api.github.com/repos/tomdewildt/stable-diffusion-experiment/labels/enhancement"
              },
              {
                "color": "cfd3d7",
                "description": "Hasn't had activity in 60 days",
                "name": "inactive",
                "url": "https://api.github.com/repos/tomdewildt/stable-diffusion-experiment/labels/inactive"
              },
              {
                "color": "cfd3d7",
                "description": "This issue or pull request already exists",
                "name": "duplicate",
                "url": "https://api.github.com/repos/tomdewildt/stable-diffusion-experiment/labels/duplicate"
              },
              {
                "color": "d4c5f9",
                "description": "A question or general inquiry",
                "name": "question",
                "url": "https://api.github.com/repos/tomdewildt/stable-diffusion-experiment/labels/question"
              },
              {
                "color": "d73a4a",
                "description": "Something isn't working",
                "name": "bug",
                "url": "https://api.github.com/repos/tomdewildt/stable-diffusion-experiment/labels/bug"
              },
              {
                "color": "d876e3",
                "description": "Further information is requested",
                "name": "need-more-info",
                "url": "https://api.github.com/repos/tomdewildt/stable-diffusion-experiment/labels/need-more-info"
              },
              {
                "color": "e4e669",
                "description": "This doesn't seem right",
                "name": "invalid",
                "url": "https://api.github.com/repos/tomdewildt/stable-diffusion-experiment/labels/invalid"
              },
              {
                "color": "f9348a",
                "description": "Will not be marked with the inactive label",
                "name": "pinned",
                "url": "https://api.github.com/repos/tomdewildt/stable-diffusion-experiment/labels/pinned"
              },
              {
                "color": "ffffff",
                "description": "This will not be worked on",
                "name": "wontfix",
                "url": "https://api.github.com/repos/tomdewildt/stable-diffusion-experiment/labels/wontfix"
              }
            ],
            "repository": "stable-diffusion-experiment"
          },
          "sensitive_attributes": [],
          "identity_schema_version": 0,
          "private": "bnVsbA=="
        },
        {
          "index_key": "tomdewildt",
          "schema_version": 0,
          "attributes": {
            "id": "tomdewildt",
            "label": [
              {
                "color": "0075ca",
                "description": "Improvements or additions to documentation",
                "name": "documentation",
                "url": "https://api.github.com/repos/tomdewildt/tomdewildt/labels/documentation"
              },
              {
                "color": "008672",
                "description": "Extra attention is needed",
                "name": "help-wanted",
                "url": "https://api.github.com/repos/tomdewildt/tomdewildt/labels/help-wanted"
              },
              {
                "color": "a2eeef",
                "description": "New feature or request",
                "name": "enhancement",
                "url": "https://api.github.com/repos/tomdewildt/tomdewildt/labels/enhancement"
              },
              {
                "color": "cfd3d7",
                "description": "Hasn't had activity in 60 days",
                "name": "inactive",
                "url": "https://api.github.com/repos/tomdewildt/tomdewildt/labels/inactive"
              },
              {
                "color": "cfd3d7",
                "description": "This issue or pull request already exists",
                "name": "duplicate",
                "url": "https://api.github.com/repos/tomdewildt/tomdewildt/labels/duplicate"
              },
              {
                "color": "d4c5f9",
                "description": "A question or general inquiry",
                "name": "question",
                "url": "https://api.github.com/repos/tomdewildt/tomdewildt/labels/question"
              },
              {
                "color": "d73a4a",
                "description": "Something isn't working",
                "name": "bug",
                "url": "https://api.github.com/repos/tomdewildt/tomdewildt/labels/bug"
              },
              {
                "color": "d876e3",
                "description": "Further information is requested",
                "name": "need-more-info",
                "url": "https://api.github.com/repos/tomdewildt/tomdewildt/labels/need-more-info"
              },
              {
                "color": "e4e669",
                "description": "This doesn't seem right",
                "name": "invalid",
                "url": "https://api.github.com/repos/tomdewildt/tomdewildt/labels/invalid"
              },
              {
                "color": "f9348a",
                "description": "Will not be marked with the inactive label",
                "name": "pinned",
                "url": "https://api.github.com/repos/tomdewildt/tomdewildt/labels/pinned"
              },
              {
                "color": "ffffff",
                "description": "This will not be worked on",
                "name": "wontfix",
                "url": "https://api.github.com/repos/tomdewildt/tomdewildt/labels/wontfix"
              }
            ],
            "repository": "tomdewildt"
          },
          "sensitive_attributes": [],
          "identity_schema_version": 0,
          "private": "bnVsbA=="
        },
        {
          "index_key": "vlm-ocr-experiment",
          "schema_version": 0,
          "attributes": {
            "id": "vlm-ocr-experiment",
            "label": [
              {
                "color": "0075ca",
                "description": "Improvements or additions to documentation",
                "name": "documentation",
                "url": "https://api.github.com/repos/tomdewildt/vlm-ocr-experiment/labels/documentation"
              },
              {
                "color": "008672",
                "description": "Extra attention is needed",
                "name": "help-wanted",
                "url": "https://api.github.com/repos/tomdewildt/vlm-ocr-experiment/labels/help-wanted"
              },
              {
                "color": "a2eeef",
                "description": "New feature or request",
                "name": "enhancement",
                "url": "https://api.github.com/repos/tomdewildt/vlm-ocr-experiment/labels/enhancement"
              },
              {
                "color": "cfd3d7",
                "description": "Hasn't had activity in 60 days",
                "name": "inactive",
                "url": "https://api.github.com/repos/tomdewildt/vlm-ocr-experiment/labels/inactive"
              },
              {
                "color": "cfd3d7",
                "description": "This issue or pull request already exists",
                "name": "duplicate",
                "url": "https://api.github.com/repos/tomdewildt/vlm-ocr-experiment/labels/duplicate"
              },
              {
                "color": "d4c5f9",
                "description": "A question or general inquiry",
                "name": "question",
                "url": "https://api.github.com/repos/tomdewildt/vlm-ocr-experiment/labels/question"
              },
              {
                "color": "d73a4a",
                "description": "Something isn't working",
                "name": "bug",
                "url": "https://api.github.com/repos/tomdewildt/vlm-ocr-experiment/labels/bug"
              },
              {
                "color": "d876e3",
                "description": "Further information is requested",
                "name": "need-more-info",
                "url": "https://api.github.com/repos/tomdewildt/vlm-ocr-experiment/labels/need-more-info"
              },
              {
                "color": "e4e669",
                "description": "This doesn't seem right",
                "name": "invalid",
                "url": "https://api.github.com/repos/tomdewildt/vlm-ocr-experiment/labels/invalid"
              },
              {
                "color": "f9348a",
                "description": "Will not be marked with the inactive label",
                "name": "pinned",
                "url": "https://api.github.com/repos/tomdewildt/vlm-ocr-experiment/labels/pinned"
              },
              {
                "color": "ffffff",
                "description": "This will not be worked on",
                "name": "wontfix",
                "url": "https://api.github.com/repos/tomdewildt/vlm-ocr-experiment/labels/wontfix"
              }
            ],
            "repository": "vlm-ocr-experiment"
          },
          "sensitive_attributes": [],
          "identity_schema_version": 0,
          "private": "bnVsbA=="
        },
        {
          "index_key": "web-diff",
          "schema_version": 0,
          "attributes": {
            "id": "web-diff",
            "label": [
              {
                "color": "0075ca",
                "description": "Improvements or additions to documentation",
                "name": "documentation",
                "url": "https://api.github.com/repos/tomdewildt/web-diff/labels/documentation"
              },
              {
                "color": "008672",
                "description": "Extra attention is needed",
                "name": "help-wanted",
                "url": "https://api.github.com/repos/tomdewildt/web-diff/labels/help-wanted"
              },
              {
                "color": "a2eeef",
                "description": "New feature or request",
                "name": "enhancement",
                "url": "https://api.github.com/repos/tomdewildt/web-diff/labels/enhancement"
              },
              {
                "color": "cfd3d7",
                "description": "Hasn't had activity in 60 days",
                "name": "inactive",
                "url": "https://api.github.com/repos/tomdewildt/web-diff/labels/inactive"
              },
              {
                "color": "cfd3d7",
                "description": "This issue or pull request already exists",
                "name": "duplicate",
                "url": "https://api.github.com/repos/tomdewildt/web-diff/labels/duplicate"
              },
              {
                "color": "d4c5f9",
                "description": "A question or general inquiry",
                "name": "question",
                "url": "https://api.github.com/repos/tomdewildt/web-diff/labels/question"
              },
              {
                "color": "d73a4a",
                "description": "Something isn't working",
                "name": "bug",
                "url": "https://api.github.com/repos/tomdewildt/web-diff/labels/bug"
              },
              {
                "color": "d876e3",
                "description": "Further information is requested",
                "name": "need-more-info",
                "url": "https://api.github.com/repos/tomdewildt/web-diff/labels/need-more-info"
              },
              {
                "color": "e4e669",
                "description": "This doesn't seem right",
                "name": "invalid",
                "url": "https://api.github.com/repos/tomdewildt/web-diff/labels/invalid"
              },
              {
                "color": "f9348a",
                "description": "Will not be marked with the inactive label",
                "name": "pinned",
                "url": "https://api.github.com/repos/tomdewildt/web-diff/labels/pinned"
              },
              {
                "color": "ffffff",
                "description": "This will not be worked on",
                "name": "wontfix",
                "url": "https://api.github.com/repos/tomdewildt/web-diff/labels/wontfix"
              }
            ],
            "repository": "web-diff"
          },
          "sensitive_attributes": [],
          "identity_schema_version": 0,
          "private": "bnVsbA=="
        },
        {
          "index_key": "whisper-experiment",
          "schema_version": 0,
          "attributes": {
            "id": "whisper-experiment",
            "label": [
              {
                "color": "0075ca",
                "description": "Improvements or additions to documentation",
                "name": "documentation",
                "url": "https://api.github.com/repos/tomdewildt/whisper-experiment/labels/documentation"
              },
              {
                "color": "008672",
                "description": "Extra attention is needed",
                "name": "help-wanted",
                "url": "https://api.github.com/repos/tomdewildt/whisper-experiment/labels/help-wanted"
              },
              {
                "color": "a2eeef",
                "description": "New feature or request",
                "name": "enhancement",
                "url": "https://api.github.com/repos/tomdewildt/whisper-experiment/labels/enhancement"
              },
              {
                "color": "cfd3d7",
                "description": "Hasn't had activity in 60 days",
                "name": "inactive",
                "url": "https://api.github.com/repos/tomdewildt/whisper-experiment/labels/inactive"
              },
              {
                "color": "cfd3d7",
                "description": "This issue or pull request already exists",
                "name": "duplicate",
                "url": "https://api.github.com/repos/tomdewildt/whisper-experiment/labels/duplicate"
              },
              {
                "color": "d4c5f9",
                "description": "A question or general inquiry",
                "name": "question",
                "url": "https://api.github.com/repos/tomdewildt/whisper-experiment/labels/question"
              },
              {
                "color": "d73a4a",
                "description": "Something isn't working",
                "name": "bug",
                "url": "https://api.github.com/repos/tomdewildt/whisper-experiment/labels/bug"
              },
              {
                "color": "d876e3",
                "description": "Further information is requested",
                "name": "need-more-info",
                "url": "https://api.github.com/repos/tomdewildt/whisper-experiment/labels/need-more-info"
              },
              {
                "color": "e4e669",
                "description": "This doesn't seem right",
                "name": "invalid",
                "url": "https://api.github.com/repos/tomdewildt/whisper-experiment/labels/invalid"
              },
              {
                "color": "f9348a",
                "description": "Will not be marked with the inactive label",
                "name": "pinned",
                "url": "https://api.github.com/repos/tomdewildt/whisper-experiment/labels/pinned"
              },
              {
                "color": "ffffff",
                "description": "This will not be worked on",
                "name": "wontfix",
                "url": "https://api.github.com/repos/tomdewildt/whisper-experiment/labels/wontfix"
              }
            ],
            "repository": "whisper-experiment"
          },
          "sensitive_attributes": [],
          "identity_schema_version": 0,
          "private": "bnVsbA=="
        },
        {
          "index_key": "workstation",
          "schema_version": 0,
          "attributes": {
            "id": "workstation",
            "label": [
              {
                "color": "0075ca",
                "description": "Improvements or additions to documentation",
                "name": "documentation",
                "url": "https://api.github.com/repos/tomdewildt/workstation/labels/documentation"
              },
              {
                "color": "008672",
                "description": "Extra attention is needed",
                "name": "help-wanted",
                "url": "https://api.github.com/repos/tomdewildt/workstation/labels/help-wanted"
              },
              {
                "color": "a2eeef",
                "description": "New feature or request",
                "name": "enhancement",
                "url": "https://api.github.com/repos/tomdewildt/workstation/labels/enhancement"
              },
              {
                "color": "cfd3d7",
                "description": "Hasn't had activity in 60 days",
                "name": "inactive",
                "url": "https://api.github.com/repos/tomdewildt/workstation/labels/inactive"
              },
              {
                "color": "cfd3d7",
                "description": "This issue or pull request already exists",
                "name": "duplicate",
                "url": "https://api.github.com/repos/tomdewildt/workstation/labels/duplicate"
              },
              {
                "color": "d4c5f9",
                "description": "A question or general inquiry",
                "name": "question",
                "url": "https://api.github.com/repos/tomdewildt/workstation/labels/question"
              },
              {
                "color": "d73a4a",
                "description": "Something isn't working",
                "name": "bug",
                "url": "https://api.github.com/repos/tomdewildt/workstation/labels/bug"
              },
              {
                "color": "d876e3",
                "description": "Further information is requested",
                "name": "need-more-info",
                "url": "https://api.github.com/repos/tomdewildt/workstation/labels/need-more-info"
              },
              {
                "color": "e4e669",
                "description": "This doesn't seem right",
                "name": "invalid",
                "url": "https://api.github.com/repos/tomdewildt/workstation/labels/invalid"
              },
              {
                "color": "f9348a",
                "description": "Will not be marked with the inactive label",
                "name": "pinned",
                "url": "https://api.github.com/repos/tomdewildt/workstation/labels/pinned"
              },
              {
                "color": "ffffff",
                "description": "This will not be worked on",
                "name": "wontfix",
                "url": "https://api.github.com/repos/tomdewildt/workstation/labels/wontfix"
              }
            ],
            "repository": "workstation"
          },
          "sensitive_attributes": [],
          "identity_schema_version": 0,
          "private": "bnVsbA=="
        }
      ]
    },
    {
      "mode": "managed",
      "type": "github_repository",
      "name": "repository",
      "provider": "provider[\"registry.terraform.io/integrations/github\"]",
      "instances": [
        {
          "index_key": "advent-of-code-2020",
          "schema_version": 1,
          "attributes": {
            "allow_auto_merge": false,
            "allow_forking": true,
            "allow_merge_commit": false,
            "allow_rebase_merge": false,
            "allow_squash_merge": true,
            "allow_update_branch": true,
            "archive_on_destroy": null,
            "archived": false,
            "auto_init": false,
            "default_branch": "master",
            "delete_branch_on_merge": true,
            "description": "Solutions for the Advent of Code 2020 problems implemented in Golang",
            "etag": "W/\"f9bec709d59bd57f96c8c70189500369dc6cbfcdefc0aaf5a9bf53e5a85faf57\"",
            "fork": "false",
            "full_name": "tomdewildt/advent-of-code-2020",
            "git_clone_url": "git://github.com/tomdewildt/advent-of-code-2020.git",
            "gitignore_template": null,
            "has_discussions": false,
            "has_downloads": false,
            "has_issues": true,
            "has_projects": false,
            "has_wiki": false,
            "homepage_url": "",
            "html_url": "https://github.com/tomdewildt/advent-of-code-2020",
            "http_clone_url": "https://github.com/tomdewildt/advent-of-code-2020.git",
            "id": "advent-of-code-2020",
            "ignore_vulnerability_alerts_during_read": false,
            "is_template": false,
            "license_template": null,
            "merge_commit_message": "PR_TITLE",
            "merge_commit_title": "MERGE_MESSAGE",
            "name": "advent-of-code-2020",
            "node_id": "MDEwOlJlcG9zaXRvcnkzMTgzMjk2MDk=",
            "pages": [],
            "primary_language": "Go",
            "private": false,
            "repo_id": 318329609,
            "security_and_analysis": [
              {
                "advanced_security": [],
                "code_security": [],
                "secret_scanning": [
                  {
                    "status": "disabled"
                  }
                ],
                "secret_scanning_ai_detection": [],
                "secret_scanning_non_provider_patterns": [],
                "secret_scanning_push_protection": [
                  {
                    "status": "disabled"
                  }
                ]
              }
            ],
            "source_owner": "",
            "source_repo": "",
            "squash_merge_commit_message": "COMMIT_MESSAGES",
            "squash_merge_commit_title": "COMMIT_OR_PR_TITLE",
            "ssh_clone_url": "git@github.com:tomdewildt/advent-of-code-2020.git",
            "svn_url": "https://github.com/tomdewildt/advent-of-code-2020",
            "template": [],
            "topics": [
              "actions",
              "advent-of-code-2020",
              "cobra",
              "golang",
              "logrus",
              "pflag"
            ],
            "visibility": "public",
            "vulnerability_alerts": false,
            "web_commit_signoff_required": false
          },
          "sensitive_attributes": [],
          "identity_schema_version": 0,
          "private": "eyJzY2hlbWFfdmVyc2lvbiI6IjEifQ=="
        },
        {
          "index_key": "advent-of-code-2022",
          "schema_version": 1,
          "attributes": {
            "allow_auto_merge": false,
            "allow_forking": true,
            "allow_merge_commit": false,
            "allow_rebase_merge": false,
            "allow_squash_merge": true,
            "allow_update_branch": true,
            "archive_on_destroy": null,
            "archived": false,
            "auto_init": false,
            "default_branch": "master",
            "delete_branch_on_merge": true,
            "description": "Solutions for the Advent of Code 2022 problems implemented in Python",
            "etag": "W/\"c2b6e8589a9a04ac0d8a27398f2085e6f544be89da023bad053bef328ff54e89\"",
            "fork": "false",
            "full_name": "tomdewildt/advent-of-code-2022",
            "git_clone_url": "git://github.com/tomdewildt/advent-of-code-2022.git",
            "gitignore_template": null,
            "has_discussions": false,
            "has_downloads": false,
            "has_issues": true,
            "has_projects": false,
            "has_wiki": false,
            "homepage_url": "",
            "html_url": "https://github.com/tomdewildt/advent-of-code-2022",
            "http_clone_url": "https://github.com/tomdewildt/advent-of-code-2022.git",
            "id": "advent-of-code-2022",
            "ignore_vulnerability_alerts_during_read": false,
            "is_template": false,
            "license_template": null,
            "merge_commit_message": "PR_TITLE",
            "merge_commit_title": "MERGE_MESSAGE",
            "name": "advent-of-code-2022",
            "node_id": "R_kgDOIdeKhg",
            "pages": [],
            "primary_language": "Python",
            "private": false,
            "repo_id": 567773830,
            "security_and_analysis": [
              {
                "advanced_security": [],
                "code_security": [],
                "secret_scanning": [
                  {
                    "status": "disabled"
                  }
                ],
                "secret_scanning_ai_detection": [],
                "secret_scanning_non_provider_patterns": [],
                "secret_scanning_push_protection": [
                  {
                    "status": "disabled"
                  }
                ]
              }
            ],
            "source_owner": "",
            "source_repo": "",
            "squash_merge_commit_message": "COMMIT_MESSAGES",
            "squash_merge_commit_title": "COMMIT_OR_PR_TITLE",
            "ssh_clone_url": "git@github.com:tomdewildt/advent-of-code-2022.git",
            "svn_url": "https://github.com/tomdewildt/advent-of-code-2022",
            "template": [],
            "topics": [
              "actions",
              "advent-of-code-2022",
              "black",
              "click",
              "pylint",
              "python"
            ],
            "visibility": "public",
            "vulnerability_alerts": false,
            "web_commit_signoff_required": false
          },
          "sensitive_attributes": [],
          "identity_schema_version": 0,
          "private": "eyJzY2hlbWFfdmVyc2lvbiI6IjEifQ=="
        },
        {
          "index_key": "apache-age-experiment",
          "schema_version": 1,
          "attributes": {
            "allow_auto_merge": false,
            "allow_forking": true,
            "allow_merge_commit": false,
            "allow_rebase_merge": false,
            "allow_squash_merge": true,
            "allow_update_branch": true,
            "archive_on_destroy": null,
            "archived": false,
            "auto_init": false,
            "default_branch": "master",
            "delete_branch_on_merge": true,
            "description": "Experiments using the Apache AGE graph database extension for PostgreSQL.",
            "etag": "W/\"22a6f5737d354ea9cdcc41369a4105776fb0ec90f8be5dd384419fd81d263b45\"",
            "fork": "false",
            "full_name": "tomdewildt/apache-age-experiment",
            "git_clone_url": "git://github.com/tomdewildt/apache-age-experiment.git",
            "gitignore_template": null,
            "has_discussions": false,
            "has_downloads": false,
            "has_issues": true,
            "has_projects": false,
            "has_wiki": false,
            "homepage_url": "",
            "html_url": "https://github.com/tomdewildt/apache-age-experiment",
            "http_clone_url": "https://github.com/tomdewildt/apache-age-experiment.git",
            "id": "apache-age-experiment",
            "ignore_vulnerability_alerts_during_read": false,
            "is_template": false,
            "license_template": null,
            "merge_commit_message": "PR_TITLE",
            "merge_commit_title": "MERGE_MESSAGE",
            "name": "apache-age-experiment",
            "node_id": "R_kgDORyaoNg",
            "pages": [],
            "primary_language": "TypeScript",
            "private": false,
            "repo_id": 1193715766,
            "security_and_analysis": [
              {
                "advanced_security": [],
                "code_security": [],
                "secret_scanning": [
                  {
                    "status": "enabled"
                  }
                ],
                "secret_scanning_ai_detection": [],
                "secret_scanning_non_provider_patterns": [],
                "secret_scanning_push_protection": [
                  {
                    "status": "enabled"
                  }
                ]
              }
            ],
            "source_owner": "",
            "source_repo": "",
            "squash_merge_commit_message": "COMMIT_MESSAGES",
            "squash_merge_commit_title": "COMMIT_OR_PR_TITLE",
            "ssh_clone_url": "git@github.com:tomdewildt/apache-age-experiment.git",
            "svn_url": "https://github.com/tomdewildt/apache-age-experiment",
            "template": [],
            "topics": [
              "actions",
              "apache-age",
              "docker",
              "drizzle-orm",
              "node",
              "postgresql",
              "typescript"
            ],
            "visibility": "public",
            "vulnerability_alerts": false,
            "web_commit_signoff_required": false
          },
          "sensitive_attributes": [],
          "identity_schema_version": 0,
          "private": "eyJzY2hlbWFfdmVyc2lvbiI6IjEifQ=="
        },
        {
          "index_key": "brk-api-experiment",
          "schema_version": 1,
          "attributes": {
            "allow_auto_merge": false,
            "allow_forking": true,
            "allow_merge_commit": false,
            "allow_rebase_merge": false,
            "allow_squash_merge": true,
            "allow_update_branch": true,
            "archive_on_destroy": null,
            "archived": false,
            "auto_init": false,
            "default_branch": "master",
            "delete_branch_on_merge": true,
            "description": "Experiment with the BRK (Kadaster) API using FastAPI",
            "etag": "W/\"81416b4511997884c6a0e98c9d7638692b40ed67b5ed662a4a0a843cbdfd4c18\"",
            "fork": "false",
            "full_name": "tomdewildt/brk-api-experiment",
            "git_clone_url": "git://github.com/tomdewildt/brk-api-experiment.git",
            "gitignore_template": null,
            "has_discussions": false,
            "has_downloads": false,
            "has_issues": true,
            "has_projects": false,
            "has_wiki": false,
            "homepage_url": "",
            "html_url": "https://github.com/tomdewildt/brk-api-experiment",
            "http_clone_url": "https://github.com/tomdewildt/brk-api-experiment.git",
            "id": "brk-api-experiment",
            "ignore_vulnerability_alerts_during_read": false,
            "is_template": false,
            "license_template": null,
            "merge_commit_message": "PR_TITLE",
            "merge_commit_title": "MERGE_MESSAGE",
            "name": "brk-api-experiment",
            "node_id": "R_kgDOR4n9Xg",
            "pages": [],
            "primary_language": "Python",
            "private": false,
            "repo_id": 1200225630,
            "security_and_analysis": [
              {
                "advanced_security": [],
                "code_security": [],
                "secret_scanning": [
                  {
                    "status": "enabled"
                  }
                ],
                "secret_scanning_ai_detection": [],
                "secret_scanning_non_provider_patterns": [],
                "secret_scanning_push_protection": [
                  {
                    "status": "enabled"
                  }
                ]
              }
            ],
            "source_owner": "",
            "source_repo": "",
            "squash_merge_commit_message": "COMMIT_MESSAGES",
            "squash_merge_commit_title": "COMMIT_OR_PR_TITLE",
            "ssh_clone_url": "git@github.com:tomdewildt/brk-api-experiment.git",
            "svn_url": "https://github.com/tomdewildt/brk-api-experiment",
            "template": [],
            "topics": [
              "actions",
              "brk",
              "fastapi",
              "httpx",
              "kadaster",
              "pdok",
              "pydantic",
              "python"
            ],
            "visibility": "public",
            "vulnerability_alerts": false,
            "web_commit_signoff_required": false
          },
          "sensitive_attributes": [],
          "identity_schema_version": 0,
          "private": "eyJzY2hlbWFfdmVyc2lvbiI6IjEifQ=="
        },
        {
          "index_key": "cahuella-lightdm-theme",
          "schema_version": 1,
          "attributes": {
            "allow_auto_merge": false,
            "allow_forking": true,
            "allow_merge_commit": false,
            "allow_rebase_merge": false,
            "allow_squash_merge": true,
            "allow_update_branch": true,
            "archive_on_destroy": null,
            "archived": false,
            "auto_init": false,
            "default_branch": "master",
            "delete_branch_on_merge": true,
            "description": "Simple LightDM theme inspired by cahuella",
            "etag": "W/\"cce32edb184154ee20f766f8b9e94a6e3adc84496249dc0bf8295d38cf5fa837\"",
            "fork": "false",
            "full_name": "tomdewildt/cahuella-lightdm-theme",
            "git_clone_url": "git://github.com/tomdewildt/cahuella-lightdm-theme.git",
            "gitignore_template": null,
            "has_discussions": false,
            "has_downloads": false,
            "has_issues": true,
            "has_projects": false,
            "has_wiki": false,
            "homepage_url": "",
            "html_url": "https://github.com/tomdewildt/cahuella-lightdm-theme",
            "http_clone_url": "https://github.com/tomdewildt/cahuella-lightdm-theme.git",
            "id": "cahuella-lightdm-theme",
            "ignore_vulnerability_alerts_during_read": false,
            "is_template": false,
            "license_template": null,
            "merge_commit_message": "PR_TITLE",
            "merge_commit_title": "MERGE_MESSAGE",
            "name": "cahuella-lightdm-theme",
            "node_id": "MDEwOlJlcG9zaXRvcnkzMjY3MTEwMzc=",
            "pages": [],
            "primary_language": "Makefile",
            "private": false,
            "repo_id": 326711037,
            "security_and_analysis": [
              {
                "advanced_security": [],
                "code_security": [],
                "secret_scanning": [
                  {
                    "status": "disabled"
                  }
                ],
                "secret_scanning_ai_detection": [],
                "secret_scanning_non_provider_patterns": [],
                "secret_scanning_push_protection": [
                  {
                    "status": "disabled"
                  }
                ]
              }
            ],
            "source_owner": "",
            "source_repo": "",
            "squash_merge_commit_message": "COMMIT_MESSAGES",
            "squash_merge_commit_title": "COMMIT_OR_PR_TITLE",
            "ssh_clone_url": "git@github.com:tomdewildt/cahuella-lightdm-theme.git",
            "svn_url": "https://github.com/tomdewildt/cahuella-lightdm-theme",
            "template": [],
            "topics": [
              "actions",
              "lightdm",
              "lightdm-gtk-greeter",
              "linux",
              "makefile"
            ],
            "visibility": "public",
            "vulnerability_alerts": false,
            "web_commit_signoff_required": false
          },
          "sensitive_attributes": [],
          "identity_schema_version": 0,
          "private": "eyJzY2hlbWFfdmVyc2lvbiI6IjEifQ=="
        },
        {
          "index_key": "clojure-basics",
          "schema_version": 1,
          "attributes": {
            "allow_auto_merge": false,
            "allow_forking": true,
            "allow_merge_commit": false,
            "allow_rebase_merge": false,
            "allow_squash_merge": true,
            "allow_update_branch": true,
            "archive_on_destroy": null,
            "archived": false,
            "auto_init": false,
            "default_branch": "master",
            "delete_branch_on_merge": true,
            "description": "Syntax basics for the clojure programming language",
            "etag": "W/\"619208b7e4ba9c9d499b64c80ad4ea12ad29fb9e78494cf1270c7290cd889ad5\"",
            "fork": "false",
            "full_name": "tomdewildt/clojure-basics",
            "git_clone_url": "git://github.com/tomdewildt/clojure-basics.git",
            "gitignore_template": null,
            "has_discussions": false,
            "has_downloads": false,
            "has_issues": true,
            "has_projects": false,
            "has_wiki": false,
            "homepage_url": "",
            "html_url": "https://github.com/tomdewildt/clojure-basics",
            "http_clone_url": "https://github.com/tomdewildt/clojure-basics.git",
            "id": "clojure-basics",
            "ignore_vulnerability_alerts_during_read": false,
            "is_template": false,
            "license_template": null,
            "merge_commit_message": "PR_TITLE",
            "merge_commit_title": "MERGE_MESSAGE",
            "name": "clojure-basics",
            "node_id": "MDEwOlJlcG9zaXRvcnkyNDkyOTIxODA=",
            "pages": [],
            "primary_language": "Clojure",
            "private": false,
            "repo_id": 249292180,
            "security_and_analysis": [
              {
                "advanced_security": [],
                "code_security": [],
                "secret_scanning": [
                  {
                    "status": "disabled"
                  }
                ],
                "secret_scanning_ai_detection": [],
                "secret_scanning_non_provider_patterns": [],
                "secret_scanning_push_protection": [
                  {
                    "status": "disabled"
                  }
                ]
              }
            ],
            "source_owner": "",
            "source_repo": "",
            "squash_merge_commit_message": "COMMIT_MESSAGES",
            "squash_merge_commit_title": "COMMIT_OR_PR_TITLE",
            "ssh_clone_url": "git@github.com:tomdewildt/clojure-basics.git",
            "svn_url": "https://github.com/tomdewildt/clojure-basics",
            "template": [],
            "topics": [
              "actions",
              "clj",
              "clojure",
              "syntax",
              "vscode"
            ],
            "visibility": "public",
            "vulnerability_alerts": false,
            "web_commit_signoff_required": false
          },
          "sensitive_attributes": [],
          "identity_schema_version": 0,
          "private": "eyJzY2hlbWFfdmVyc2lvbiI6IjEifQ=="
        },
        {
          "index_key": "cloudflare-ddns-worker",
          "schema_version": 1,
          "attributes": {
            "allow_auto_merge": false,
            "allow_forking": true,
            "allow_merge_commit": false,
            "allow_rebase_merge": false,
            "allow_squash_merge": true,
            "allow_update_branch": true,
            "archive_on_destroy": null,
            "archived": false,
            "auto_init": false,
            "default_branch": "master",
            "delete_branch_on_merge": true,
            "description": "A cloudflare worker that exposes an endpoint to dynamically update dns records",
            "etag": "W/\"3b8cace6dcb19388afc13f575b97f98a5194d3386cbd615f21d731f3f21dae47\"",
            "fork": "false",
            "full_name": "tomdewildt/cloudflare-ddns-worker",
            "git_clone_url": "git://github.com/tomdewildt/cloudflare-ddns-worker.git",
            "gitignore_template": null,
            "has_discussions": false,
            "has_downloads": false,
            "has_issues": true,
            "has_projects": false,
            "has_wiki": false,
            "homepage_url": "",
            "html_url": "https://github.com/tomdewildt/cloudflare-ddns-worker",
            "http_clone_url": "https://github.com/tomdewildt/cloudflare-ddns-worker.git",
            "id": "cloudflare-ddns-worker",
            "ignore_vulnerability_alerts_during_read": false,
            "is_template": false,
            "license_template": null,
            "merge_commit_message": "PR_TITLE",
            "merge_commit_title": "MERGE_MESSAGE",
            "name": "cloudflare-ddns-worker",
            "node_id": "R_kgDOMgK-Pg",
            "pages": [],
            "primary_language": "",
            "private": false,
            "repo_id": 839040574,
            "security_and_analysis": [
              {
                "advanced_security": [],
                "code_security": [],
                "secret_scanning": [
                  {
                    "status": "enabled"
                  }
                ],
                "secret_scanning_ai_detection": [],
                "secret_scanning_non_provider_patterns": [],
                "secret_scanning_push_protection": [
                  {
                    "status": "enabled"
                  }
                ]
              }
            ],
            "source_owner": "",
            "source_repo": "",
            "squash_merge_commit_message": "COMMIT_MESSAGES",
            "squash_merge_commit_title": "COMMIT_OR_PR_TITLE",
            "ssh_clone_url": "git@github.com:tomdewildt/cloudflare-ddns-worker.git",
            "svn_url": "https://github.com/tomdewildt/cloudflare-ddns-worker",
            "template": [],
            "topics": [
              "cloudflare",
              "cloudflare-workers",
              "ddns",
              "dns",
              "node",
              "typescript"
            ],
            "visibility": "public",
            "vulnerability_alerts": false,
            "web_commit_signoff_required": false
          },
          "sensitive_attributes": [],
          "identity_schema_version": 0,
          "private": "eyJzY2hlbWFfdmVyc2lvbiI6IjEifQ=="
        },
        {
          "index_key": "config",
          "schema_version": 1,
          "attributes": {
            "allow_auto_merge": false,
            "allow_forking": true,
            "allow_merge_commit": false,
            "allow_rebase_merge": false,
            "allow_squash_merge": true,
            "allow_update_branch": true,
            "archive_on_destroy": null,
            "archived": false,
            "auto_init": false,
            "default_branch": "master",
            "delete_branch_on_merge": true,
            "description": "Shared config files between my workstations",
            "etag": "W/\"bb6fa438aeecad9c9614a79f3b4662b5f893a5b8f280fd65d2230c0974f4ed4c\"",
            "fork": "false",
            "full_name": "tomdewildt/config",
            "git_clone_url": "git://github.com/tomdewildt/config.git",
            "gitignore_template": null,
            "has_discussions": false,
            "has_downloads": false,
            "has_issues": true,
            "has_projects": true,
            "has_wiki": false,
            "homepage_url": "",
            "html_url": "https://github.com/tomdewildt/config",
            "http_clone_url": "https://github.com/tomdewildt/config.git",
            "id": "config",
            "ignore_vulnerability_alerts_during_read": false,
            "is_template": false,
            "license_template": null,
            "merge_commit_message": "PR_TITLE",
            "merge_commit_title": "MERGE_MESSAGE",
            "name": "config",
            "node_id": "MDEwOlJlcG9zaXRvcnkyNDkyODMyNjU=",
            "pages": [],
            "primary_language": "Shell",
            "private": false,
            "repo_id": 249283265,
            "security_and_analysis": [
              {
                "advanced_security": [],
                "code_security": [],
                "secret_scanning": [
                  {
                    "status": "disabled"
                  }
                ],
                "secret_scanning_ai_detection": [],
                "secret_scanning_non_provider_patterns": [],
                "secret_scanning_push_protection": [
                  {
                    "status": "disabled"
                  }
                ]
              }
            ],
            "source_owner": "",
            "source_repo": "",
            "squash_merge_commit_message": "COMMIT_MESSAGES",
            "squash_merge_commit_title": "COMMIT_OR_PR_TITLE",
            "ssh_clone_url": "git@github.com:tomdewildt/config.git",
            "svn_url": "https://github.com/tomdewildt/config",
            "template": [],
            "topics": [
              "code",
              "compton",
              "config",
              "i3",
              "i3xrocks",
              "regolith",
              "xresources"
            ],
            "visibility": "public",
            "vulnerability_alerts": false,
            "web_commit_signoff_required": false
          },
          "sensitive_attributes": [],
          "identity_schema_version": 0,
          "private": "eyJzY2hlbWFfdmVyc2lvbiI6IjEifQ=="
        },
        {
          "index_key": "corinapatings.nl",
          "schema_version": 1,
          "attributes": {
            "allow_auto_merge": false,
            "allow_forking": true,
            "allow_merge_commit": false,
            "allow_rebase_merge": false,
            "allow_squash_merge": true,
            "allow_update_branch": true,
            "archive_on_destroy": null,
            "archived": false,
            "auto_init": false,
            "default_branch": "master",
            "delete_branch_on_merge": true,
            "description": "Website for corinapatings.nl",
            "etag": "W/\"290a6eb127048fdc35824197af98307da7e2e40b7dab2635352a9c2daee09a2b\"",
            "fork": "false",
            "full_name": "tomdewildt/corinapatings.nl",
            "git_clone_url": "git://github.com/tomdewildt/corinapatings.nl.git",
            "gitignore_template": null,
            "has_discussions": false,
            "has_downloads": false,
            "has_issues": true,
            "has_projects": true,
            "has_wiki": false,
            "homepage_url": "https://corinapatings.nl",
            "html_url": "https://github.com/tomdewildt/corinapatings.nl",
            "http_clone_url": "https://github.com/tomdewildt/corinapatings.nl.git",
            "id": "corinapatings.nl",
            "ignore_vulnerability_alerts_during_read": false,
            "is_template": false,
            "license_template": null,
            "merge_commit_message": "PR_TITLE",
            "merge_commit_title": "MERGE_MESSAGE",
            "name": "corinapatings.nl",
            "node_id": "MDEwOlJlcG9zaXRvcnkyMDM1NzU1MTA=",
            "pages": [],
            "primary_language": "JavaScript",
            "private": false,
            "repo_id": 203575510,
            "security_and_analysis": [
              {
                "advanced_security": [],
                "code_security": [],
                "secret_scanning": [
                  {
                    "status": "disabled"
                  }
                ],
                "secret_scanning_ai_detection": [],
                "secret_scanning_non_provider_patterns": [],
                "secret_scanning_push_protection": [
                  {
                    "status": "disabled"
                  }
                ]
              }
            ],
            "source_owner": "",
            "source_repo": "",
            "squash_merge_commit_message": "COMMIT_MESSAGES",
            "squash_merge_commit_title": "COMMIT_OR_PR_TITLE",
            "ssh_clone_url": "git@github.com:tomdewildt/corinapatings.nl.git",
            "svn_url": "https://github.com/tomdewildt/corinapatings.nl",
            "template": [],
            "topics": [
              "gatsby",
              "javascript",
              "netlify",
              "netlify-cms",
              "react",
              "styled-components"
            ],
            "visibility": "public",
            "vulnerability_alerts": false,
            "web_commit_signoff_required": false
          },
          "sensitive_attributes": [],
          "identity_schema_version": 0,
          "private": "eyJzY2hlbWFfdmVyc2lvbiI6IjEifQ=="
        },
        {
          "index_key": "covid-19-data-visualizer",
          "schema_version": 1,
          "attributes": {
            "allow_auto_merge": false,
            "allow_forking": true,
            "allow_merge_commit": false,
            "allow_rebase_merge": false,
            "allow_squash_merge": true,
            "allow_update_branch": true,
            "archive_on_destroy": null,
            "archived": false,
            "auto_init": false,
            "default_branch": "master",
            "delete_branch_on_merge": true,
            "description": "Website for visualizing temporal COVID-19 outbreak data in The Netherlands on a map",
            "etag": "W/\"b43777ff921c1e101f0413f201c18086d3c1480e23d80b62e00c534086ca42c2\"",
            "fork": "false",
            "full_name": "tomdewildt/covid-19-data-visualizer",
            "git_clone_url": "git://github.com/tomdewildt/covid-19-data-visualizer.git",
            "gitignore_template": null,
            "has_discussions": false,
            "has_downloads": false,
            "has_issues": true,
            "has_projects": false,
            "has_wiki": false,
            "homepage_url": "https://covid-19-data-visualizer.tk",
            "html_url": "https://github.com/tomdewildt/covid-19-data-visualizer",
            "http_clone_url": "https://github.com/tomdewildt/covid-19-data-visualizer.git",
            "id": "covid-19-data-visualizer",
            "ignore_vulnerability_alerts_during_read": false,
            "is_template": false,
            "license_template": null,
            "merge_commit_message": "PR_TITLE",
            "merge_commit_title": "MERGE_MESSAGE",
            "name": "covid-19-data-visualizer",
            "node_id": "MDEwOlJlcG9zaXRvcnkzMDM1MjY1Mjc=",
            "pages": [],
            "primary_language": "JavaScript",
            "private": false,
            "repo_id": 303526527,
            "security_and_analysis": [
              {
                "advanced_security": [],
                "code_security": [],
                "secret_scanning": [
                  {
                    "status": "disabled"
                  }
                ],
                "secret_scanning_ai_detection": [],
                "secret_scanning_non_provider_patterns": [],
                "secret_scanning_push_protection": [
                  {
                    "status": "disabled"
                  }
                ]
              }
            ],
            "source_owner": "",
            "source_repo": "",
            "squash_merge_commit_message": "COMMIT_MESSAGES",
            "squash_merge_commit_title": "COMMIT_OR_PR_TITLE",
            "ssh_clone_url": "git@github.com:tomdewildt/covid-19-data-visualizer.git",
            "svn_url": "https://github.com/tomdewildt/covid-19-data-visualizer",
            "template": [
              {
                "include_all_branches": false,
                "owner": "tomdewildt",
                "repository": "react-app-template"
              }
            ],
            "topics": [
              "actions",
              "deck-gl",
              "javascript",
              "react",
              "redux",
              "redux-saga",
              "styled-components"
            ],
            "visibility": "public",
            "vulnerability_alerts": false,
            "web_commit_signoff_required": false
          },
          "sensitive_attributes": [],
          "identity_schema_version": 0,
          "private": "eyJzY2hlbWFfdmVyc2lvbiI6IjEifQ=="
        },
        {
          "index_key": "email-signature",
          "schema_version": 1,
          "attributes": {
            "allow_auto_merge": false,
            "allow_forking": true,
            "allow_merge_commit": false,
            "allow_rebase_merge": false,
            "allow_squash_merge": true,
            "allow_update_branch": true,
            "archive_on_destroy": null,
            "archived": false,
            "auto_init": false,
            "default_branch": "master",
            "delete_branch_on_merge": true,
            "description": "Custom signatures for my emails",
            "etag": "W/\"0aa2a83b8c05d9501d646971f530ccc7a44b22891e12e7b0f41d602e7d63bf33\"",
            "fork": "false",
            "full_name": "tomdewildt/email-signature",
            "git_clone_url": "git://github.com/tomdewildt/email-signature.git",
            "gitignore_template": null,
            "has_discussions": false,
            "has_downloads": false,
            "has_issues": true,
            "has_projects": false,
            "has_wiki": false,
            "homepage_url": "",
            "html_url": "https://github.com/tomdewildt/email-signature",
            "http_clone_url": "https://github.com/tomdewildt/email-signature.git",
            "id": "email-signature",
            "ignore_vulnerability_alerts_during_read": false,
            "is_template": false,
            "license_template": null,
            "merge_commit_message": "PR_TITLE",
            "merge_commit_title": "MERGE_MESSAGE",
            "name": "email-signature",
            "node_id": "R_kgDOHh1APg",
            "pages": [],
            "primary_language": "HTML",
            "private": false,
            "repo_id": 505233470,
            "security_and_analysis": [
              {
                "advanced_security": [],
                "code_security": [],
                "secret_scanning": [
                  {
                    "status": "disabled"
                  }
                ],
                "secret_scanning_ai_detection": [],
                "secret_scanning_non_provider_patterns": [],
                "secret_scanning_push_protection": [
                  {
                    "status": "disabled"
                  }
                ]
              }
            ],
            "source_owner": "",
            "source_repo": "",
            "squash_merge_commit_message": "COMMIT_MESSAGES",
            "squash_merge_commit_title": "COMMIT_OR_PR_TITLE",
            "ssh_clone_url": "git@github.com:tomdewildt/email-signature.git",
            "svn_url": "https://github.com/tomdewildt/email-signature",
            "template": [],
            "topics": [
              "css",
              "email",
              "html",
              "javascript",
              "live-server"
            ],
            "visibility": "public",
            "vulnerability_alerts": false,
            "web_commit_signoff_required": false
          },
          "sensitive_attributes": [],
          "identity_schema_version": 0,
          "private": "eyJzY2hlbWFfdmVyc2lvbiI6IjEifQ=="
        },
        {
          "index_key": "gatsby-site-template",
          "schema_version": 1,
          "attributes": {
            "allow_auto_merge": false,
            "allow_forking": true,
            "allow_merge_commit": false,
            "allow_rebase_merge": false,
            "allow_squash_merge": true,
            "allow_update_branch": true,
            "archive_on_destroy": null,
            "archived": false,
            "auto_init": false,
            "default_branch": "master",
            "delete_branch_on_merge": true,
            "description": "Simple starter template for building Gatsby sites with Markdown and Styled Components",
            "etag": "W/\"b4eaef6cbe482b9c8b6295c7e97030508c8e9d74bd60e7bda4bac04946517498\"",
            "fork": "false",
            "full_name": "tomdewildt/gatsby-site-template",
            "git_clone_url": "git://github.com/tomdewildt/gatsby-site-template.git",
            "gitignore_template": null,
            "has_discussions": false,
            "has_downloads": false,
            "has_issues": true,
            "has_projects": false,
            "has_wiki": false,
            "homepage_url": "",
            "html_url": "https://github.com/tomdewildt/gatsby-site-template",
            "http_clone_url": "https://github.com/tomdewildt/gatsby-site-template.git",
            "id": "gatsby-site-template",
            "ignore_vulnerability_alerts_during_read": false,
            "is_template": false,
            "license_template": null,
            "merge_commit_message": "PR_TITLE",
            "merge_commit_title": "MERGE_MESSAGE",
            "name": "gatsby-site-template",
            "node_id": "MDEwOlJlcG9zaXRvcnkzMDY2Mzk0Mzc=",
            "pages": [],
            "primary_language": "JavaScript",
            "private": false,
            "repo_id": 306639437,
            "security_and_analysis": [
              {
                "advanced_security": [],
                "code_security": [],
                "secret_scanning": [
                  {
                    "status": "disabled"
                  }
                ],
                "secret_scanning_ai_detection": [],
                "secret_scanning_non_provider_patterns": [],
                "secret_scanning_push_protection": [
                  {
                    "status": "disabled"
                  }
                ]
              }
            ],
            "source_owner": "",
            "source_repo": "",
            "squash_merge_commit_message": "COMMIT_MESSAGES",
            "squash_merge_commit_title": "COMMIT_OR_PR_TITLE",
            "ssh_clone_url": "git@github.com:tomdewildt/gatsby-site-template.git",
            "svn_url": "https://github.com/tomdewildt/gatsby-site-template",
            "template": [],
            "topics": [
              "actions",
              "gatsby",
              "javascript",
              "markdown",
              "react",
              "styled-components"
            ],
            "visibility": "public",
            "vulnerability_alerts": false,
            "web_commit_signoff_required": false
          },
          "sensitive_attributes": [],
          "identity_schema_version": 0,
          "private": "eyJzY2hlbWFfdmVyc2lvbiI6IjEifQ=="
        },
        {
          "index_key": "github-actions-experiment",
          "schema_version": 1,
          "attributes": {
            "allow_auto_merge": false,
            "allow_forking": true,
            "allow_merge_commit": false,
            "allow_rebase_merge": false,
            "allow_squash_merge": true,
            "allow_update_branch": true,
            "archive_on_destroy": null,
            "archived": false,
            "auto_init": false,
            "default_branch": "master",
            "delete_branch_on_merge": true,
            "description": "Experiments with GitHub Actions workflows",
            "etag": "W/\"b7ffff6d9f577df5566c433fa0ae580058286de825432320617eda63222fc089\"",
            "fork": "false",
            "full_name": "tomdewildt/github-actions-experiment",
            "git_clone_url": "git://github.com/tomdewildt/github-actions-experiment.git",
            "gitignore_template": null,
            "has_discussions": false,
            "has_downloads": false,
            "has_issues": true,
            "has_projects": false,
            "has_wiki": false,
            "homepage_url": "",
            "html_url": "https://github.com/tomdewildt/github-actions-experiment",
            "http_clone_url": "https://github.com/tomdewildt/github-actions-experiment.git",
            "id": "github-actions-experiment",
            "ignore_vulnerability_alerts_during_read": false,
            "is_template": false,
            "license_template": null,
            "merge_commit_message": "PR_TITLE",
            "merge_commit_title": "MERGE_MESSAGE",
            "name": "github-actions-experiment",
            "node_id": "R_kgDOQtcPgQ",
            "pages": [],
            "primary_language": "",
            "private": false,
            "repo_id": 1121390465,
            "security_and_analysis": [
              {
                "advanced_security": [],
                "code_security": [],
                "secret_scanning": [
                  {
                    "status": "enabled"
                  }
                ],
                "secret_scanning_ai_detection": [],
                "secret_scanning_non_provider_patterns": [],
                "secret_scanning_push_protection": [
                  {
                    "status": "enabled"
                  }
                ]
              }
            ],
            "source_owner": "",
            "source_repo": "",
            "squash_merge_commit_message": "COMMIT_MESSAGES",
            "squash_merge_commit_title": "COMMIT_OR_PR_TITLE",
            "ssh_clone_url": "git@github.com:tomdewildt/github-actions-experiment.git",
            "svn_url": "https://github.com/tomdewildt/github-actions-experiment",
            "template": [],
            "topics": [
              "actions",
              "ci-cd",
              "github-actions"
            ],
            "visibility": "public",
            "vulnerability_alerts": false,
            "web_commit_signoff_required": false
          },
          "sensitive_attributes": [],
          "identity_schema_version": 0,
          "private": "eyJzY2hlbWFfdmVyc2lvbiI6IjEifQ=="
        },
        {
          "index_key": "github-settings-as-code",
          "schema_version": 1,
          "attributes": {
            "allow_auto_merge": false,
            "allow_forking": true,
            "allow_merge_commit": false,
            "allow_rebase_merge": false,
            "allow_squash_merge": true,
            "allow_update_branch": true,
            "archive_on_destroy": null,
            "archived": false,
            "auto_init": null,
            "default_branch": "master",
            "delete_branch_on_merge": true,
            "description": "Manage GitHub repository settings, branch protection, and labels across personal repositories using the Terraform GitHub provider",
            "etag": "W/\"65ea9ff043a93e39216f9ebe6d5e289c60f8046574a85609dd408d2fdedbf7f6\"",
            "fork": "false",
            "full_name": "tomdewildt/github-settings-as-code",
            "git_clone_url": "git://github.com/tomdewildt/github-settings-as-code.git",
            "gitignore_template": null,
            "has_discussions": false,
            "has_downloads": false,
            "has_issues": true,
            "has_projects": false,
            "has_wiki": false,
            "homepage_url": "",
            "html_url": "https://github.com/tomdewildt/github-settings-as-code",
            "http_clone_url": "https://github.com/tomdewildt/github-settings-as-code.git",
            "id": "github-settings-as-code",
            "ignore_vulnerability_alerts_during_read": false,
            "is_template": false,
            "license_template": null,
            "merge_commit_message": "PR_TITLE",
            "merge_commit_title": "MERGE_MESSAGE",
            "name": "github-settings-as-code",
            "node_id": "R_kgDOSWk9lQ",
            "pages": [],
            "primary_language": "HCL",
            "private": false,
            "repo_id": 1231633813,
            "security_and_analysis": [
              {
                "advanced_security": [],
                "code_security": [],
                "secret_scanning": [
                  {
                    "status": "enabled"
                  }
                ],
                "secret_scanning_ai_detection": [],
                "secret_scanning_non_provider_patterns": [],
                "secret_scanning_push_protection": [
                  {
                    "status": "enabled"
                  }
                ]
              }
            ],
            "source_owner": "",
            "source_repo": "",
            "squash_merge_commit_message": "COMMIT_MESSAGES",
            "squash_merge_commit_title": "COMMIT_OR_PR_TITLE",
            "ssh_clone_url": "git@github.com:tomdewildt/github-settings-as-code.git",
            "svn_url": "https://github.com/tomdewildt/github-settings-as-code",
            "template": [],
            "topics": [
              "actions",
              "github",
              "github-provider",
              "infrastructure-as-code",
              "terraform"
            ],
            "visibility": "public",
            "vulnerability_alerts": false,
            "web_commit_signoff_required": false
          },
          "sensitive_attributes": [],
          "identity_schema_version": 0,
          "private": "eyJzY2hlbWFfdmVyc2lvbiI6IjEifQ=="
        },
        {
          "index_key": "gnome-gtklock-theme",
          "schema_version": 1,
          "attributes": {
            "allow_auto_merge": false,
            "allow_forking": true,
            "allow_merge_commit": false,
            "allow_rebase_merge": false,
            "allow_squash_merge": true,
            "allow_update_branch": true,
            "archive_on_destroy": null,
            "archived": false,
            "auto_init": false,
            "default_branch": "master",
            "delete_branch_on_merge": true,
            "description": "Simple GTKLock theme inspired by GNOME",
            "etag": "W/\"1775b8a2a37a041c7d2243fb9877228bec19d3a907797bb3c16458ec4523a80f\"",
            "fork": "false",
            "full_name": "tomdewildt/gnome-gtklock-theme",
            "git_clone_url": "git://github.com/tomdewildt/gnome-gtklock-theme.git",
            "gitignore_template": null,
            "has_discussions": false,
            "has_downloads": false,
            "has_issues": true,
            "has_projects": false,
            "has_wiki": false,
            "homepage_url": "",
            "html_url": "https://github.com/tomdewildt/gnome-gtklock-theme",
            "http_clone_url": "https://github.com/tomdewildt/gnome-gtklock-theme.git",
            "id": "gnome-gtklock-theme",
            "ignore_vulnerability_alerts_during_read": false,
            "is_template": false,
            "license_template": null,
            "merge_commit_message": "PR_TITLE",
            "merge_commit_title": "MERGE_MESSAGE",
            "name": "gnome-gtklock-theme",
            "node_id": "R_kgDOQW-wIg",
            "pages": [],
            "primary_language": "CSS",
            "private": false,
            "repo_id": 1097838626,
            "security_and_analysis": [
              {
                "advanced_security": [],
                "code_security": [],
                "secret_scanning": [
                  {
                    "status": "enabled"
                  }
                ],
                "secret_scanning_ai_detection": [],
                "secret_scanning_non_provider_patterns": [],
                "secret_scanning_push_protection": [
                  {
                    "status": "enabled"
                  }
                ]
              }
            ],
            "source_owner": "",
            "source_repo": "",
            "squash_merge_commit_message": "COMMIT_MESSAGES",
            "squash_merge_commit_title": "COMMIT_OR_PR_TITLE",
            "ssh_clone_url": "git@github.com:tomdewildt/gnome-gtklock-theme.git",
            "svn_url": "https://github.com/tomdewildt/gnome-gtklock-theme",
            "template": [],
            "topics": [
              "actions",
              "gtklock",
              "gtklock-theme",
              "linux",
              "makefile"
            ],
            "visibility": "public",
            "vulnerability_alerts": false,
            "web_commit_signoff_required": false
          },
          "sensitive_attributes": [],
          "identity_schema_version": 0,
          "private": "eyJzY2hlbWFfdmVyc2lvbiI6IjEifQ=="
        },
        {
          "index_key": "google-foobar",
          "schema_version": 1,
          "attributes": {
            "allow_auto_merge": false,
            "allow_forking": true,
            "allow_merge_commit": false,
            "allow_rebase_merge": false,
            "allow_squash_merge": true,
            "allow_update_branch": true,
            "archive_on_destroy": null,
            "archived": false,
            "auto_init": false,
            "default_branch": "master",
            "delete_branch_on_merge": true,
            "description": "Solutions for the Google Foobar problems implemented in Python",
            "etag": "W/\"b39c4ba688692be1ee2063bab8fc281623f79c7c61839af87e1a525910e0ae02\"",
            "fork": "false",
            "full_name": "tomdewildt/google-foobar",
            "git_clone_url": "git://github.com/tomdewildt/google-foobar.git",
            "gitignore_template": null,
            "has_discussions": false,
            "has_downloads": false,
            "has_issues": true,
            "has_projects": false,
            "has_wiki": false,
            "homepage_url": "",
            "html_url": "https://github.com/tomdewildt/google-foobar",
            "http_clone_url": "https://github.com/tomdewildt/google-foobar.git",
            "id": "google-foobar",
            "ignore_vulnerability_alerts_during_read": false,
            "is_template": false,
            "license_template": null,
            "merge_commit_message": "PR_TITLE",
            "merge_commit_title": "MERGE_MESSAGE",
            "name": "google-foobar",
            "node_id": "R_kgDOIzG6lA",
            "pages": [],
            "primary_language": "Python",
            "private": false,
            "repo_id": 590461588,
            "security_and_analysis": [
              {
                "advanced_security": [],
                "code_security": [],
                "secret_scanning": [
                  {
                    "status": "disabled"
                  }
                ],
                "secret_scanning_ai_detection": [],
                "secret_scanning_non_provider_patterns": [],
                "secret_scanning_push_protection": [
                  {
                    "status": "disabled"
                  }
                ]
              }
            ],
            "source_owner": "",
            "source_repo": "",
            "squash_merge_commit_message": "COMMIT_MESSAGES",
            "squash_merge_commit_title": "COMMIT_OR_PR_TITLE",
            "ssh_clone_url": "git@github.com:tomdewildt/google-foobar.git",
            "svn_url": "https://github.com/tomdewildt/google-foobar",
            "template": [],
            "topics": [
              "foobar",
              "google",
              "numpy",
              "pylint",
              "python"
            ],
            "visibility": "public",
            "vulnerability_alerts": false,
            "web_commit_signoff_required": false
          },
          "sensitive_attributes": [],
          "identity_schema_version": 0,
          "private": "eyJzY2hlbWFfdmVyc2lvbiI6IjEifQ=="
        },
        {
          "index_key": "homelab",
          "schema_version": 1,
          "attributes": {
            "allow_auto_merge": false,
            "allow_forking": true,
            "allow_merge_commit": false,
            "allow_rebase_merge": false,
            "allow_squash_merge": true,
            "allow_update_branch": true,
            "archive_on_destroy": null,
            "archived": false,
            "auto_init": false,
            "default_branch": "master",
            "delete_branch_on_merge": true,
            "description": "Configuration and documentation for my homelab",
            "etag": "W/\"82037b49ca20c663d9dd8549d91d8fbff0230aea3115ad98383e745e5d910e13\"",
            "fork": "false",
            "full_name": "tomdewildt/homelab",
            "git_clone_url": "git://github.com/tomdewildt/homelab.git",
            "gitignore_template": null,
            "has_discussions": false,
            "has_downloads": false,
            "has_issues": true,
            "has_projects": true,
            "has_wiki": false,
            "homepage_url": "",
            "html_url": "https://github.com/tomdewildt/homelab",
            "http_clone_url": "https://github.com/tomdewildt/homelab.git",
            "id": "homelab",
            "ignore_vulnerability_alerts_during_read": false,
            "is_template": false,
            "license_template": null,
            "merge_commit_message": "PR_TITLE",
            "merge_commit_title": "MERGE_MESSAGE",
            "name": "homelab",
            "node_id": "MDEwOlJlcG9zaXRvcnkyNDg5ODUyMjA=",
            "pages": [],
            "primary_language": "Jinja",
            "private": false,
            "repo_id": 248985220,
            "security_and_analysis": [
              {
                "advanced_security": [],
                "code_security": [],
                "secret_scanning": [
                  {
                    "status": "disabled"
                  }
                ],
                "secret_scanning_ai_detection": [],
                "secret_scanning_non_provider_patterns": [],
                "secret_scanning_push_protection": [
                  {
                    "status": "disabled"
                  }
                ]
              }
            ],
            "source_owner": "",
            "source_repo": "",
            "squash_merge_commit_message": "COMMIT_MESSAGES",
            "squash_merge_commit_title": "COMMIT_OR_PR_TITLE",
            "ssh_clone_url": "git@github.com:tomdewildt/homelab.git",
            "svn_url": "https://github.com/tomdewildt/homelab",
            "template": [],
            "topics": [
              "actions",
              "ansible",
              "apc",
              "kubernetes",
              "openvpn",
              "pfsense",
              "powerconnect",
              "poweredge"
            ],
            "visibility": "public",
            "vulnerability_alerts": false,
            "web_commit_signoff_required": false
          },
          "sensitive_attributes": [],
          "identity_schema_version": 0,
          "private": "eyJzY2hlbWFfdmVyc2lvbiI6IjEifQ=="
        },
        {
          "index_key": "kvk-data-service-experiment",
          "schema_version": 1,
          "attributes": {
            "allow_auto_merge": false,
            "allow_forking": true,
            "allow_merge_commit": false,
            "allow_rebase_merge": false,
            "allow_squash_merge": true,
            "allow_update_branch": true,
            "archive_on_destroy": null,
            "archived": false,
            "auto_init": false,
            "default_branch": "master",
            "delete_branch_on_merge": true,
            "description": "Experiment with the KVK Data Service SOAP API",
            "etag": "W/\"c75c2b086555982e7e384caf4a07f7a5a80e96ff686c2f023434d476c6994a64\"",
            "fork": "false",
            "full_name": "tomdewildt/kvk-data-service-experiment",
            "git_clone_url": "git://github.com/tomdewildt/kvk-data-service-experiment.git",
            "gitignore_template": null,
            "has_discussions": false,
            "has_downloads": false,
            "has_issues": true,
            "has_projects": false,
            "has_wiki": false,
            "homepage_url": "",
            "html_url": "https://github.com/tomdewildt/kvk-data-service-experiment",
            "http_clone_url": "https://github.com/tomdewildt/kvk-data-service-experiment.git",
            "id": "kvk-data-service-experiment",
            "ignore_vulnerability_alerts_during_read": false,
            "is_template": false,
            "license_template": null,
            "merge_commit_message": "PR_TITLE",
            "merge_commit_title": "MERGE_MESSAGE",
            "name": "kvk-data-service-experiment",
            "node_id": "R_kgDOR3GTHA",
            "pages": [],
            "primary_language": "Python",
            "private": false,
            "repo_id": 1198625564,
            "security_and_analysis": [
              {
                "advanced_security": [],
                "code_security": [],
                "secret_scanning": [
                  {
                    "status": "enabled"
                  }
                ],
                "secret_scanning_ai_detection": [],
                "secret_scanning_non_provider_patterns": [],
                "secret_scanning_push_protection": [
                  {
                    "status": "enabled"
                  }
                ]
              }
            ],
            "source_owner": "",
            "source_repo": "",
            "squash_merge_commit_message": "COMMIT_MESSAGES",
            "squash_merge_commit_title": "COMMIT_OR_PR_TITLE",
            "ssh_clone_url": "git@github.com:tomdewildt/kvk-data-service-experiment.git",
            "svn_url": "https://github.com/tomdewildt/kvk-data-service-experiment",
            "template": [],
            "topics": [
              "actions",
              "httpx",
              "kvk",
              "mtls",
              "python",
              "soap"
            ],
            "visibility": "public",
            "vulnerability_alerts": false,
            "web_commit_signoff_required": false
          },
          "sensitive_attributes": [],
          "identity_schema_version": 0,
          "private": "eyJzY2hlbWFfdmVyc2lvbiI6IjEifQ=="
        },
        {
          "index_key": "latex-journal-template",
          "schema_version": 1,
          "attributes": {
            "allow_auto_merge": false,
            "allow_forking": true,
            "allow_merge_commit": false,
            "allow_rebase_merge": false,
            "allow_squash_merge": true,
            "allow_update_branch": true,
            "archive_on_destroy": null,
            "archived": false,
            "auto_init": false,
            "default_branch": "master",
            "delete_branch_on_merge": true,
            "description": "Simple starter template for writing journals with LaTeX",
            "etag": "W/\"10d5ae12b4a7ddcc98817290fe2688a1c8b120780b872ed5e78456ab16c69c9d\"",
            "fork": "false",
            "full_name": "tomdewildt/latex-journal-template",
            "git_clone_url": "git://github.com/tomdewildt/latex-journal-template.git",
            "gitignore_template": null,
            "has_discussions": false,
            "has_downloads": false,
            "has_issues": true,
            "has_projects": false,
            "has_wiki": false,
            "homepage_url": "",
            "html_url": "https://github.com/tomdewildt/latex-journal-template",
            "http_clone_url": "https://github.com/tomdewildt/latex-journal-template.git",
            "id": "latex-journal-template",
            "ignore_vulnerability_alerts_during_read": false,
            "is_template": false,
            "license_template": null,
            "merge_commit_message": "PR_TITLE",
            "merge_commit_title": "MERGE_MESSAGE",
            "name": "latex-journal-template",
            "node_id": "R_kgDOG1aDqA",
            "pages": [],
            "primary_language": "TeX",
            "private": false,
            "repo_id": 458654632,
            "security_and_analysis": [
              {
                "advanced_security": [],
                "code_security": [],
                "secret_scanning": [
                  {
                    "status": "disabled"
                  }
                ],
                "secret_scanning_ai_detection": [],
                "secret_scanning_non_provider_patterns": [],
                "secret_scanning_push_protection": [
                  {
                    "status": "disabled"
                  }
                ]
              }
            ],
            "source_owner": "",
            "source_repo": "",
            "squash_merge_commit_message": "COMMIT_MESSAGES",
            "squash_merge_commit_title": "COMMIT_OR_PR_TITLE",
            "ssh_clone_url": "git@github.com:tomdewildt/latex-journal-template.git",
            "svn_url": "https://github.com/tomdewildt/latex-journal-template",
            "template": [],
            "topics": [
              "article",
              "code",
              "equations",
              "figures",
              "journal",
              "latex",
              "tables",
              "two-column"
            ],
            "visibility": "public",
            "vulnerability_alerts": false,
            "web_commit_signoff_required": false
          },
          "sensitive_attributes": [],
          "identity_schema_version": 0,
          "private": "eyJzY2hlbWFfdmVyc2lvbiI6IjEifQ=="
        },
        {
          "index_key": "latex-report-template",
          "schema_version": 1,
          "attributes": {
            "allow_auto_merge": false,
            "allow_forking": true,
            "allow_merge_commit": false,
            "allow_rebase_merge": false,
            "allow_squash_merge": true,
            "allow_update_branch": true,
            "archive_on_destroy": null,
            "archived": false,
            "auto_init": false,
            "default_branch": "master",
            "delete_branch_on_merge": true,
            "description": "Simple starter template for writing reports with LaTeX",
            "etag": "W/\"4d89b722461cf24fe640fccb059eac78f10580f87a39c77aa2c177fb30a1cb39\"",
            "fork": "false",
            "full_name": "tomdewildt/latex-report-template",
            "git_clone_url": "git://github.com/tomdewildt/latex-report-template.git",
            "gitignore_template": null,
            "has_discussions": false,
            "has_downloads": false,
            "has_issues": true,
            "has_projects": false,
            "has_wiki": false,
            "homepage_url": "",
            "html_url": "https://github.com/tomdewildt/latex-report-template",
            "http_clone_url": "https://github.com/tomdewildt/latex-report-template.git",
            "id": "latex-report-template",
            "ignore_vulnerability_alerts_during_read": false,
            "is_template": false,
            "license_template": null,
            "merge_commit_message": "PR_TITLE",
            "merge_commit_title": "MERGE_MESSAGE",
            "name": "latex-report-template",
            "node_id": "R_kgDOG1aQmg",
            "pages": [],
            "primary_language": "TeX",
            "private": false,
            "repo_id": 458657946,
            "security_and_analysis": [
              {
                "advanced_security": [],
                "code_security": [],
                "secret_scanning": [
                  {
                    "status": "disabled"
                  }
                ],
                "secret_scanning_ai_detection": [],
                "secret_scanning_non_provider_patterns": [],
                "secret_scanning_push_protection": [
                  {
                    "status": "disabled"
                  }
                ]
              }
            ],
            "source_owner": "",
            "source_repo": "",
            "squash_merge_commit_message": "COMMIT_MESSAGES",
            "squash_merge_commit_title": "COMMIT_OR_PR_TITLE",
            "ssh_clone_url": "git@github.com:tomdewildt/latex-report-template.git",
            "svn_url": "https://github.com/tomdewildt/latex-report-template",
            "template": [],
            "topics": [
              "code",
              "equations",
              "figures",
              "latex",
              "one-column",
              "report",
              "tables"
            ],
            "visibility": "public",
            "vulnerability_alerts": false,
            "web_commit_signoff_required": false
          },
          "sensitive_attributes": [],
          "identity_schema_version": 0,
          "private": "eyJzY2hlbWFfdmVyc2lvbiI6IjEifQ=="
        },
        {
          "index_key": "latex-thesis-template",
          "schema_version": 1,
          "attributes": {
            "allow_auto_merge": false,
            "allow_forking": true,
            "allow_merge_commit": false,
            "allow_rebase_merge": false,
            "allow_squash_merge": true,
            "allow_update_branch": true,
            "archive_on_destroy": null,
            "archived": false,
            "auto_init": false,
            "default_branch": "master",
            "delete_branch_on_merge": true,
            "description": "Simple starter template for writing theses with LaTeX",
            "etag": "W/\"dc4714e2d13c35fa0972c3143275ec27f81c5ce950d9d661c4a9745254ef9374\"",
            "fork": "false",
            "full_name": "tomdewildt/latex-thesis-template",
            "git_clone_url": "git://github.com/tomdewildt/latex-thesis-template.git",
            "gitignore_template": null,
            "has_discussions": false,
            "has_downloads": false,
            "has_issues": true,
            "has_projects": false,
            "has_wiki": false,
            "homepage_url": "",
            "html_url": "https://github.com/tomdewildt/latex-thesis-template",
            "http_clone_url": "https://github.com/tomdewildt/latex-thesis-template.git",
            "id": "latex-thesis-template",
            "ignore_vulnerability_alerts_during_read": false,
            "is_template": false,
            "license_template": null,
            "merge_commit_message": "PR_TITLE",
            "merge_commit_title": "MERGE_MESSAGE",
            "name": "latex-thesis-template",
            "node_id": "R_kgDOJuVZ2w",
            "pages": [],
            "primary_language": "TeX",
            "private": false,
            "repo_id": 652564955,
            "security_and_analysis": [
              {
                "advanced_security": [],
                "code_security": [],
                "secret_scanning": [
                  {
                    "status": "disabled"
                  }
                ],
                "secret_scanning_ai_detection": [],
                "secret_scanning_non_provider_patterns": [],
                "secret_scanning_push_protection": [
                  {
                    "status": "disabled"
                  }
                ]
              }
            ],
            "source_owner": "",
            "source_repo": "",
            "squash_merge_commit_message": "COMMIT_MESSAGES",
            "squash_merge_commit_title": "COMMIT_OR_PR_TITLE",
            "ssh_clone_url": "git@github.com:tomdewildt/latex-thesis-template.git",
            "svn_url": "https://github.com/tomdewildt/latex-thesis-template",
            "template": [],
            "topics": [
              "actions",
              "code",
              "equations",
              "figures",
              "latex",
              "tables",
              "thesis"
            ],
            "visibility": "public",
            "vulnerability_alerts": false,
            "web_commit_signoff_required": false
          },
          "sensitive_attributes": [],
          "identity_schema_version": 0,
          "private": "eyJzY2hlbWFfdmVyc2lvbiI6IjEifQ=="
        },
        {
          "index_key": "minimal-grub-theme",
          "schema_version": 1,
          "attributes": {
            "allow_auto_merge": false,
            "allow_forking": true,
            "allow_merge_commit": false,
            "allow_rebase_merge": false,
            "allow_squash_merge": true,
            "allow_update_branch": true,
            "archive_on_destroy": null,
            "archived": false,
            "auto_init": false,
            "default_branch": "master",
            "delete_branch_on_merge": true,
            "description": "Minimalistic GRUB theme insipired by primitivistical and vimix",
            "etag": "W/\"fae1906f6dafe2ad0c6c077fad2c85377f16e5f2425c9ac6bb9aad126dd75d3a\"",
            "fork": "false",
            "full_name": "tomdewildt/minimal-grub-theme",
            "git_clone_url": "git://github.com/tomdewildt/minimal-grub-theme.git",
            "gitignore_template": null,
            "has_discussions": false,
            "has_downloads": false,
            "has_issues": true,
            "has_projects": false,
            "has_wiki": false,
            "homepage_url": "",
            "html_url": "https://github.com/tomdewildt/minimal-grub-theme",
            "http_clone_url": "https://github.com/tomdewildt/minimal-grub-theme.git",
            "id": "minimal-grub-theme",
            "ignore_vulnerability_alerts_during_read": false,
            "is_template": false,
            "license_template": null,
            "merge_commit_message": "PR_TITLE",
            "merge_commit_title": "MERGE_MESSAGE",
            "name": "minimal-grub-theme",
            "node_id": "MDEwOlJlcG9zaXRvcnkzMjUyNzg3MzU=",
            "pages": [],
            "primary_language": "Makefile",
            "private": false,
            "repo_id": 325278735,
            "security_and_analysis": [
              {
                "advanced_security": [],
                "code_security": [],
                "secret_scanning": [
                  {
                    "status": "disabled"
                  }
                ],
                "secret_scanning_ai_detection": [],
                "secret_scanning_non_provider_patterns": [],
                "secret_scanning_push_protection": [
                  {
                    "status": "disabled"
                  }
                ]
              }
            ],
            "source_owner": "",
            "source_repo": "",
            "squash_merge_commit_message": "COMMIT_MESSAGES",
            "squash_merge_commit_title": "COMMIT_OR_PR_TITLE",
            "ssh_clone_url": "git@github.com:tomdewildt/minimal-grub-theme.git",
            "svn_url": "https://github.com/tomdewildt/minimal-grub-theme",
            "template": [],
            "topics": [
              "actions",
              "grub",
              "grub-theme",
              "linux",
              "makefile"
            ],
            "visibility": "public",
            "vulnerability_alerts": false,
            "web_commit_signoff_required": false
          },
          "sensitive_attributes": [],
          "identity_schema_version": 0,
          "private": "eyJzY2hlbWFfdmVyc2lvbiI6IjEifQ=="
        },
        {
          "index_key": "minimal-plymouth-theme",
          "schema_version": 1,
          "attributes": {
            "allow_auto_merge": false,
            "allow_forking": true,
            "allow_merge_commit": false,
            "allow_rebase_merge": false,
            "allow_squash_merge": true,
            "allow_update_branch": true,
            "archive_on_destroy": null,
            "archived": false,
            "auto_init": false,
            "default_branch": "master",
            "delete_branch_on_merge": true,
            "description": "Minimalistic plymouth theme insipired by primitivistical and vimix",
            "etag": "W/\"02bb944e4ec09a921171901ca25ce4f93ad4a1e6cb6b697ae44f0488ca7b54e2\"",
            "fork": "false",
            "full_name": "tomdewildt/minimal-plymouth-theme",
            "git_clone_url": "git://github.com/tomdewildt/minimal-plymouth-theme.git",
            "gitignore_template": null,
            "has_discussions": false,
            "has_downloads": false,
            "has_issues": true,
            "has_projects": false,
            "has_wiki": false,
            "homepage_url": "",
            "html_url": "https://github.com/tomdewildt/minimal-plymouth-theme",
            "http_clone_url": "https://github.com/tomdewildt/minimal-plymouth-theme.git",
            "id": "minimal-plymouth-theme",
            "ignore_vulnerability_alerts_during_read": false,
            "is_template": false,
            "license_template": null,
            "merge_commit_message": "PR_TITLE",
            "merge_commit_title": "MERGE_MESSAGE",
            "name": "minimal-plymouth-theme",
            "node_id": "R_kgDOQW-vqw",
            "pages": [],
            "primary_language": "Makefile",
            "private": false,
            "repo_id": 1097838507,
            "security_and_analysis": [
              {
                "advanced_security": [],
                "code_security": [],
                "secret_scanning": [
                  {
                    "status": "enabled"
                  }
                ],
                "secret_scanning_ai_detection": [],
                "secret_scanning_non_provider_patterns": [],
                "secret_scanning_push_protection": [
                  {
                    "status": "enabled"
                  }
                ]
              }
            ],
            "source_owner": "",
            "source_repo": "",
            "squash_merge_commit_message": "COMMIT_MESSAGES",
            "squash_merge_commit_title": "COMMIT_OR_PR_TITLE",
            "ssh_clone_url": "git@github.com:tomdewildt/minimal-plymouth-theme.git",
            "svn_url": "https://github.com/tomdewildt/minimal-plymouth-theme",
            "template": [],
            "topics": [
              "actions",
              "linux",
              "makefile",
              "plymouth",
              "plymouth-theme"
            ],
            "visibility": "public",
            "vulnerability_alerts": false,
            "web_commit_signoff_required": false
          },
          "sensitive_attributes": [],
          "identity_schema_version": 0,
          "private": "eyJzY2hlbWFfdmVyc2lvbiI6IjEifQ=="
        },
        {
          "index_key": "parcel-site-template",
          "schema_version": 1,
          "attributes": {
            "allow_auto_merge": false,
            "allow_forking": true,
            "allow_merge_commit": false,
            "allow_rebase_merge": false,
            "allow_squash_merge": true,
            "allow_update_branch": true,
            "archive_on_destroy": null,
            "archived": false,
            "auto_init": false,
            "default_branch": "master",
            "delete_branch_on_merge": true,
            "description": "Simple starter template for building Parcel sites with Sass and Javascript",
            "etag": "W/\"121dbf2a2ac7c76e9aa77d0f650621be5a09be0a35e75ff72c821d37396b90a0\"",
            "fork": "false",
            "full_name": "tomdewildt/parcel-site-template",
            "git_clone_url": "git://github.com/tomdewildt/parcel-site-template.git",
            "gitignore_template": null,
            "has_discussions": false,
            "has_downloads": false,
            "has_issues": true,
            "has_projects": false,
            "has_wiki": false,
            "homepage_url": "",
            "html_url": "https://github.com/tomdewildt/parcel-site-template",
            "http_clone_url": "https://github.com/tomdewildt/parcel-site-template.git",
            "id": "parcel-site-template",
            "ignore_vulnerability_alerts_during_read": false,
            "is_template": false,
            "license_template": null,
            "merge_commit_message": "PR_TITLE",
            "merge_commit_title": "MERGE_MESSAGE",
            "name": "parcel-site-template",
            "node_id": "R_kgDOGsc8GQ",
            "pages": [],
            "primary_language": "HTML",
            "private": false,
            "repo_id": 449264665,
            "security_and_analysis": [
              {
                "advanced_security": [],
                "code_security": [],
                "secret_scanning": [
                  {
                    "status": "disabled"
                  }
                ],
                "secret_scanning_ai_detection": [],
                "secret_scanning_non_provider_patterns": [],
                "secret_scanning_push_protection": [
                  {
                    "status": "disabled"
                  }
                ]
              }
            ],
            "source_owner": "",
            "source_repo": "",
            "squash_merge_commit_message": "COMMIT_MESSAGES",
            "squash_merge_commit_title": "COMMIT_OR_PR_TITLE",
            "ssh_clone_url": "git@github.com:tomdewildt/parcel-site-template.git",
            "svn_url": "https://github.com/tomdewildt/parcel-site-template",
            "template": [],
            "topics": [
              "actions",
              "html",
              "javascript",
              "parcel",
              "sass"
            ],
            "visibility": "public",
            "vulnerability_alerts": false,
            "web_commit_signoff_required": false
          },
          "sensitive_attributes": [],
          "identity_schema_version": 0,
          "private": "eyJzY2hlbWFfdmVyc2lvbiI6IjEifQ=="
        },
        {
          "index_key": "playlist-exporter",
          "schema_version": 1,
          "attributes": {
            "allow_auto_merge": false,
            "allow_forking": true,
            "allow_merge_commit": false,
            "allow_rebase_merge": false,
            "allow_squash_merge": true,
            "allow_update_branch": true,
            "archive_on_destroy": null,
            "archived": false,
            "auto_init": false,
            "default_branch": "master",
            "delete_branch_on_merge": true,
            "description": "A simple tool to move files referenced in *.m3u8 playlists into a directory local to those playlists",
            "etag": "W/\"0251bf1dc5cd30bd18e0b7139678edc6d1e21005748b27a9cb671fd231f4999b\"",
            "fork": "false",
            "full_name": "tomdewildt/playlist-exporter",
            "git_clone_url": "git://github.com/tomdewildt/playlist-exporter.git",
            "gitignore_template": null,
            "has_discussions": false,
            "has_downloads": false,
            "has_issues": true,
            "has_projects": false,
            "has_wiki": false,
            "homepage_url": "",
            "html_url": "https://github.com/tomdewildt/playlist-exporter",
            "http_clone_url": "https://github.com/tomdewildt/playlist-exporter.git",
            "id": "playlist-exporter",
            "ignore_vulnerability_alerts_during_read": false,
            "is_template": false,
            "license_template": null,
            "merge_commit_message": "PR_TITLE",
            "merge_commit_title": "MERGE_MESSAGE",
            "name": "playlist-exporter",
            "node_id": "R_kgDOMNNz3g",
            "pages": [],
            "primary_language": "Go",
            "private": false,
            "repo_id": 819164126,
            "security_and_analysis": [
              {
                "advanced_security": [],
                "code_security": [],
                "secret_scanning": [
                  {
                    "status": "enabled"
                  }
                ],
                "secret_scanning_ai_detection": [],
                "secret_scanning_non_provider_patterns": [],
                "secret_scanning_push_protection": [
                  {
                    "status": "enabled"
                  }
                ]
              }
            ],
            "source_owner": "",
            "source_repo": "",
            "squash_merge_commit_message": "COMMIT_MESSAGES",
            "squash_merge_commit_title": "COMMIT_OR_PR_TITLE",
            "ssh_clone_url": "git@github.com:tomdewildt/playlist-exporter.git",
            "svn_url": "https://github.com/tomdewildt/playlist-exporter",
            "template": [],
            "topics": [
              "flag",
              "fmt",
              "golang",
              "m3u8",
              "os"
            ],
            "visibility": "public",
            "vulnerability_alerts": false,
            "web_commit_signoff_required": false
          },
          "sensitive_attributes": [],
          "identity_schema_version": 0,
          "private": "eyJzY2hlbWFfdmVyc2lvbiI6IjEifQ=="
        },
        {
          "index_key": "raspberry-pi-images",
          "schema_version": 1,
          "attributes": {
            "allow_auto_merge": false,
            "allow_forking": true,
            "allow_merge_commit": false,
            "allow_rebase_merge": false,
            "allow_squash_merge": true,
            "allow_update_branch": true,
            "archive_on_destroy": null,
            "archived": false,
            "auto_init": false,
            "default_branch": "master",
            "delete_branch_on_merge": true,
            "description": "Configuration for creating my Raspberry Pi images using HashiCorp Packer",
            "etag": "W/\"d82065f264c0c06e1f6b52e9a8a38bdd9a7924ca1bdfa63935434083a1922cdb\"",
            "fork": "false",
            "full_name": "tomdewildt/raspberry-pi-images",
            "git_clone_url": "git://github.com/tomdewildt/raspberry-pi-images.git",
            "gitignore_template": null,
            "has_discussions": false,
            "has_downloads": false,
            "has_issues": true,
            "has_projects": false,
            "has_wiki": false,
            "homepage_url": "",
            "html_url": "https://github.com/tomdewildt/raspberry-pi-images",
            "http_clone_url": "https://github.com/tomdewildt/raspberry-pi-images.git",
            "id": "raspberry-pi-images",
            "ignore_vulnerability_alerts_during_read": false,
            "is_template": false,
            "license_template": null,
            "merge_commit_message": "PR_TITLE",
            "merge_commit_title": "MERGE_MESSAGE",
            "name": "raspberry-pi-images",
            "node_id": "R_kgDOIu8iZw",
            "pages": [],
            "primary_language": "HCL",
            "private": false,
            "repo_id": 586097255,
            "security_and_analysis": [
              {
                "advanced_security": [],
                "code_security": [],
                "secret_scanning": [
                  {
                    "status": "disabled"
                  }
                ],
                "secret_scanning_ai_detection": [],
                "secret_scanning_non_provider_patterns": [],
                "secret_scanning_push_protection": [
                  {
                    "status": "disabled"
                  }
                ]
              }
            ],
            "source_owner": "",
            "source_repo": "",
            "squash_merge_commit_message": "COMMIT_MESSAGES",
            "squash_merge_commit_title": "COMMIT_OR_PR_TITLE",
            "ssh_clone_url": "git@github.com:tomdewildt/raspberry-pi-images.git",
            "svn_url": "https://github.com/tomdewildt/raspberry-pi-images",
            "template": [],
            "topics": [
              "actions",
              "arm",
              "hcl",
              "packer",
              "raspberry-pi",
              "shell"
            ],
            "visibility": "public",
            "vulnerability_alerts": false,
            "web_commit_signoff_required": false
          },
          "sensitive_attributes": [],
          "identity_schema_version": 0,
          "private": "eyJzY2hlbWFfdmVyc2lvbiI6IjEifQ=="
        },
        {
          "index_key": "react-app-template",
          "schema_version": 1,
          "attributes": {
            "allow_auto_merge": false,
            "allow_forking": true,
            "allow_merge_commit": false,
            "allow_rebase_merge": false,
            "allow_squash_merge": true,
            "allow_update_branch": true,
            "archive_on_destroy": null,
            "archived": false,
            "auto_init": false,
            "default_branch": "master",
            "delete_branch_on_merge": true,
            "description": "Simple starter template for building React apps with Redux, Redux-Saga and Styled Components",
            "etag": "W/\"8b428898c96e9a93ceada44bc83ef8cb0ffcce147db3f7c296dc25bdb0a0641b\"",
            "fork": "false",
            "full_name": "tomdewildt/react-app-template",
            "git_clone_url": "git://github.com/tomdewildt/react-app-template.git",
            "gitignore_template": null,
            "has_discussions": false,
            "has_downloads": false,
            "has_issues": true,
            "has_projects": false,
            "has_wiki": false,
            "homepage_url": "",
            "html_url": "https://github.com/tomdewildt/react-app-template",
            "http_clone_url": "https://github.com/tomdewildt/react-app-template.git",
            "id": "react-app-template",
            "ignore_vulnerability_alerts_during_read": false,
            "is_template": false,
            "license_template": null,
            "merge_commit_message": "PR_TITLE",
            "merge_commit_title": "MERGE_MESSAGE",
            "name": "react-app-template",
            "node_id": "MDEwOlJlcG9zaXRvcnkzMDM1MjA2NDI=",
            "pages": [],
            "primary_language": "JavaScript",
            "private": false,
            "repo_id": 303520642,
            "security_and_analysis": [
              {
                "advanced_security": [],
                "code_security": [],
                "secret_scanning": [
                  {
                    "status": "disabled"
                  }
                ],
                "secret_scanning_ai_detection": [],
                "secret_scanning_non_provider_patterns": [],
                "secret_scanning_push_protection": [
                  {
                    "status": "disabled"
                  }
                ]
              }
            ],
            "source_owner": "",
            "source_repo": "",
            "squash_merge_commit_message": "COMMIT_MESSAGES",
            "squash_merge_commit_title": "COMMIT_OR_PR_TITLE",
            "ssh_clone_url": "git@github.com:tomdewildt/react-app-template.git",
            "svn_url": "https://github.com/tomdewildt/react-app-template",
            "template": [],
            "topics": [
              "actions",
              "javascript",
              "react",
              "redux",
              "redux-saga",
              "styled-components"
            ],
            "visibility": "public",
            "vulnerability_alerts": false,
            "web_commit_signoff_required": false
          },
          "sensitive_attributes": [],
          "identity_schema_version": 0,
          "private": "eyJzY2hlbWFfdmVyc2lvbiI6IjEifQ=="
        },
        {
          "index_key": "receipt-scanner",
          "schema_version": 1,
          "attributes": {
            "allow_auto_merge": false,
            "allow_forking": true,
            "allow_merge_commit": false,
            "allow_rebase_merge": false,
            "allow_squash_merge": true,
            "allow_update_branch": true,
            "archive_on_destroy": null,
            "archived": false,
            "auto_init": false,
            "default_branch": "master",
            "delete_branch_on_merge": true,
            "description": "Simple API to convert a picture of a receipt to a structured response",
            "etag": "W/\"706b4c87ccfdef2bc82cb0dc1eba7f99bc5512cfb9ab642da2f370933ec5adf4\"",
            "fork": "false",
            "full_name": "tomdewildt/receipt-scanner",
            "git_clone_url": "git://github.com/tomdewildt/receipt-scanner.git",
            "gitignore_template": null,
            "has_discussions": false,
            "has_downloads": false,
            "has_issues": true,
            "has_projects": false,
            "has_wiki": false,
            "homepage_url": "",
            "html_url": "https://github.com/tomdewildt/receipt-scanner",
            "http_clone_url": "https://github.com/tomdewildt/receipt-scanner.git",
            "id": "receipt-scanner",
            "ignore_vulnerability_alerts_during_read": false,
            "is_template": false,
            "license_template": null,
            "merge_commit_message": "PR_TITLE",
            "merge_commit_title": "MERGE_MESSAGE",
            "name": "receipt-scanner",
            "node_id": "R_kgDOHi8bAA",
            "pages": [],
            "primary_language": "Jupyter Notebook",
            "private": false,
            "repo_id": 506403584,
            "security_and_analysis": [
              {
                "advanced_security": [],
                "code_security": [],
                "secret_scanning": [
                  {
                    "status": "disabled"
                  }
                ],
                "secret_scanning_ai_detection": [],
                "secret_scanning_non_provider_patterns": [],
                "secret_scanning_push_protection": [
                  {
                    "status": "disabled"
                  }
                ]
              }
            ],
            "source_owner": "",
            "source_repo": "",
            "squash_merge_commit_message": "COMMIT_MESSAGES",
            "squash_merge_commit_title": "COMMIT_OR_PR_TITLE",
            "ssh_clone_url": "git@github.com:tomdewildt/receipt-scanner.git",
            "svn_url": "https://github.com/tomdewildt/receipt-scanner",
            "template": [],
            "topics": [
              "actions",
              "docker",
              "flask",
              "jupyter",
              "pytesseract",
              "python"
            ],
            "visibility": "public",
            "vulnerability_alerts": false,
            "web_commit_signoff_required": false
          },
          "sensitive_attributes": [],
          "identity_schema_version": 0,
          "private": "eyJzY2hlbWFfdmVyc2lvbiI6IjEifQ=="
        },
        {
          "index_key": "request-info",
          "schema_version": 1,
          "attributes": {
            "allow_auto_merge": false,
            "allow_forking": true,
            "allow_merge_commit": false,
            "allow_rebase_merge": false,
            "allow_squash_merge": true,
            "allow_update_branch": true,
            "archive_on_destroy": null,
            "archived": false,
            "auto_init": null,
            "default_branch": "master",
            "delete_branch_on_merge": true,
            "description": "GitHub Action that comments on issues and pull requests when they use the default title or body, requesting more info",
            "etag": "W/\"7176a3a664ead8889d7e1ca82d277221b8992511da1be541d01879e723bea525\"",
            "fork": "false",
            "full_name": "tomdewildt/request-info",
            "git_clone_url": "git://github.com/tomdewildt/request-info.git",
            "gitignore_template": null,
            "has_discussions": false,
            "has_downloads": false,
            "has_issues": true,
            "has_projects": false,
            "has_wiki": false,
            "homepage_url": "",
            "html_url": "https://github.com/tomdewildt/request-info",
            "http_clone_url": "https://github.com/tomdewildt/request-info.git",
            "id": "request-info",
            "ignore_vulnerability_alerts_during_read": false,
            "is_template": false,
            "license_template": null,
            "merge_commit_message": "PR_TITLE",
            "merge_commit_title": "MERGE_MESSAGE",
            "name": "request-info",
            "node_id": "R_kgDOScL-rQ",
            "pages": [],
            "primary_language": "",
            "private": false,
            "repo_id": 1237515949,
            "security_and_analysis": [
              {
                "advanced_security": [],
                "code_security": [],
                "secret_scanning": [
                  {
                    "status": "enabled"
                  }
                ],
                "secret_scanning_ai_detection": [],
                "secret_scanning_non_provider_patterns": [],
                "secret_scanning_push_protection": [
                  {
                    "status": "enabled"
                  }
                ]
              }
            ],
            "source_owner": "",
            "source_repo": "",
            "squash_merge_commit_message": "COMMIT_MESSAGES",
            "squash_merge_commit_title": "COMMIT_OR_PR_TITLE",
            "ssh_clone_url": "git@github.com:tomdewildt/request-info.git",
            "svn_url": "https://github.com/tomdewildt/request-info",
            "template": [],
            "topics": [
              "actions",
              "github-actions",
              "issues",
              "node",
              "pull-requests",
              "typescript"
            ],
            "visibility": "public",
            "vulnerability_alerts": false,
            "web_commit_signoff_required": false
          },
          "sensitive_attributes": [],
          "identity_schema_version": 0,
          "private": "eyJzY2hlbWFfdmVyc2lvbiI6IjEifQ=="
        },
        {
          "index_key": "rust-basics",
          "schema_version": 1,
          "attributes": {
            "allow_auto_merge": false,
            "allow_forking": true,
            "allow_merge_commit": false,
            "allow_rebase_merge": false,
            "allow_squash_merge": true,
            "allow_update_branch": true,
            "archive_on_destroy": null,
            "archived": false,
            "auto_init": false,
            "default_branch": "master",
            "delete_branch_on_merge": true,
            "description": "Syntax basics for the rust programming language",
            "etag": "W/\"3054a48be5b1574fd9b0f23f59432c27a2ede9d8e0dd57e85b95e45fefdc47da\"",
            "fork": "false",
            "full_name": "tomdewildt/rust-basics",
            "git_clone_url": "git://github.com/tomdewildt/rust-basics.git",
            "gitignore_template": null,
            "has_discussions": false,
            "has_downloads": false,
            "has_issues": true,
            "has_projects": false,
            "has_wiki": false,
            "homepage_url": "",
            "html_url": "https://github.com/tomdewildt/rust-basics",
            "http_clone_url": "https://github.com/tomdewildt/rust-basics.git",
            "id": "rust-basics",
            "ignore_vulnerability_alerts_during_read": false,
            "is_template": false,
            "license_template": null,
            "merge_commit_message": "PR_TITLE",
            "merge_commit_title": "MERGE_MESSAGE",
            "name": "rust-basics",
            "node_id": "MDEwOlJlcG9zaXRvcnkyNDg4NzY5NjA=",
            "pages": [],
            "primary_language": "Rust",
            "private": false,
            "repo_id": 248876960,
            "security_and_analysis": [
              {
                "advanced_security": [],
                "code_security": [],
                "secret_scanning": [
                  {
                    "status": "disabled"
                  }
                ],
                "secret_scanning_ai_detection": [],
                "secret_scanning_non_provider_patterns": [],
                "secret_scanning_push_protection": [
                  {
                    "status": "disabled"
                  }
                ]
              }
            ],
            "source_owner": "",
            "source_repo": "",
            "squash_merge_commit_message": "COMMIT_MESSAGES",
            "squash_merge_commit_title": "COMMIT_OR_PR_TITLE",
            "ssh_clone_url": "git@github.com:tomdewildt/rust-basics.git",
            "svn_url": "https://github.com/tomdewildt/rust-basics",
            "template": [],
            "topics": [
              "actions",
              "rls",
              "rust",
              "syntax",
              "vscode"
            ],
            "visibility": "public",
            "vulnerability_alerts": false,
            "web_commit_signoff_required": false
          },
          "sensitive_attributes": [],
          "identity_schema_version": 0,
          "private": "eyJzY2hlbWFfdmVyc2lvbiI6IjEifQ=="
        },
        {
          "index_key": "ssh-provision",
          "schema_version": 1,
          "attributes": {
            "allow_auto_merge": false,
            "allow_forking": true,
            "allow_merge_commit": false,
            "allow_rebase_merge": false,
            "allow_squash_merge": true,
            "allow_update_branch": true,
            "archive_on_destroy": null,
            "archived": false,
            "auto_init": false,
            "default_branch": "master",
            "delete_branch_on_merge": true,
            "description": "A simple tool to create ssh keys and distribute them to CentOS servers",
            "etag": "W/\"2fe51f11f1dc53abe9d12193b4fc435dcbc350c750619c093e5b7832e3cb5a58\"",
            "fork": "false",
            "full_name": "tomdewildt/ssh-provision",
            "git_clone_url": "git://github.com/tomdewildt/ssh-provision.git",
            "gitignore_template": null,
            "has_discussions": false,
            "has_downloads": false,
            "has_issues": true,
            "has_projects": false,
            "has_wiki": false,
            "homepage_url": "",
            "html_url": "https://github.com/tomdewildt/ssh-provision",
            "http_clone_url": "https://github.com/tomdewildt/ssh-provision.git",
            "id": "ssh-provision",
            "ignore_vulnerability_alerts_during_read": false,
            "is_template": false,
            "license_template": null,
            "merge_commit_message": "PR_TITLE",
            "merge_commit_title": "MERGE_MESSAGE",
            "name": "ssh-provision",
            "node_id": "MDEwOlJlcG9zaXRvcnkyNTM2MzIxOTU=",
            "pages": [],
            "primary_language": "Go",
            "private": false,
            "repo_id": 253632195,
            "security_and_analysis": [
              {
                "advanced_security": [],
                "code_security": [],
                "secret_scanning": [
                  {
                    "status": "disabled"
                  }
                ],
                "secret_scanning_ai_detection": [],
                "secret_scanning_non_provider_patterns": [],
                "secret_scanning_push_protection": [
                  {
                    "status": "disabled"
                  }
                ]
              }
            ],
            "source_owner": "",
            "source_repo": "",
            "squash_merge_commit_message": "COMMIT_MESSAGES",
            "squash_merge_commit_title": "COMMIT_OR_PR_TITLE",
            "ssh_clone_url": "git@github.com:tomdewildt/ssh-provision.git",
            "svn_url": "https://github.com/tomdewildt/ssh-provision",
            "template": [],
            "topics": [
              "actions",
              "centos",
              "golang",
              "ssh",
              "ssh-client",
              "vagrant"
            ],
            "visibility": "public",
            "vulnerability_alerts": false,
            "web_commit_signoff_required": false
          },
          "sensitive_attributes": [],
          "identity_schema_version": 0,
          "private": "eyJzY2hlbWFfdmVyc2lvbiI6IjEifQ=="
        },
        {
          "index_key": "stable-diffusion-experiment",
          "schema_version": 1,
          "attributes": {
            "allow_auto_merge": false,
            "allow_forking": true,
            "allow_merge_commit": false,
            "allow_rebase_merge": false,
            "allow_squash_merge": true,
            "allow_update_branch": true,
            "archive_on_destroy": null,
            "archived": false,
            "auto_init": false,
            "default_branch": "master",
            "delete_branch_on_merge": true,
            "description": "Experiments using the Stable Diffusion model from Stability AI",
            "etag": "W/\"ef6e6e8246721c323fabb8f4091fc07dabea5c764aad5393b3944af140af3a69\"",
            "fork": "false",
            "full_name": "tomdewildt/stable-diffusion-experiment",
            "git_clone_url": "git://github.com/tomdewildt/stable-diffusion-experiment.git",
            "gitignore_template": null,
            "has_discussions": false,
            "has_downloads": false,
            "has_issues": true,
            "has_projects": false,
            "has_wiki": false,
            "homepage_url": "",
            "html_url": "https://github.com/tomdewildt/stable-diffusion-experiment",
            "http_clone_url": "https://github.com/tomdewildt/stable-diffusion-experiment.git",
            "id": "stable-diffusion-experiment",
            "ignore_vulnerability_alerts_during_read": false,
            "is_template": false,
            "license_template": null,
            "merge_commit_message": "PR_TITLE",
            "merge_commit_title": "MERGE_MESSAGE",
            "name": "stable-diffusion-experiment",
            "node_id": "R_kgDOIDcuhA",
            "pages": [],
            "primary_language": "Jupyter Notebook",
            "private": false,
            "repo_id": 540487300,
            "security_and_analysis": [
              {
                "advanced_security": [],
                "code_security": [],
                "secret_scanning": [
                  {
                    "status": "disabled"
                  }
                ],
                "secret_scanning_ai_detection": [],
                "secret_scanning_non_provider_patterns": [],
                "secret_scanning_push_protection": [
                  {
                    "status": "disabled"
                  }
                ]
              }
            ],
            "source_owner": "",
            "source_repo": "",
            "squash_merge_commit_message": "COMMIT_MESSAGES",
            "squash_merge_commit_title": "COMMIT_OR_PR_TITLE",
            "ssh_clone_url": "git@github.com:tomdewildt/stable-diffusion-experiment.git",
            "svn_url": "https://github.com/tomdewildt/stable-diffusion-experiment",
            "template": [],
            "topics": [
              "colab",
              "diffusers",
              "img2img",
              "jupyter",
              "matplotlib",
              "paint2img",
              "python",
              "stable-diffusion",
              "text2img"
            ],
            "visibility": "public",
            "vulnerability_alerts": false,
            "web_commit_signoff_required": false
          },
          "sensitive_attributes": [],
          "identity_schema_version": 0,
          "private": "eyJzY2hlbWFfdmVyc2lvbiI6IjEifQ=="
        },
        {
          "index_key": "tomdewildt",
          "schema_version": 1,
          "attributes": {
            "allow_auto_merge": false,
            "allow_forking": true,
            "allow_merge_commit": false,
            "allow_rebase_merge": false,
            "allow_squash_merge": true,
            "allow_update_branch": true,
            "archive_on_destroy": null,
            "archived": false,
            "auto_init": false,
            "default_branch": "master",
            "delete_branch_on_merge": true,
            "description": "README for my profile",
            "etag": "W/\"9e63e9af2abdfc216a3092716b66bc066eed2cf22d004e38d5b8dc7a578486e0\"",
            "fork": "false",
            "full_name": "tomdewildt/tomdewildt",
            "git_clone_url": "git://github.com/tomdewildt/tomdewildt.git",
            "gitignore_template": null,
            "has_discussions": false,
            "has_downloads": false,
            "has_issues": true,
            "has_projects": false,
            "has_wiki": false,
            "homepage_url": "",
            "html_url": "https://github.com/tomdewildt/tomdewildt",
            "http_clone_url": "https://github.com/tomdewildt/tomdewildt.git",
            "id": "tomdewildt",
            "ignore_vulnerability_alerts_during_read": false,
            "is_template": false,
            "license_template": null,
            "merge_commit_message": "PR_TITLE",
            "merge_commit_title": "MERGE_MESSAGE",
            "name": "tomdewildt",
            "node_id": "R_kgDOHjnbmw",
            "pages": [],
            "primary_language": "",
            "private": false,
            "repo_id": 507108251,
            "security_and_analysis": [
              {
                "advanced_security": [],
                "code_security": [],
                "secret_scanning": [
                  {
                    "status": "disabled"
                  }
                ],
                "secret_scanning_ai_detection": [],
                "secret_scanning_non_provider_patterns": [],
                "secret_scanning_push_protection": [
                  {
                    "status": "disabled"
                  }
                ]
              }
            ],
            "source_owner": "",
            "source_repo": "",
            "squash_merge_commit_message": "COMMIT_MESSAGES",
            "squash_merge_commit_title": "COMMIT_OR_PR_TITLE",
            "ssh_clone_url": "git@github.com:tomdewildt/tomdewildt.git",
            "svn_url": "https://github.com/tomdewildt/tomdewildt",
            "template": [],
            "topics": [
              "github",
              "markdown",
              "stats",
              "technologies",
              "tools"
            ],
            "visibility": "public",
            "vulnerability_alerts": false,
            "web_commit_signoff_required": false
          },
          "sensitive_attributes": [],
          "identity_schema_version": 0,
          "private": "eyJzY2hlbWFfdmVyc2lvbiI6IjEifQ=="
        },
        {
          "index_key": "vlm-ocr-experiment",
          "schema_version": 1,
          "attributes": {
            "allow_auto_merge": false,
            "allow_forking": true,
            "allow_merge_commit": false,
            "allow_rebase_merge": false,
            "allow_squash_merge": true,
            "allow_update_branch": true,
            "archive_on_destroy": null,
            "archived": false,
            "auto_init": false,
            "default_branch": "master",
            "delete_branch_on_merge": true,
            "description": "Experiment with using vision language models to extract structured data from PDFs via Ollama",
            "etag": "W/\"d4afd60232370096bf30ab220022ac205d49196ac8014fce28ab784de459f740\"",
            "fork": "false",
            "full_name": "tomdewildt/vlm-ocr-experiment",
            "git_clone_url": "git://github.com/tomdewildt/vlm-ocr-experiment.git",
            "gitignore_template": null,
            "has_discussions": false,
            "has_downloads": false,
            "has_issues": true,
            "has_projects": false,
            "has_wiki": false,
            "homepage_url": "",
            "html_url": "https://github.com/tomdewildt/vlm-ocr-experiment",
            "http_clone_url": "https://github.com/tomdewildt/vlm-ocr-experiment.git",
            "id": "vlm-ocr-experiment",
            "ignore_vulnerability_alerts_during_read": false,
            "is_template": false,
            "license_template": null,
            "merge_commit_message": "PR_TITLE",
            "merge_commit_title": "MERGE_MESSAGE",
            "name": "vlm-ocr-experiment",
            "node_id": "R_kgDORyamhg",
            "pages": [],
            "primary_language": "",
            "private": false,
            "repo_id": 1193715334,
            "security_and_analysis": [
              {
                "advanced_security": [],
                "code_security": [],
                "secret_scanning": [
                  {
                    "status": "enabled"
                  }
                ],
                "secret_scanning_ai_detection": [],
                "secret_scanning_non_provider_patterns": [],
                "secret_scanning_push_protection": [
                  {
                    "status": "enabled"
                  }
                ]
              }
            ],
            "source_owner": "",
            "source_repo": "",
            "squash_merge_commit_message": "COMMIT_MESSAGES",
            "squash_merge_commit_title": "COMMIT_OR_PR_TITLE",
            "ssh_clone_url": "git@github.com:tomdewildt/vlm-ocr-experiment.git",
            "svn_url": "https://github.com/tomdewildt/vlm-ocr-experiment",
            "template": [],
            "topics": [
              "actions",
              "jinja2",
              "ocr",
              "ollama",
              "pymupdf",
              "python",
              "vlm"
            ],
            "visibility": "public",
            "vulnerability_alerts": false,
            "web_commit_signoff_required": false
          },
          "sensitive_attributes": [],
          "identity_schema_version": 0,
          "private": "eyJzY2hlbWFfdmVyc2lvbiI6IjEifQ=="
        },
        {
          "index_key": "web-diff",
          "schema_version": 1,
          "attributes": {
            "allow_auto_merge": false,
            "allow_forking": true,
            "allow_merge_commit": false,
            "allow_rebase_merge": false,
            "allow_squash_merge": true,
            "allow_update_branch": true,
            "archive_on_destroy": null,
            "archived": false,
            "auto_init": false,
            "default_branch": "master",
            "delete_branch_on_merge": true,
            "description": "A simple tool to compare a website against a snapshot to detect changes",
            "etag": "W/\"b050cce1be12e0083038faefb01175401570d0225da10c2f36a106264ec5c7f7\"",
            "fork": "false",
            "full_name": "tomdewildt/web-diff",
            "git_clone_url": "git://github.com/tomdewildt/web-diff.git",
            "gitignore_template": null,
            "has_discussions": false,
            "has_downloads": false,
            "has_issues": true,
            "has_projects": false,
            "has_wiki": false,
            "homepage_url": "",
            "html_url": "https://github.com/tomdewildt/web-diff",
            "http_clone_url": "https://github.com/tomdewildt/web-diff.git",
            "id": "web-diff",
            "ignore_vulnerability_alerts_during_read": false,
            "is_template": false,
            "license_template": null,
            "merge_commit_message": "PR_TITLE",
            "merge_commit_title": "MERGE_MESSAGE",
            "name": "web-diff",
            "node_id": "R_kgDOMD3CSQ",
            "pages": [],
            "primary_language": "HTML",
            "private": false,
            "repo_id": 809353801,
            "security_and_analysis": [
              {
                "advanced_security": [],
                "code_security": [],
                "secret_scanning": [
                  {
                    "status": "enabled"
                  }
                ],
                "secret_scanning_ai_detection": [],
                "secret_scanning_non_provider_patterns": [],
                "secret_scanning_push_protection": [
                  {
                    "status": "enabled"
                  }
                ]
              }
            ],
            "source_owner": "",
            "source_repo": "",
            "squash_merge_commit_message": "COMMIT_MESSAGES",
            "squash_merge_commit_title": "COMMIT_OR_PR_TITLE",
            "ssh_clone_url": "git@github.com:tomdewildt/web-diff.git",
            "svn_url": "https://github.com/tomdewildt/web-diff",
            "template": [],
            "topics": [
              "bash",
              "curl",
              "diff"
            ],
            "visibility": "public",
            "vulnerability_alerts": false,
            "web_commit_signoff_required": false
          },
          "sensitive_attributes": [],
          "identity_schema_version": 0,
          "private": "eyJzY2hlbWFfdmVyc2lvbiI6IjEifQ=="
        },
        {
          "index_key": "whisper-experiment",
          "schema_version": 1,
          "attributes": {
            "allow_auto_merge": false,
            "allow_forking": true,
            "allow_merge_commit": false,
            "allow_rebase_merge": false,
            "allow_squash_merge": true,
            "allow_update_branch": true,
            "archive_on_destroy": null,
            "archived": false,
            "auto_init": false,
            "default_branch": "master",
            "delete_branch_on_merge": true,
            "description": "Experiments using the Whisper model from Open AI",
            "etag": "W/\"5ac69050f6b28c81af3852618c32042567082d3319ab7a266a1b1485cf8276fd\"",
            "fork": "false",
            "full_name": "tomdewildt/whisper-experiment",
            "git_clone_url": "git://github.com/tomdewildt/whisper-experiment.git",
            "gitignore_template": null,
            "has_discussions": false,
            "has_downloads": false,
            "has_issues": true,
            "has_projects": false,
            "has_wiki": false,
            "homepage_url": "",
            "html_url": "https://github.com/tomdewildt/whisper-experiment",
            "http_clone_url": "https://github.com/tomdewildt/whisper-experiment.git",
            "id": "whisper-experiment",
            "ignore_vulnerability_alerts_during_read": false,
            "is_template": false,
            "license_template": null,
            "merge_commit_message": "PR_TITLE",
            "merge_commit_title": "MERGE_MESSAGE",
            "name": "whisper-experiment",
            "node_id": "R_kgDOIKdbVA",
            "pages": [],
            "primary_language": "Jupyter Notebook",
            "private": false,
            "repo_id": 547838804,
            "security_and_analysis": [
              {
                "advanced_security": [],
                "code_security": [],
                "secret_scanning": [
                  {
                    "status": "disabled"
                  }
                ],
                "secret_scanning_ai_detection": [],
                "secret_scanning_non_provider_patterns": [],
                "secret_scanning_push_protection": [
                  {
                    "status": "disabled"
                  }
                ]
              }
            ],
            "source_owner": "",
            "source_repo": "",
            "squash_merge_commit_message": "COMMIT_MESSAGES",
            "squash_merge_commit_title": "COMMIT_OR_PR_TITLE",
            "ssh_clone_url": "git@github.com:tomdewildt/whisper-experiment.git",
            "svn_url": "https://github.com/tomdewildt/whisper-experiment",
            "template": [],
            "topics": [
              "colab",
              "jupyter",
              "python",
              "transcribe",
              "transformers",
              "translate",
              "whisper"
            ],
            "visibility": "public",
            "vulnerability_alerts": false,
            "web_commit_signoff_required": false
          },
          "sensitive_attributes": [],
          "identity_schema_version": 0,
          "private": "eyJzY2hlbWFfdmVyc2lvbiI6IjEifQ=="
        },
        {
          "index_key": "workstation",
          "schema_version": 1,
          "attributes": {
            "allow_auto_merge": false,
            "allow_forking": true,
            "allow_merge_commit": false,
            "allow_rebase_merge": false,
            "allow_squash_merge": true,
            "allow_update_branch": true,
            "archive_on_destroy": null,
            "archived": false,
            "auto_init": false,
            "default_branch": "master",
            "delete_branch_on_merge": true,
            "description": "Configuration and setup for my development workstation",
            "etag": "W/\"18457449821899779fa5d877ccf6cc5ff7e3a5b3f07e4735f6ea00d465e818b2\"",
            "fork": "false",
            "full_name": "tomdewildt/workstation",
            "git_clone_url": "git://github.com/tomdewildt/workstation.git",
            "gitignore_template": null,
            "has_discussions": false,
            "has_downloads": false,
            "has_issues": true,
            "has_projects": true,
            "has_wiki": false,
            "homepage_url": "",
            "html_url": "https://github.com/tomdewildt/workstation",
            "http_clone_url": "https://github.com/tomdewildt/workstation.git",
            "id": "workstation",
            "ignore_vulnerability_alerts_during_read": false,
            "is_template": false,
            "license_template": null,
            "merge_commit_message": "PR_TITLE",
            "merge_commit_title": "MERGE_MESSAGE",
            "name": "workstation",
            "node_id": "MDEwOlJlcG9zaXRvcnkyNDkxOTkxOTA=",
            "pages": [],
            "primary_language": "Jinja",
            "private": false,
            "repo_id": 249199190,
            "security_and_analysis": [
              {
                "advanced_security": [],
                "code_security": [],
                "secret_scanning": [
                  {
                    "status": "disabled"
                  }
                ],
                "secret_scanning_ai_detection": [],
                "secret_scanning_non_provider_patterns": [],
                "secret_scanning_push_protection": [
                  {
                    "status": "disabled"
                  }
                ]
              }
            ],
            "source_owner": "",
            "source_repo": "",
            "squash_merge_commit_message": "COMMIT_MESSAGES",
            "squash_merge_commit_title": "COMMIT_OR_PR_TITLE",
            "ssh_clone_url": "git@github.com:tomdewildt/workstation.git",
            "svn_url": "https://github.com/tomdewildt/workstation",
            "template": [],
            "topics": [
              "actions",
              "ansible",
              "clojure",
              "csharp",
              "dart",
              "docker",
              "golang",
              "java",
              "javascript",
              "python",
              "r",
              "rust",
              "sql"
            ],
            "visibility": "public",
            "vulnerability_alerts": false,
            "web_commit_signoff_required": false
          },
          "sensitive_attributes": [],
          "identity_schema_version": 0,
          "private": "eyJzY2hlbWFfdmVyc2lvbiI6IjEifQ=="
        }
      ]
    }
  ],
  "check_results": [
    {
      "object_kind": "var",
      "config_addr": "var.github_repositories",
      "status": "pass",
      "objects": [
        {
          "object_addr": "var.github_repositories",
          "status": "pass"
        }
      ]
    }
  ]
}
